{
  "version": 4,
  "terraform_version": "1.3.7",
  "serial": 89,
  "lineage": "9096e702-31cb-2f6b-9508-8f6708a7d67f",
  "outputs": {},
  "resources": [
    {
      "mode": "data",
      "type": "aws_caller_identity",
      "name": "current",
      "provider": "provider[\"registry.terraform.io/hashicorp/aws\"]",
      "instances": [
        {
          "schema_version": 0,
          "attributes": {
            "account_id": "893893329401",
            "arn": "arn:aws:iam::893893329401:user/user-lz-automation",
            "id": "893893329401",
            "user_id": "AIDA5AIBRYH4SRYI7FVMO"
          },
          "sensitive_attributes": []
        }
      ]
    },
    {
      "mode": "data",
      "type": "aws_ssm_parameters_by_path",
      "name": "deploy_core_vars",
      "provider": "provider[\"registry.terraform.io/hashicorp/aws\"].deploy_core",
      "instances": [
        {
          "schema_version": 0,
          "attributes": {
            "arns": [
              "arn:aws:ssm:eu-west-3:893893329401:parameter/lz/tfvars/default_private_hosted_zone",
              "arn:aws:ssm:eu-west-3:893893329401:parameter/lz/tfvars/default_public_hosted_zone",
              "arn:aws:ssm:eu-west-3:893893329401:parameter/lz/tfvars/default_subnet_share_pattern",
              "arn:aws:ssm:eu-west-3:893893329401:parameter/lz/tfvars/dns_forwarding_vpc_id_eu-west-3",
              "arn:aws:ssm:eu-west-3:893893329401:parameter/lz/tfvars/dns_ram_share",
              "arn:aws:ssm:eu-west-3:893893329401:parameter/lz/tfvars/shared_services_prod",
              "arn:aws:ssm:eu-west-3:893893329401:parameter/lz/tfvars/supported_availability_zones",
              "arn:aws:ssm:eu-west-3:893893329401:parameter/lz/tfvars/tgw_id_prod",
              "arn:aws:ssm:eu-west-3:893893329401:parameter/lz/tfvars/tgw_share_name_nonprod",
              "arn:aws:ssm:eu-west-3:893893329401:parameter/lz/tfvars/tgw_share_name_prod",
              "arn:aws:ssm:eu-west-3:893893329401:parameter/lz/tfvars/fw_eps_name",
              "arn:aws:ssm:eu-west-3:893893329401:parameter/lz/tfvars/operating_regions",
              "arn:aws:ssm:eu-west-3:893893329401:parameter/lz/tfvars/shared_services_non_prod",
              "arn:aws:ssm:eu-west-3:893893329401:parameter/lz/tfvars/tgw_id_nonprod"
            ],
            "id": "/lz/tfvars",
            "names": [
              "/lz/tfvars/default_private_hosted_zone",
              "/lz/tfvars/default_public_hosted_zone",
              "/lz/tfvars/default_subnet_share_pattern",
              "/lz/tfvars/dns_forwarding_vpc_id_eu-west-3",
              "/lz/tfvars/dns_ram_share",
              "/lz/tfvars/shared_services_prod",
              "/lz/tfvars/supported_availability_zones",
              "/lz/tfvars/tgw_id_prod",
              "/lz/tfvars/tgw_share_name_nonprod",
              "/lz/tfvars/tgw_share_name_prod",
              "/lz/tfvars/fw_eps_name",
              "/lz/tfvars/operating_regions",
              "/lz/tfvars/shared_services_non_prod",
              "/lz/tfvars/tgw_id_nonprod"
            ],
            "path": "/lz/tfvars",
            "recursive": false,
            "types": [
              "String",
              "String",
              "String",
              "String",
              "String",
              "StringList",
              "StringList",
              "String",
              "String",
              "String",
              "String",
              "StringList",
              "StringList",
              "String"
            ],
            "values": [
              "np-eu-xp.stla-aws.private",
              "np-eu-xp.stla-aws.net",
              "rs-%env_prefix%routed%confidentiality%-0-frontend-%az_count%az%alt_suffix%",
              "vpc-0e5465a883aeb1dcf",
              "rs-forward-DNS",
              " ",
              "euw3-az1,euw3-az2,euw3-az3",
              "tgw-0ca11a260fa2657aa",
              "rs-np-tgw-share",
              "rs-tgw-share",
              "com.amazonaws.vpce.eu-west-3.vpce-svc-0fd0dc847921b4805",
              "eu-west-1,eu-west-3",
              " ",
              "tgw-0ca11a260fa2657aa"
            ],
            "with_decryption": true
          },
          "sensitive_attributes": []
        }
      ]
    },
    {
      "mode": "data",
      "type": "aws_ssm_parameters_by_path",
      "name": "deploy_vars",
      "provider": "provider[\"registry.terraform.io/hashicorp/aws\"].deploy",
      "instances": [
        {
          "schema_version": 0,
          "attributes": {
            "arns": [
              "arn:aws:ssm:eu-west-3:893893329401:parameter/lz/tfvars/default_private_hosted_zone",
              "arn:aws:ssm:eu-west-3:893893329401:parameter/lz/tfvars/default_public_hosted_zone",
              "arn:aws:ssm:eu-west-3:893893329401:parameter/lz/tfvars/default_subnet_share_pattern",
              "arn:aws:ssm:eu-west-3:893893329401:parameter/lz/tfvars/dns_forwarding_vpc_id_eu-west-3",
              "arn:aws:ssm:eu-west-3:893893329401:parameter/lz/tfvars/dns_ram_share",
              "arn:aws:ssm:eu-west-3:893893329401:parameter/lz/tfvars/shared_services_prod",
              "arn:aws:ssm:eu-west-3:893893329401:parameter/lz/tfvars/supported_availability_zones",
              "arn:aws:ssm:eu-west-3:893893329401:parameter/lz/tfvars/tgw_id_prod",
              "arn:aws:ssm:eu-west-3:893893329401:parameter/lz/tfvars/tgw_share_name_nonprod",
              "arn:aws:ssm:eu-west-3:893893329401:parameter/lz/tfvars/tgw_share_name_prod",
              "arn:aws:ssm:eu-west-3:893893329401:parameter/lz/tfvars/fw_eps_name",
              "arn:aws:ssm:eu-west-3:893893329401:parameter/lz/tfvars/operating_regions",
              "arn:aws:ssm:eu-west-3:893893329401:parameter/lz/tfvars/shared_services_non_prod",
              "arn:aws:ssm:eu-west-3:893893329401:parameter/lz/tfvars/tgw_id_nonprod"
            ],
            "id": "/lz/tfvars",
            "names": [
              "/lz/tfvars/default_private_hosted_zone",
              "/lz/tfvars/default_public_hosted_zone",
              "/lz/tfvars/default_subnet_share_pattern",
              "/lz/tfvars/dns_forwarding_vpc_id_eu-west-3",
              "/lz/tfvars/dns_ram_share",
              "/lz/tfvars/shared_services_prod",
              "/lz/tfvars/supported_availability_zones",
              "/lz/tfvars/tgw_id_prod",
              "/lz/tfvars/tgw_share_name_nonprod",
              "/lz/tfvars/tgw_share_name_prod",
              "/lz/tfvars/fw_eps_name",
              "/lz/tfvars/operating_regions",
              "/lz/tfvars/shared_services_non_prod",
              "/lz/tfvars/tgw_id_nonprod"
            ],
            "path": "/lz/tfvars",
            "recursive": false,
            "types": [
              "String",
              "String",
              "String",
              "String",
              "String",
              "StringList",
              "StringList",
              "String",
              "String",
              "String",
              "String",
              "StringList",
              "StringList",
              "String"
            ],
            "values": [
              "np-eu-xp.stla-aws.private",
              "np-eu-xp.stla-aws.net",
              "rs-%env_prefix%routed%confidentiality%-0-frontend-%az_count%az%alt_suffix%",
              "vpc-0e5465a883aeb1dcf",
              "rs-forward-DNS",
              " ",
              "euw3-az1,euw3-az2,euw3-az3",
              "tgw-0ca11a260fa2657aa",
              "rs-np-tgw-share",
              "rs-tgw-share",
              "com.amazonaws.vpce.eu-west-3.vpce-svc-0fd0dc847921b4805",
              "eu-west-1,eu-west-3",
              " ",
              "tgw-0ca11a260fa2657aa"
            ],
            "with_decryption": true
          },
          "sensitive_attributes": []
        }
      ]
    },
    {
      "module": "module.baseline",
      "mode": "data",
      "type": "aws_availability_zones",
      "name": "all",
      "provider": "provider[\"registry.terraform.io/hashicorp/aws\"].app",
      "instances": [
        {
          "schema_version": 0,
          "attributes": {
            "all_availability_zones": null,
            "exclude_names": null,
            "exclude_zone_ids": null,
            "filter": [
              {
                "name": "group-name",
                "values": [
                  "eu-west-3"
                ]
              }
            ],
            "group_names": [
              "eu-west-3"
            ],
            "id": "eu-west-3",
            "names": [
              "eu-west-3a",
              "eu-west-3b",
              "eu-west-3c"
            ],
            "state": "available",
            "timeouts": null,
            "zone_ids": [
              "euw3-az1",
              "euw3-az2",
              "euw3-az3"
            ]
          },
          "sensitive_attributes": []
        }
      ]
    },
    {
      "module": "module.baseline",
      "mode": "data",
      "type": "aws_caller_identity",
      "name": "app",
      "provider": "provider[\"registry.terraform.io/hashicorp/aws\"].app",
      "instances": [
        {
          "schema_version": 0,
          "attributes": {
            "account_id": "893893329401",
            "arn": "arn:aws:sts::893893329401:assumed-role/STLA-Terraform-LZ-Provisioning/aws-go-sdk-1676446690832021900",
            "id": "893893329401",
            "user_id": "AROA5AIBRYH4VCP5ITJRH:aws-go-sdk-1676446690832021900"
          },
          "sensitive_attributes": []
        }
      ]
    },
    {
      "module": "module.baseline",
      "mode": "data",
      "type": "aws_caller_identity",
      "name": "shared",
      "provider": "provider[\"registry.terraform.io/hashicorp/aws\"].shared",
      "instances": [
        {
          "schema_version": 0,
          "attributes": {
            "account_id": "783023575330",
            "arn": "arn:aws:sts::783023575330:assumed-role/STLA-Terraform-LZ-Provisioning/aws-go-sdk-1676446690624090000",
            "id": "783023575330",
            "user_id": "AROA3MT6XSERLYF2CSV6C:aws-go-sdk-1676446690624090000"
          },
          "sensitive_attributes": []
        }
      ]
    },
    {
      "module": "module.baseline",
      "mode": "data",
      "type": "aws_iam_role",
      "name": "vpc_flow_logs",
      "provider": "provider[\"registry.terraform.io/hashicorp/aws\"].app",
      "instances": []
    },
    {
      "module": "module.baseline",
      "mode": "data",
      "type": "aws_region",
      "name": "alt",
      "provider": "provider[\"registry.terraform.io/hashicorp/aws\"].hub_alt",
      "instances": [
        {
          "schema_version": 0,
          "attributes": {
            "description": "Europe (Ireland)",
            "endpoint": "ec2.eu-west-1.amazonaws.com",
            "id": "eu-west-1",
            "name": "eu-west-1"
          },
          "sensitive_attributes": []
        }
      ]
    },
    {
      "module": "module.baseline",
      "mode": "data",
      "type": "aws_region",
      "name": "core",
      "provider": "provider[\"registry.terraform.io/hashicorp/aws\"].deploy_core",
      "instances": [
        {
          "schema_version": 0,
          "attributes": {
            "description": "Europe (Paris)",
            "endpoint": "ec2.eu-west-3.amazonaws.com",
            "id": "eu-west-3",
            "name": "eu-west-3"
          },
          "sensitive_attributes": []
        }
      ]
    },
    {
      "module": "module.baseline",
      "mode": "data",
      "type": "aws_region",
      "name": "current",
      "provider": "provider[\"registry.terraform.io/hashicorp/aws\"].app",
      "instances": [
        {
          "schema_version": 0,
          "attributes": {
            "description": "Europe (Paris)",
            "endpoint": "ec2.eu-west-3.amazonaws.com",
            "id": "eu-west-3",
            "name": "eu-west-3"
          },
          "sensitive_attributes": []
        }
      ]
    },
    {
      "module": "module.baseline",
      "mode": "data",
      "type": "aws_ssm_parameters_by_path",
      "name": "app_vars",
      "provider": "provider[\"registry.terraform.io/hashicorp/aws\"].app",
      "instances": [
        {
          "schema_version": 0,
          "attributes": {
            "arns": [],
            "id": "/lz/tfvars/np-aft-app-091563-dev",
            "names": [],
            "path": "/lz/tfvars/np-aft-app-091563-dev",
            "recursive": false,
            "types": [],
            "values": [],
            "with_decryption": true
          },
          "sensitive_attributes": []
        }
      ]
    },
    {
      "module": "module.baseline",
      "mode": "data",
      "type": "aws_ssm_parameters_by_path",
      "name": "deploy_core_vars",
      "provider": "provider[\"registry.terraform.io/hashicorp/aws\"].deploy_core",
      "instances": [
        {
          "schema_version": 0,
          "attributes": {
            "arns": [
              "arn:aws:ssm:eu-west-3:893893329401:parameter/lz/tfvars/default_private_hosted_zone",
              "arn:aws:ssm:eu-west-3:893893329401:parameter/lz/tfvars/default_public_hosted_zone",
              "arn:aws:ssm:eu-west-3:893893329401:parameter/lz/tfvars/default_subnet_share_pattern",
              "arn:aws:ssm:eu-west-3:893893329401:parameter/lz/tfvars/dns_forwarding_vpc_id_eu-west-3",
              "arn:aws:ssm:eu-west-3:893893329401:parameter/lz/tfvars/dns_ram_share",
              "arn:aws:ssm:eu-west-3:893893329401:parameter/lz/tfvars/shared_services_prod",
              "arn:aws:ssm:eu-west-3:893893329401:parameter/lz/tfvars/supported_availability_zones",
              "arn:aws:ssm:eu-west-3:893893329401:parameter/lz/tfvars/tgw_id_prod",
              "arn:aws:ssm:eu-west-3:893893329401:parameter/lz/tfvars/tgw_share_name_nonprod",
              "arn:aws:ssm:eu-west-3:893893329401:parameter/lz/tfvars/tgw_share_name_prod",
              "arn:aws:ssm:eu-west-3:893893329401:parameter/lz/tfvars/fw_eps_name",
              "arn:aws:ssm:eu-west-3:893893329401:parameter/lz/tfvars/operating_regions",
              "arn:aws:ssm:eu-west-3:893893329401:parameter/lz/tfvars/shared_services_non_prod",
              "arn:aws:ssm:eu-west-3:893893329401:parameter/lz/tfvars/tgw_id_nonprod"
            ],
            "id": "/lz/tfvars",
            "names": [
              "/lz/tfvars/default_private_hosted_zone",
              "/lz/tfvars/default_public_hosted_zone",
              "/lz/tfvars/default_subnet_share_pattern",
              "/lz/tfvars/dns_forwarding_vpc_id_eu-west-3",
              "/lz/tfvars/dns_ram_share",
              "/lz/tfvars/shared_services_prod",
              "/lz/tfvars/supported_availability_zones",
              "/lz/tfvars/tgw_id_prod",
              "/lz/tfvars/tgw_share_name_nonprod",
              "/lz/tfvars/tgw_share_name_prod",
              "/lz/tfvars/fw_eps_name",
              "/lz/tfvars/operating_regions",
              "/lz/tfvars/shared_services_non_prod",
              "/lz/tfvars/tgw_id_nonprod"
            ],
            "path": "/lz/tfvars",
            "recursive": false,
            "types": [
              "String",
              "String",
              "String",
              "String",
              "String",
              "StringList",
              "StringList",
              "String",
              "String",
              "String",
              "String",
              "StringList",
              "StringList",
              "String"
            ],
            "values": [
              "np-eu-xp.stla-aws.private",
              "np-eu-xp.stla-aws.net",
              "rs-%env_prefix%routed%confidentiality%-0-frontend-%az_count%az%alt_suffix%",
              "vpc-0e5465a883aeb1dcf",
              "rs-forward-DNS",
              " ",
              "euw3-az1,euw3-az2,euw3-az3",
              "tgw-0ca11a260fa2657aa",
              "rs-np-tgw-share",
              "rs-tgw-share",
              "com.amazonaws.vpce.eu-west-3.vpce-svc-0fd0dc847921b4805",
              "eu-west-1,eu-west-3",
              " ",
              "tgw-0ca11a260fa2657aa"
            ],
            "with_decryption": true
          },
          "sensitive_attributes": []
        }
      ]
    },
    {
      "module": "module.baseline",
      "mode": "data",
      "type": "aws_ssm_parameters_by_path",
      "name": "deploy_vars",
      "provider": "provider[\"registry.terraform.io/hashicorp/aws\"].deploy",
      "instances": [
        {
          "schema_version": 0,
          "attributes": {
            "arns": [
              "arn:aws:ssm:eu-west-3:893893329401:parameter/lz/tfvars/default_private_hosted_zone",
              "arn:aws:ssm:eu-west-3:893893329401:parameter/lz/tfvars/default_public_hosted_zone",
              "arn:aws:ssm:eu-west-3:893893329401:parameter/lz/tfvars/default_subnet_share_pattern",
              "arn:aws:ssm:eu-west-3:893893329401:parameter/lz/tfvars/dns_forwarding_vpc_id_eu-west-3",
              "arn:aws:ssm:eu-west-3:893893329401:parameter/lz/tfvars/dns_ram_share",
              "arn:aws:ssm:eu-west-3:893893329401:parameter/lz/tfvars/shared_services_prod",
              "arn:aws:ssm:eu-west-3:893893329401:parameter/lz/tfvars/supported_availability_zones",
              "arn:aws:ssm:eu-west-3:893893329401:parameter/lz/tfvars/tgw_id_prod",
              "arn:aws:ssm:eu-west-3:893893329401:parameter/lz/tfvars/tgw_share_name_nonprod",
              "arn:aws:ssm:eu-west-3:893893329401:parameter/lz/tfvars/tgw_share_name_prod",
              "arn:aws:ssm:eu-west-3:893893329401:parameter/lz/tfvars/fw_eps_name",
              "arn:aws:ssm:eu-west-3:893893329401:parameter/lz/tfvars/operating_regions",
              "arn:aws:ssm:eu-west-3:893893329401:parameter/lz/tfvars/shared_services_non_prod",
              "arn:aws:ssm:eu-west-3:893893329401:parameter/lz/tfvars/tgw_id_nonprod"
            ],
            "id": "/lz/tfvars",
            "names": [
              "/lz/tfvars/default_private_hosted_zone",
              "/lz/tfvars/default_public_hosted_zone",
              "/lz/tfvars/default_subnet_share_pattern",
              "/lz/tfvars/dns_forwarding_vpc_id_eu-west-3",
              "/lz/tfvars/dns_ram_share",
              "/lz/tfvars/shared_services_prod",
              "/lz/tfvars/supported_availability_zones",
              "/lz/tfvars/tgw_id_prod",
              "/lz/tfvars/tgw_share_name_nonprod",
              "/lz/tfvars/tgw_share_name_prod",
              "/lz/tfvars/fw_eps_name",
              "/lz/tfvars/operating_regions",
              "/lz/tfvars/shared_services_non_prod",
              "/lz/tfvars/tgw_id_nonprod"
            ],
            "path": "/lz/tfvars",
            "recursive": false,
            "types": [
              "String",
              "String",
              "String",
              "String",
              "String",
              "StringList",
              "StringList",
              "String",
              "String",
              "String",
              "String",
              "StringList",
              "StringList",
              "String"
            ],
            "values": [
              "np-eu-xp.stla-aws.private",
              "np-eu-xp.stla-aws.net",
              "rs-%env_prefix%routed%confidentiality%-0-frontend-%az_count%az%alt_suffix%",
              "vpc-0e5465a883aeb1dcf",
              "rs-forward-DNS",
              " ",
              "euw3-az1,euw3-az2,euw3-az3",
              "tgw-0ca11a260fa2657aa",
              "rs-np-tgw-share",
              "rs-tgw-share",
              "com.amazonaws.vpce.eu-west-3.vpce-svc-0fd0dc847921b4805",
              "eu-west-1,eu-west-3",
              " ",
              "tgw-0ca11a260fa2657aa"
            ],
            "with_decryption": true
          },
          "sensitive_attributes": []
        }
      ]
    },
    {
      "module": "module.baseline",
      "mode": "data",
      "type": "aws_ssm_parameters_by_path",
      "name": "legacy_app_vars",
      "provider": "provider[\"registry.terraform.io/hashicorp/aws\"].app",
      "instances": [
        {
          "schema_version": 0,
          "attributes": {
            "arns": [
              "arn:aws:ssm:eu-west-3:893893329401:parameter/lz/tfvars/default_private_hosted_zone",
              "arn:aws:ssm:eu-west-3:893893329401:parameter/lz/tfvars/default_public_hosted_zone",
              "arn:aws:ssm:eu-west-3:893893329401:parameter/lz/tfvars/default_subnet_share_pattern",
              "arn:aws:ssm:eu-west-3:893893329401:parameter/lz/tfvars/dns_forwarding_vpc_id_eu-west-3",
              "arn:aws:ssm:eu-west-3:893893329401:parameter/lz/tfvars/dns_ram_share",
              "arn:aws:ssm:eu-west-3:893893329401:parameter/lz/tfvars/shared_services_prod",
              "arn:aws:ssm:eu-west-3:893893329401:parameter/lz/tfvars/supported_availability_zones",
              "arn:aws:ssm:eu-west-3:893893329401:parameter/lz/tfvars/tgw_id_prod",
              "arn:aws:ssm:eu-west-3:893893329401:parameter/lz/tfvars/tgw_share_name_nonprod",
              "arn:aws:ssm:eu-west-3:893893329401:parameter/lz/tfvars/tgw_share_name_prod",
              "arn:aws:ssm:eu-west-3:893893329401:parameter/lz/tfvars/fw_eps_name",
              "arn:aws:ssm:eu-west-3:893893329401:parameter/lz/tfvars/operating_regions",
              "arn:aws:ssm:eu-west-3:893893329401:parameter/lz/tfvars/shared_services_non_prod",
              "arn:aws:ssm:eu-west-3:893893329401:parameter/lz/tfvars/tgw_id_nonprod"
            ],
            "id": "/lz/tfvars",
            "names": [
              "/lz/tfvars/default_private_hosted_zone",
              "/lz/tfvars/default_public_hosted_zone",
              "/lz/tfvars/default_subnet_share_pattern",
              "/lz/tfvars/dns_forwarding_vpc_id_eu-west-3",
              "/lz/tfvars/dns_ram_share",
              "/lz/tfvars/shared_services_prod",
              "/lz/tfvars/supported_availability_zones",
              "/lz/tfvars/tgw_id_prod",
              "/lz/tfvars/tgw_share_name_nonprod",
              "/lz/tfvars/tgw_share_name_prod",
              "/lz/tfvars/fw_eps_name",
              "/lz/tfvars/operating_regions",
              "/lz/tfvars/shared_services_non_prod",
              "/lz/tfvars/tgw_id_nonprod"
            ],
            "path": "/lz/tfvars",
            "recursive": false,
            "types": [
              "String",
              "String",
              "String",
              "String",
              "String",
              "StringList",
              "StringList",
              "String",
              "String",
              "String",
              "String",
              "StringList",
              "StringList",
              "String"
            ],
            "values": [
              "np-eu-xp.stla-aws.private",
              "np-eu-xp.stla-aws.net",
              "rs-%env_prefix%routed%confidentiality%-0-frontend-%az_count%az%alt_suffix%",
              "vpc-0e5465a883aeb1dcf",
              "rs-forward-DNS",
              " ",
              "euw3-az1,euw3-az2,euw3-az3",
              "tgw-0ca11a260fa2657aa",
              "rs-np-tgw-share",
              "rs-tgw-share",
              "com.amazonaws.vpce.eu-west-3.vpce-svc-0fd0dc847921b4805",
              "eu-west-1,eu-west-3",
              " ",
              "tgw-0ca11a260fa2657aa"
            ],
            "with_decryption": true
          },
          "sensitive_attributes": []
        }
      ]
    },
    {
      "module": "module.baseline",
      "mode": "managed",
      "type": "aws_cloudwatch_log_group",
      "name": "ssm",
      "provider": "provider[\"registry.terraform.io/hashicorp/aws\"].app",
      "instances": [
        {
          "schema_version": 0,
          "attributes": {
            "arn": "arn:aws:logs:eu-west-3:893893329401:log-group:/stla/ssm-sessions/np-aft-app-091563-dev",
            "id": "/stla/ssm-sessions/np-aft-app-091563-dev",
            "kms_key_id": "",
            "name": "/stla/ssm-sessions/np-aft-app-091563-dev",
            "name_prefix": "",
            "retention_in_days": 30,
            "skip_destroy": false,
            "tags": null,
            "tags_all": {
              "appid": "aft-app-091563",
              "environment": "dev",
              "stla_lz": "true"
            }
          },
          "sensitive_attributes": [],
          "private": "bnVsbA==",
          "dependencies": [
            "data.aws_caller_identity.current"
          ]
        }
      ]
    },
    {
      "module": "module.baseline",
      "mode": "managed",
      "type": "aws_ssm_document",
      "name": "session_manager_prefs",
      "provider": "provider[\"registry.terraform.io/hashicorp/aws\"].app",
      "instances": []
    },
    {
      "module": "module.baseline",
      "mode": "managed",
      "type": "aws_ssm_parameter",
      "name": "account_type",
      "provider": "provider[\"registry.terraform.io/hashicorp/aws\"].app",
      "instances": [
        {
          "schema_version": 0,
          "attributes": {
            "allowed_pattern": "",
            "arn": "arn:aws:ssm:eu-west-3:893893329401:parameter/lz/tfvars/np-aft-app-091563-dev/account_type",
            "data_type": "text",
            "description": "",
            "id": "/lz/tfvars/np-aft-app-091563-dev/account_type",
            "insecure_value": null,
            "key_id": "",
            "name": "/lz/tfvars/np-aft-app-091563-dev/account_type",
            "overwrite": null,
            "tags": null,
            "tags_all": {
              "appid": "aft-app-091563",
              "environment": "dev",
              "stla_lz": "true"
            },
            "tier": "Standard",
            "type": "String",
            "value": "standalone",
            "version": 1
          },
          "sensitive_attributes": [],
          "private": "bnVsbA==",
          "dependencies": [
            "data.aws_caller_identity.current",
            "module.baseline.data.aws_ssm_parameters_by_path.app_vars",
            "module.baseline.data.aws_ssm_parameters_by_path.legacy_app_vars"
          ]
        }
      ]
    },
    {
      "module": "module.baseline",
      "mode": "managed",
      "type": "aws_ssm_parameter",
      "name": "az_count",
      "provider": "provider[\"registry.terraform.io/hashicorp/aws\"].app",
      "instances": [
        {
          "schema_version": 0,
          "attributes": {
            "allowed_pattern": "",
            "arn": "arn:aws:ssm:eu-west-3:893893329401:parameter/lz/tfvars/np-aft-app-091563-dev/az_count",
            "data_type": "text",
            "description": "",
            "id": "/lz/tfvars/np-aft-app-091563-dev/az_count",
            "insecure_value": null,
            "key_id": "",
            "name": "/lz/tfvars/np-aft-app-091563-dev/az_count",
            "overwrite": null,
            "tags": null,
            "tags_all": {
              "appid": "aft-app-091563",
              "environment": "dev",
              "stla_lz": "true"
            },
            "tier": "Standard",
            "type": "String",
            "value": "2",
            "version": 1
          },
          "sensitive_attributes": [],
          "private": "bnVsbA==",
          "dependencies": [
            "data.aws_caller_identity.current",
            "module.baseline.data.aws_ssm_parameters_by_path.app_vars",
            "module.baseline.data.aws_ssm_parameters_by_path.legacy_app_vars"
          ]
        }
      ]
    },
    {
      "module": "module.baseline",
      "mode": "managed",
      "type": "aws_ssm_parameter",
      "name": "az_exclusion",
      "provider": "provider[\"registry.terraform.io/hashicorp/aws\"].app",
      "instances": [
        {
          "schema_version": 0,
          "attributes": {
            "allowed_pattern": "",
            "arn": "arn:aws:ssm:eu-west-3:893893329401:parameter/lz/tfvars/np-aft-app-091563-dev/az_exclusion",
            "data_type": "text",
            "description": "",
            "id": "/lz/tfvars/np-aft-app-091563-dev/az_exclusion",
            "insecure_value": null,
            "key_id": "",
            "name": "/lz/tfvars/np-aft-app-091563-dev/az_exclusion",
            "overwrite": null,
            "tags": null,
            "tags_all": {
              "appid": "aft-app-091563",
              "environment": "dev",
              "stla_lz": "true"
            },
            "tier": "Standard",
            "type": "String",
            "value": "eu-west-3b,us-east-1c,us-west-1b,ap-east-1a,ap-northeast-1c,ca-central-1c",
            "version": 1
          },
          "sensitive_attributes": [],
          "private": "bnVsbA==",
          "dependencies": [
            "data.aws_caller_identity.current",
            "module.baseline.data.aws_ssm_parameters_by_path.app_vars",
            "module.baseline.data.aws_ssm_parameters_by_path.legacy_app_vars"
          ]
        }
      ]
    },
    {
      "module": "module.baseline",
      "mode": "managed",
      "type": "aws_ssm_parameter",
      "name": "backend_netmask_length",
      "provider": "provider[\"registry.terraform.io/hashicorp/aws\"].app",
      "instances": [
        {
          "schema_version": 0,
          "attributes": {
            "allowed_pattern": "",
            "arn": "arn:aws:ssm:eu-west-3:893893329401:parameter/lz/tfvars/np-aft-app-091563-dev/backend_netmask_length",
            "data_type": "text",
            "description": "",
            "id": "/lz/tfvars/np-aft-app-091563-dev/backend_netmask_length",
            "insecure_value": null,
            "key_id": "",
            "name": "/lz/tfvars/np-aft-app-091563-dev/backend_netmask_length",
            "overwrite": null,
            "tags": null,
            "tags_all": {
              "appid": "aft-app-091563",
              "environment": "dev",
              "stla_lz": "true"
            },
            "tier": "Standard",
            "type": "String",
            "value": "26",
            "version": 1
          },
          "sensitive_attributes": [],
          "private": "bnVsbA==",
          "dependencies": [
            "data.aws_caller_identity.current",
            "module.baseline.data.aws_ssm_parameters_by_path.app_vars",
            "module.baseline.data.aws_ssm_parameters_by_path.legacy_app_vars"
          ]
        }
      ]
    },
    {
      "module": "module.baseline",
      "mode": "managed",
      "type": "aws_ssm_parameter",
      "name": "backend_netmask_margin",
      "provider": "provider[\"registry.terraform.io/hashicorp/aws\"].app",
      "instances": [
        {
          "schema_version": 0,
          "attributes": {
            "allowed_pattern": "",
            "arn": "arn:aws:ssm:eu-west-3:893893329401:parameter/lz/tfvars/np-aft-app-091563-dev/backend_netmask_margin",
            "data_type": "text",
            "description": "",
            "id": "/lz/tfvars/np-aft-app-091563-dev/backend_netmask_margin",
            "insecure_value": null,
            "key_id": "",
            "name": "/lz/tfvars/np-aft-app-091563-dev/backend_netmask_margin",
            "overwrite": null,
            "tags": null,
            "tags_all": {
              "appid": "aft-app-091563",
              "environment": "dev",
              "stla_lz": "true"
            },
            "tier": "Standard",
            "type": "String",
            "value": "0",
            "version": 1
          },
          "sensitive_attributes": [],
          "private": "bnVsbA==",
          "dependencies": [
            "data.aws_caller_identity.current",
            "module.baseline.data.aws_ssm_parameters_by_path.app_vars",
            "module.baseline.data.aws_ssm_parameters_by_path.legacy_app_vars"
          ]
        }
      ]
    },
    {
      "module": "module.baseline",
      "mode": "managed",
      "type": "aws_ssm_parameter",
      "name": "backend_subnet_count",
      "provider": "provider[\"registry.terraform.io/hashicorp/aws\"].app",
      "instances": [
        {
          "schema_version": 0,
          "attributes": {
            "allowed_pattern": "",
            "arn": "arn:aws:ssm:eu-west-3:893893329401:parameter/lz/tfvars/np-aft-app-091563-dev/backend_subnet_count",
            "data_type": "text",
            "description": "",
            "id": "/lz/tfvars/np-aft-app-091563-dev/backend_subnet_count",
            "insecure_value": null,
            "key_id": "",
            "name": "/lz/tfvars/np-aft-app-091563-dev/backend_subnet_count",
            "overwrite": null,
            "tags": null,
            "tags_all": {
              "appid": "aft-app-091563",
              "environment": "dev",
              "stla_lz": "true"
            },
            "tier": "Standard",
            "type": "String",
            "value": "2",
            "version": 1
          },
          "sensitive_attributes": [],
          "private": "bnVsbA==",
          "dependencies": [
            "data.aws_caller_identity.current",
            "module.baseline.data.aws_ssm_parameters_by_path.app_vars",
            "module.baseline.data.aws_ssm_parameters_by_path.legacy_app_vars"
          ]
        }
      ]
    },
    {
      "module": "module.baseline",
      "mode": "managed",
      "type": "aws_ssm_parameter",
      "name": "cidr",
      "provider": "provider[\"registry.terraform.io/hashicorp/aws\"].app",
      "instances": [
        {
          "schema_version": 0,
          "attributes": {
            "allowed_pattern": "",
            "arn": "arn:aws:ssm:eu-west-3:893893329401:parameter/lz/tfvars/np-aft-app-091563-dev/cidr",
            "data_type": "text",
            "description": "",
            "id": "/lz/tfvars/np-aft-app-091563-dev/cidr",
            "insecure_value": null,
            "key_id": "",
            "name": "/lz/tfvars/np-aft-app-091563-dev/cidr",
            "overwrite": null,
            "tags": null,
            "tags_all": {
              "appid": "aft-app-091563",
              "environment": "dev",
              "stla_lz": "true"
            },
            "tier": "Standard",
            "type": "String",
            "value": "192.168.0.0/16",
            "version": 1
          },
          "sensitive_attributes": [],
          "private": "bnVsbA==",
          "dependencies": [
            "data.aws_caller_identity.current",
            "module.baseline.data.aws_ssm_parameters_by_path.app_vars",
            "module.baseline.data.aws_ssm_parameters_by_path.legacy_app_vars"
          ]
        }
      ]
    },
    {
      "module": "module.baseline",
      "mode": "managed",
      "type": "aws_ssm_parameter",
      "name": "dedicated_backend_cidr",
      "provider": "provider[\"registry.terraform.io/hashicorp/aws\"].app",
      "instances": [
        {
          "schema_version": 0,
          "attributes": {
            "allowed_pattern": "",
            "arn": "arn:aws:ssm:eu-west-3:893893329401:parameter/lz/tfvars/np-aft-app-091563-dev/dedicated_backend_cidr",
            "data_type": "text",
            "description": "",
            "id": "/lz/tfvars/np-aft-app-091563-dev/dedicated_backend_cidr",
            "insecure_value": null,
            "key_id": "",
            "name": "/lz/tfvars/np-aft-app-091563-dev/dedicated_backend_cidr",
            "overwrite": null,
            "tags": null,
            "tags_all": {
              "appid": "aft-app-091563",
              "environment": "dev",
              "stla_lz": "true"
            },
            "tier": "Standard",
            "type": "String",
            "value": "100.126.0.0/16",
            "version": 1
          },
          "sensitive_attributes": [],
          "private": "bnVsbA==",
          "dependencies": [
            "data.aws_caller_identity.current",
            "module.baseline.data.aws_ssm_parameters_by_path.app_vars",
            "module.baseline.data.aws_ssm_parameters_by_path.legacy_app_vars"
          ]
        }
      ]
    },
    {
      "module": "module.baseline",
      "mode": "managed",
      "type": "aws_ssm_parameter",
      "name": "deploy_global_resources",
      "provider": "provider[\"registry.terraform.io/hashicorp/aws\"].app",
      "instances": [
        {
          "schema_version": 0,
          "attributes": {
            "allowed_pattern": "",
            "arn": "arn:aws:ssm:eu-west-3:893893329401:parameter/lz/tfvars/np-aft-app-091563-dev/deploy_global_resources",
            "data_type": "text",
            "description": "",
            "id": "/lz/tfvars/np-aft-app-091563-dev/deploy_global_resources",
            "insecure_value": null,
            "key_id": "",
            "name": "/lz/tfvars/np-aft-app-091563-dev/deploy_global_resources",
            "overwrite": null,
            "tags": null,
            "tags_all": {
              "appid": "aft-app-091563",
              "environment": "dev",
              "stla_lz": "true"
            },
            "tier": "Standard",
            "type": "String",
            "value": "true",
            "version": 1
          },
          "sensitive_attributes": [],
          "private": "bnVsbA==",
          "dependencies": [
            "data.aws_caller_identity.current",
            "module.baseline.data.aws_ssm_parameters_by_path.app_vars",
            "module.baseline.data.aws_ssm_parameters_by_path.legacy_app_vars"
          ]
        }
      ]
    },
    {
      "module": "module.baseline",
      "mode": "managed",
      "type": "aws_ssm_parameter",
      "name": "domain_name",
      "provider": "provider[\"registry.terraform.io/hashicorp/aws\"].app",
      "instances": [
        {
          "schema_version": 0,
          "attributes": {
            "allowed_pattern": "",
            "arn": "arn:aws:ssm:eu-west-3:893893329401:parameter/lz/tfvars/np-aft-app-091563-dev/domain_name",
            "data_type": "text",
            "description": "",
            "id": "/lz/tfvars/np-aft-app-091563-dev/domain_name",
            "insecure_value": null,
            "key_id": "",
            "name": "/lz/tfvars/np-aft-app-091563-dev/domain_name",
            "overwrite": null,
            "tags": null,
            "tags_all": {
              "appid": "aft-app-091563",
              "environment": "dev",
              "stla_lz": "true"
            },
            "tier": "Standard",
            "type": "String",
            "value": "aft-app-091563-dev",
            "version": 1
          },
          "sensitive_attributes": [],
          "private": "bnVsbA==",
          "dependencies": [
            "data.aws_caller_identity.current",
            "module.baseline.data.aws_ssm_parameters_by_path.app_vars",
            "module.baseline.data.aws_ssm_parameters_by_path.legacy_app_vars"
          ]
        }
      ]
    },
    {
      "module": "module.baseline",
      "mode": "managed",
      "type": "aws_ssm_parameter",
      "name": "flags",
      "provider": "provider[\"registry.terraform.io/hashicorp/aws\"].app",
      "instances": [
        {
          "schema_version": 0,
          "attributes": {
            "allowed_pattern": "",
            "arn": "arn:aws:ssm:eu-west-3:893893329401:parameter/lz/tfvars/np-aft-app-091563-dev/flags",
            "data_type": "text",
            "description": "",
            "id": "/lz/tfvars/np-aft-app-091563-dev/flags",
            "insecure_value": null,
            "key_id": "",
            "name": "/lz/tfvars/np-aft-app-091563-dev/flags",
            "overwrite": null,
            "tags": null,
            "tags_all": {
              "appid": "aft-app-091563",
              "environment": "dev",
              "stla_lz": "true"
            },
            "tier": "Standard",
            "type": "String",
            "value": "\u003cnone\u003e",
            "version": 1
          },
          "sensitive_attributes": [],
          "private": "bnVsbA==",
          "dependencies": [
            "data.aws_caller_identity.current",
            "module.baseline.data.aws_ssm_parameters_by_path.app_vars",
            "module.baseline.data.aws_ssm_parameters_by_path.legacy_app_vars"
          ]
        }
      ]
    },
    {
      "module": "module.baseline",
      "mode": "managed",
      "type": "aws_ssm_parameter",
      "name": "flow_logs_format",
      "provider": "provider[\"registry.terraform.io/hashicorp/aws\"].app",
      "instances": [
        {
          "schema_version": 0,
          "attributes": {
            "allowed_pattern": "",
            "arn": "arn:aws:ssm:eu-west-3:893893329401:parameter/lz/tfvars/np-aft-app-091563-dev/flow_logs_format",
            "data_type": "text",
            "description": "",
            "id": "/lz/tfvars/np-aft-app-091563-dev/flow_logs_format",
            "insecure_value": null,
            "key_id": "",
            "name": "/lz/tfvars/np-aft-app-091563-dev/flow_logs_format",
            "overwrite": null,
            "tags": null,
            "tags_all": {
              "appid": "aft-app-091563",
              "environment": "dev",
              "stla_lz": "true"
            },
            "tier": "Standard",
            "type": "String",
            "value": "${account-id} ${action} ${az-id} ${bytes} ${dstaddr} ${dstport} ${end} ${interface-id} ${instance-id} ${flow-direction} ${packets} ${protocol} ${start} ${subnet-id} ${vpc-id} ${version} ${tcp-flags} ${srcaddr} ${srcport} ${pkt-dstaddr} ${pkt-srcaddr} ${region} ${traffic-path}",
            "version": 1
          },
          "sensitive_attributes": [],
          "private": "bnVsbA==",
          "dependencies": [
            "data.aws_caller_identity.current",
            "module.baseline.data.aws_ssm_parameters_by_path.app_vars",
            "module.baseline.data.aws_ssm_parameters_by_path.legacy_app_vars"
          ]
        }
      ]
    },
    {
      "module": "module.baseline",
      "mode": "managed",
      "type": "aws_ssm_parameter",
      "name": "frontend_netmask_length",
      "provider": "provider[\"registry.terraform.io/hashicorp/aws\"].app",
      "instances": [
        {
          "schema_version": 0,
          "attributes": {
            "allowed_pattern": "",
            "arn": "arn:aws:ssm:eu-west-3:893893329401:parameter/lz/tfvars/np-aft-app-091563-dev/frontend_netmask_length",
            "data_type": "text",
            "description": "",
            "id": "/lz/tfvars/np-aft-app-091563-dev/frontend_netmask_length",
            "insecure_value": null,
            "key_id": "",
            "name": "/lz/tfvars/np-aft-app-091563-dev/frontend_netmask_length",
            "overwrite": null,
            "tags": null,
            "tags_all": {
              "appid": "aft-app-091563",
              "environment": "dev",
              "stla_lz": "true"
            },
            "tier": "Standard",
            "type": "String",
            "value": "28",
            "version": 1
          },
          "sensitive_attributes": [],
          "private": "bnVsbA==",
          "dependencies": [
            "data.aws_caller_identity.current",
            "module.baseline.data.aws_ssm_parameters_by_path.app_vars",
            "module.baseline.data.aws_ssm_parameters_by_path.legacy_app_vars"
          ]
        }
      ]
    },
    {
      "module": "module.baseline",
      "mode": "managed",
      "type": "aws_ssm_parameter",
      "name": "frontend_netmask_margin",
      "provider": "provider[\"registry.terraform.io/hashicorp/aws\"].app",
      "instances": [
        {
          "schema_version": 0,
          "attributes": {
            "allowed_pattern": "",
            "arn": "arn:aws:ssm:eu-west-3:893893329401:parameter/lz/tfvars/np-aft-app-091563-dev/frontend_netmask_margin",
            "data_type": "text",
            "description": "",
            "id": "/lz/tfvars/np-aft-app-091563-dev/frontend_netmask_margin",
            "insecure_value": null,
            "key_id": "",
            "name": "/lz/tfvars/np-aft-app-091563-dev/frontend_netmask_margin",
            "overwrite": null,
            "tags": null,
            "tags_all": {
              "appid": "aft-app-091563",
              "environment": "dev",
              "stla_lz": "true"
            },
            "tier": "Standard",
            "type": "String",
            "value": "0",
            "version": 1
          },
          "sensitive_attributes": [],
          "private": "bnVsbA==",
          "dependencies": [
            "data.aws_caller_identity.current",
            "module.baseline.data.aws_ssm_parameters_by_path.app_vars",
            "module.baseline.data.aws_ssm_parameters_by_path.legacy_app_vars"
          ]
        }
      ]
    },
    {
      "module": "module.baseline",
      "mode": "managed",
      "type": "aws_ssm_parameter",
      "name": "hosted_zone",
      "provider": "provider[\"registry.terraform.io/hashicorp/aws\"].app",
      "instances": [
        {
          "schema_version": 0,
          "attributes": {
            "allowed_pattern": "",
            "arn": "arn:aws:ssm:eu-west-3:893893329401:parameter/lz/tfvars/np-aft-app-091563-dev/hosted_zone",
            "data_type": "text",
            "description": "",
            "id": "/lz/tfvars/np-aft-app-091563-dev/hosted_zone",
            "insecure_value": null,
            "key_id": "",
            "name": "/lz/tfvars/np-aft-app-091563-dev/hosted_zone",
            "overwrite": null,
            "tags": null,
            "tags_all": {
              "appid": "aft-app-091563",
              "environment": "dev",
              "stla_lz": "true"
            },
            "tier": "Standard",
            "type": "String",
            "value": "np-eu-xp.stla-aws.net",
            "version": 1
          },
          "sensitive_attributes": [],
          "private": "bnVsbA==",
          "dependencies": [
            "data.aws_caller_identity.current",
            "module.baseline.data.aws_ssm_parameters_by_path.app_vars",
            "module.baseline.data.aws_ssm_parameters_by_path.deploy_core_vars",
            "module.baseline.data.aws_ssm_parameters_by_path.deploy_vars",
            "module.baseline.data.aws_ssm_parameters_by_path.legacy_app_vars"
          ]
        }
      ]
    },
    {
      "module": "module.baseline",
      "mode": "managed",
      "type": "aws_ssm_parameter",
      "name": "subnet_share_alt",
      "provider": "provider[\"registry.terraform.io/hashicorp/aws\"].app",
      "instances": [
        {
          "schema_version": 0,
          "attributes": {
            "allowed_pattern": "",
            "arn": "arn:aws:ssm:eu-west-3:893893329401:parameter/lz/tfvars/np-aft-app-091563-dev/subnet_share_alt",
            "data_type": "text",
            "description": "",
            "id": "/lz/tfvars/np-aft-app-091563-dev/subnet_share_alt",
            "insecure_value": null,
            "key_id": "",
            "name": "/lz/tfvars/np-aft-app-091563-dev/subnet_share_alt",
            "overwrite": null,
            "tags": null,
            "tags_all": {
              "appid": "aft-app-091563",
              "environment": "dev",
              "stla_lz": "true"
            },
            "tier": "Standard",
            "type": "String",
            "value": "auto",
            "version": 1
          },
          "sensitive_attributes": [],
          "private": "bnVsbA==",
          "dependencies": [
            "data.aws_caller_identity.current",
            "module.baseline.data.aws_ssm_parameters_by_path.app_vars",
            "module.baseline.data.aws_ssm_parameters_by_path.legacy_app_vars"
          ]
        }
      ]
    },
    {
      "module": "module.baseline",
      "mode": "managed",
      "type": "aws_ssm_parameter",
      "name": "subnet_share_pattern",
      "provider": "provider[\"registry.terraform.io/hashicorp/aws\"].app",
      "instances": [
        {
          "schema_version": 0,
          "attributes": {
            "allowed_pattern": "",
            "arn": "arn:aws:ssm:eu-west-3:893893329401:parameter/lz/tfvars/np-aft-app-091563-dev/subnet_share_pattern",
            "data_type": "text",
            "description": "",
            "id": "/lz/tfvars/np-aft-app-091563-dev/subnet_share_pattern",
            "insecure_value": null,
            "key_id": "",
            "name": "/lz/tfvars/np-aft-app-091563-dev/subnet_share_pattern",
            "overwrite": null,
            "tags": null,
            "tags_all": {
              "appid": "aft-app-091563",
              "environment": "dev",
              "stla_lz": "true"
            },
            "tier": "Standard",
            "type": "String",
            "value": "rs-%env_prefix%routed%confidentiality%-0-frontend-%az_count%az%alt_suffix%",
            "version": 1
          },
          "sensitive_attributes": [],
          "private": "bnVsbA==",
          "dependencies": [
            "data.aws_caller_identity.current",
            "module.baseline.data.aws_ssm_parameters_by_path.app_vars",
            "module.baseline.data.aws_ssm_parameters_by_path.deploy_core_vars",
            "module.baseline.data.aws_ssm_parameters_by_path.deploy_vars",
            "module.baseline.data.aws_ssm_parameters_by_path.legacy_app_vars"
          ]
        }
      ]
    },
    {
      "module": "module.baseline",
      "mode": "managed",
      "type": "aws_ssm_parameter",
      "name": "version",
      "provider": "provider[\"registry.terraform.io/hashicorp/aws\"].app",
      "instances": [
        {
          "schema_version": 0,
          "attributes": {
            "allowed_pattern": "",
            "arn": "arn:aws:ssm:eu-west-3:893893329401:parameter/lz/tfvars/np-aft-app-091563-dev/version",
            "data_type": "text",
            "description": "",
            "id": "/lz/tfvars/np-aft-app-091563-dev/version",
            "insecure_value": null,
            "key_id": "",
            "name": "/lz/tfvars/np-aft-app-091563-dev/version",
            "overwrite": null,
            "tags": null,
            "tags_all": {
              "appid": "aft-app-091563",
              "environment": "dev",
              "stla_lz": "true"
            },
            "tier": "Standard",
            "type": "String",
            "value": "v2.0.0",
            "version": 1
          },
          "sensitive_attributes": [],
          "private": "bnVsbA==",
          "dependencies": [
            "data.aws_caller_identity.current"
          ]
        }
      ]
    },
    {
      "module": "module.baseline",
      "mode": "managed",
      "type": "aws_ssm_parameter",
      "name": "vpc_confidentiality",
      "provider": "provider[\"registry.terraform.io/hashicorp/aws\"].app",
      "instances": [
        {
          "schema_version": 0,
          "attributes": {
            "allowed_pattern": "",
            "arn": "arn:aws:ssm:eu-west-3:893893329401:parameter/lz/tfvars/np-aft-app-091563-dev/vpc_confidentiality",
            "data_type": "text",
            "description": "",
            "id": "/lz/tfvars/np-aft-app-091563-dev/vpc_confidentiality",
            "insecure_value": null,
            "key_id": "",
            "name": "/lz/tfvars/np-aft-app-091563-dev/vpc_confidentiality",
            "overwrite": null,
            "tags": null,
            "tags_all": {
              "appid": "aft-app-091563",
              "environment": "dev",
              "stla_lz": "true"
            },
            "tier": "Standard",
            "type": "String",
            "value": "standard",
            "version": 1
          },
          "sensitive_attributes": [],
          "private": "bnVsbA==",
          "dependencies": [
            "data.aws_caller_identity.current",
            "module.baseline.data.aws_ssm_parameters_by_path.app_vars",
            "module.baseline.data.aws_ssm_parameters_by_path.legacy_app_vars"
          ]
        }
      ]
    },
    {
      "module": "module.baseline",
      "mode": "managed",
      "type": "aws_ssm_parameter",
      "name": "vpc_count",
      "provider": "provider[\"registry.terraform.io/hashicorp/aws\"].app",
      "instances": [
        {
          "schema_version": 0,
          "attributes": {
            "allowed_pattern": "",
            "arn": "arn:aws:ssm:eu-west-3:893893329401:parameter/lz/tfvars/np-aft-app-091563-dev/vpc_count",
            "data_type": "text",
            "description": "",
            "id": "/lz/tfvars/np-aft-app-091563-dev/vpc_count",
            "insecure_value": null,
            "key_id": "",
            "name": "/lz/tfvars/np-aft-app-091563-dev/vpc_count",
            "overwrite": null,
            "tags": null,
            "tags_all": {
              "appid": "aft-app-091563",
              "environment": "dev",
              "stla_lz": "true"
            },
            "tier": "Standard",
            "type": "String",
            "value": "1",
            "version": 1
          },
          "sensitive_attributes": [],
          "private": "bnVsbA==",
          "dependencies": [
            "data.aws_caller_identity.current",
            "module.baseline.data.aws_ssm_parameters_by_path.app_vars",
            "module.baseline.data.aws_ssm_parameters_by_path.legacy_app_vars"
          ]
        }
      ]
    },
    {
      "module": "module.baseline",
      "mode": "managed",
      "type": "aws_ssm_parameter",
      "name": "vpc_size",
      "provider": "provider[\"registry.terraform.io/hashicorp/aws\"].app",
      "instances": [
        {
          "schema_version": 0,
          "attributes": {
            "allowed_pattern": "",
            "arn": "arn:aws:ssm:eu-west-3:893893329401:parameter/lz/tfvars/np-aft-app-091563-dev/vpc_size",
            "data_type": "text",
            "description": "",
            "id": "/lz/tfvars/np-aft-app-091563-dev/vpc_size",
            "insecure_value": null,
            "key_id": "",
            "name": "/lz/tfvars/np-aft-app-091563-dev/vpc_size",
            "overwrite": null,
            "tags": null,
            "tags_all": {
              "appid": "aft-app-091563",
              "environment": "dev",
              "stla_lz": "true"
            },
            "tier": "Standard",
            "type": "String",
            "value": "normal",
            "version": 1
          },
          "sensitive_attributes": [],
          "private": "bnVsbA==",
          "dependencies": [
            "data.aws_caller_identity.current",
            "module.baseline.data.aws_ssm_parameters_by_path.app_vars",
            "module.baseline.data.aws_ssm_parameters_by_path.legacy_app_vars"
          ]
        }
      ]
    },
    {
      "module": "module.baseline",
      "mode": "managed",
      "type": "aws_ssm_parameter",
      "name": "vpc_type",
      "provider": "provider[\"registry.terraform.io/hashicorp/aws\"].app",
      "instances": [
        {
          "schema_version": 0,
          "attributes": {
            "allowed_pattern": "",
            "arn": "arn:aws:ssm:eu-west-3:893893329401:parameter/lz/tfvars/np-aft-app-091563-dev/vpc_type",
            "data_type": "text",
            "description": "",
            "id": "/lz/tfvars/np-aft-app-091563-dev/vpc_type",
            "insecure_value": null,
            "key_id": "",
            "name": "/lz/tfvars/np-aft-app-091563-dev/vpc_type",
            "overwrite": null,
            "tags": null,
            "tags_all": {
              "appid": "aft-app-091563",
              "environment": "dev",
              "stla_lz": "true"
            },
            "tier": "Standard",
            "type": "String",
            "value": "dedicated",
            "version": 1
          },
          "sensitive_attributes": [],
          "private": "bnVsbA==",
          "dependencies": [
            "data.aws_caller_identity.current",
            "module.baseline.data.aws_ssm_parameters_by_path.app_vars",
            "module.baseline.data.aws_ssm_parameters_by_path.legacy_app_vars"
          ]
        }
      ]
    },
    {
      "module": "module.baseline",
      "mode": "managed",
      "type": "null_resource",
      "name": "ssm_prefs_deletion",
      "provider": "provider[\"registry.terraform.io/hashicorp/null\"]",
      "instances": [
        {
          "status": "tainted",
          "schema_version": 0,
          "attributes": {
            "id": "3365180642136023055",
            "triggers": null
          },
          "sensitive_attributes": [],
          "dependencies": [
            "data.aws_caller_identity.current",
            "module.baseline.data.aws_region.current"
          ]
        }
      ]
    },
    {
      "module": "module.baseline",
      "mode": "managed",
      "type": "null_resource",
      "name": "version_check",
      "provider": "provider[\"registry.terraform.io/hashicorp/null\"]",
      "instances": [
        {
          "schema_version": 0,
          "attributes": {
            "id": "4436670572449917181",
            "triggers": null
          },
          "sensitive_attributes": [],
          "dependencies": [
            "data.aws_caller_identity.current",
            "module.baseline.data.aws_ssm_parameters_by_path.app_vars",
            "module.baseline.data.aws_ssm_parameters_by_path.legacy_app_vars"
          ]
        }
      ]
    },
    {
      "module": "module.baseline.module.global[0]",
      "mode": "data",
      "type": "aws_iam_policy",
      "name": "aws_backup_operator_access",
      "provider": "provider[\"registry.terraform.io/hashicorp/aws\"].app",
      "instances": [
        {
          "schema_version": 0,
          "attributes": {
            "arn": "arn:aws:iam::aws:policy/AWSBackupOperatorAccess",
            "description": "This policy grants users permissions to assign AWS resources to backup plans, create on-demand backups, and restore backups. This policy does not allow the user to create or edit backup plans or to delete scheduled backups after they are created.",
            "id": "arn:aws:iam::aws:policy/AWSBackupOperatorAccess",
            "name": "AWSBackupOperatorAccess",
            "path": "/",
            "path_prefix": null,
            "policy": "{\n\t\"Version\": \"2012-10-17\",\n\t\"Statement\": [\n\t\t{\n\t\t\t\"Effect\": \"Allow\",\n\t\t\t\"Action\": [\n\t\t\t\t\"backup:Get*\",\n\t\t\t\t\"backup:List*\",\n\t\t\t\t\"backup:Describe*\",\n\t\t\t\t\"backup:CreateBackupSelection\",\n\t\t\t\t\"backup:DeleteBackupSelection\",\n\t\t\t\t\"backup:StartBackupJob\",\n\t\t\t\t\"backup:StartRestoreJob\",\n\t\t\t\t\"backup:StartCopyJob\"\n\t\t\t],\n\t\t\t\"Resource\": \"*\"\n\t\t},\n\t\t{\n\t\t\t\"Action\": [\n\t\t\t\t\"rds:DescribeDBSnapshots\",\n\t\t\t\t\"rds:ListTagsForResource\",\n\t\t\t\t\"rds:DescribeDBInstances\",\n\t\t\t\t\"rds:describeDBEngineVersions\",\n\t\t\t\t\"rds:describeOptionGroups\",\n\t\t\t\t\"rds:describeOrderableDBInstanceOptions\",\n\t\t\t\t\"rds:describeDBSubnetGroups\",\n\t\t\t\t\"rds:DescribeDBClusterSnapshots\",\n\t\t\t\t\"rds:DescribeDBClusters\",\n\t\t\t\t\"rds:DescribeDBParameterGroups\",\n\t\t\t\t\"rds:DescribeDBClusterParameterGroups\",\n\t\t\t\t\"rds:DescribeDBInstanceAutomatedBackups\"\n\t\t\t],\n\t\t\t\"Effect\": \"Allow\",\n\t\t\t\"Resource\": \"*\"\n\t\t},\n\t\t{\n\t\t\t\"Action\": [\n\t\t\t\t\"dynamodb:ListBackups\",\n\t\t\t\t\"dynamodb:ListTables\"\n\t\t\t],\n\t\t\t\"Effect\": \"Allow\",\n\t\t\t\"Resource\": \"*\"\n\t\t},\n\t\t{\n\t\t\t\"Action\": [\n\t\t\t\t\"elasticfilesystem:DescribeFilesystems\"\n\t\t\t],\n\t\t\t\"Resource\": \"arn:aws:elasticfilesystem:*:*:file-system/*\",\n\t\t\t\"Effect\": \"Allow\"\n\t\t},\n\t\t{\n\t\t\t\"Action\": [\n\t\t\t\t\"ec2:DescribeSnapshots\",\n\t\t\t\t\"ec2:DescribeVolumes\",\n\t\t\t\t\"ec2:describeAvailabilityZones\",\n\t\t\t\t\"ec2:DescribeVpcs\",\n\t\t\t\t\"ec2:DescribeAccountAttributes\",\n\t\t\t\t\"ec2:DescribeSecurityGroups\",\n\t\t\t\t\"ec2:DescribeImages\",\n\t\t\t\t\"ec2:DescribeSubnets\",\n\t\t\t\t\"ec2:DescribePlacementGroups\",\n\t\t\t\t\"ec2:DescribeInstances\",\n\t\t\t\t\"ec2:DescribeInstanceTypes\",\n\t\t\t\t\"ec2:DescribeVpcEndpoints\",\n\t\t\t\t\"ec2:DescribeAddresses\"\n\t\t\t],\n\t\t\t\"Effect\": \"Allow\",\n\t\t\t\"Resource\": \"*\"\n\t\t},\n\t\t{\n\t\t\t\"Action\": [\n\t\t\t\t\"tag:GetTagKeys\",\n\t\t\t\t\"tag:GetTagValues\",\n\t\t\t\t\"tag:GetResources\"\n\t\t\t],\n\t\t\t\"Effect\": \"Allow\",\n\t\t\t\"Resource\": \"*\"\n\t\t},\n\t\t{\n\t\t\t\"Effect\": \"Allow\",\n\t\t\t\"Action\": [\n\t\t\t\t\"storagegateway:DescribeCachediSCSIVolumes\",\n\t\t\t\t\"storagegateway:DescribeStorediSCSIVolumes\"\n\t\t\t],\n\t\t\t\"Resource\": \"arn:aws:storagegateway:*:*:gateway/*/volume/*\"\n\t\t},\n\t\t{\n\t\t\t\"Effect\": \"Allow\",\n\t\t\t\"Action\": [\n\t\t\t\t\"storagegateway:ListGateways\"\n\t\t\t],\n\t\t\t\"Resource\": \"arn:aws:storagegateway:*:*:*\"\n\t\t},\n\t\t{\n\t\t\t\"Effect\": \"Allow\",\n\t\t\t\"Action\": [\n\t\t\t\t\"storagegateway:DescribeGatewayInformation\",\n\t\t\t\t\"storagegateway:ListVolumes\",\n\t\t\t\t\"storagegateway:ListLocalDisks\"\n\t\t\t],\n\t\t\t\"Resource\": \"arn:aws:storagegateway:*:*:gateway/*\"\n\t\t},\n\t\t{\n\t\t\t\"Action\": [\n\t\t\t\t\"iam:ListRoles\",\n\t\t\t\t\"iam:GetRole\"\n\t\t\t],\n\t\t\t\"Effect\": \"Allow\",\n\t\t\t\"Resource\": \"*\"\n\t\t},\n\t\t{\n\t\t\t\"Effect\": \"Allow\",\n\t\t\t\"Action\": \"iam:PassRole\",\n\t\t\t\"Resource\": [\n\t\t\t\t\"arn:aws:iam::*:role/*AwsBackup*\",\n\t\t\t\t\"arn:aws:iam::*:role/*AWSBackup*\"\n\t\t\t],\n\t\t\t\"Condition\": {\n\t\t\t\t\"StringLike\": {\n\t\t\t\t\t\"iam:PassedToService\": \"backup.amazonaws.com\"\n\t\t\t\t}\n\t\t\t}\n\t\t},\n\t\t{\n\t\t\t\"Effect\": \"Allow\",\n\t\t\t\"Action\": \"organizations:DescribeOrganization\",\n\t\t\t\"Resource\": \"*\"\n\t\t},\n\t\t{\n\t\t\t\"Effect\": \"Allow\",\n\t\t\t\"Action\": [\n\t\t\t\t\"ssm:CancelCommand\",\n\t\t\t\t\"ssm:GetCommandInvocation\"\n\t\t\t],\n\t\t\t\"Resource\": \"*\"\n\t\t},\n\t\t{\n\t\t\t\"Effect\": \"Allow\",\n\t\t\t\"Action\": \"ssm:SendCommand\",\n\t\t\t\"Resource\": [\n\t\t\t\t\"arn:aws:ssm:*:*:document/AWSEC2-CreateVssSnapshot\",\n\t\t\t\t\"arn:aws:ec2:*:*:instance/*\"\n\t\t\t]\n\t\t},\n\t\t{\n\t\t\t\"Action\": \"fsx:DescribeBackups\",\n\t\t\t\"Effect\": \"Allow\",\n\t\t\t\"Resource\": \"arn:aws:fsx:*:*:backup/*\"\n\t\t},\n\t\t{\n\t\t\t\"Action\": \"fsx:DescribeFileSystems\",\n\t\t\t\"Effect\": \"Allow\",\n\t\t\t\"Resource\": \"arn:aws:fsx:*:*:file-system/*\"\n\t\t},\n\t\t{\n\t\t\t\"Effect\": \"Allow\",\n\t\t\t\"Action\": \"fsx:DescribeVolumes\",\n\t\t\t\"Resource\": \"arn:aws:fsx:*:*:volume/*/*\"\n\t\t},\n\t\t{\n\t\t\t\"Effect\": \"Allow\",\n\t\t\t\"Action\": \"fsx:DescribeStorageVirtualMachines\",\n\t\t\t\"Resource\": \"arn:aws:fsx:*:*:storage-virtual-machine/*/*\"\n\t\t},\n\t\t{\n\t\t\t\"Action\": \"ds:DescribeDirectories\",\n\t\t\t\"Effect\": \"Allow\",\n\t\t\t\"Resource\": \"*\"\n\t\t},\n\t\t{\n\t\t\t\"Effect\": \"Allow\",\n\t\t\t\"Action\": [\n\t\t\t\t\"backup-gateway:ListGateways\",\n\t\t\t\t\"backup-gateway:ListHypervisors\",\n\t\t\t\t\"backup-gateway:ListTagsForResource\",\n\t\t\t\t\"backup-gateway:ListVirtualMachines\"\n\t\t\t],\n\t\t\t\"Resource\": \"*\"\n\t\t},\n\t\t{\n\t\t\t\"Effect\": \"Allow\",\n\t\t\t\"Action\": [\n\t\t\t\t\"backup-gateway:GetHypervisor\",\n\t\t\t\t\"backup-gateway:GetHypervisorPropertyMappings\"\n\t\t\t],\n\t\t\t\"Resource\": \"arn:aws:backup-gateway:*:*:hypervisor/*\"\n\t\t},\n\t\t{\n\t\t\t\"Effect\": \"Allow\",\n\t\t\t\"Action\": [\n\t\t\t\t\"backup-gateway:GetVirtualMachine\"\n\t\t\t],\n\t\t\t\"Resource\": \"arn:aws:backup-gateway:*:*:vm/*\"\n\t\t},\n\t\t{\n\t\t\t\"Effect\": \"Allow\",\n\t\t\t\"Action\": [\n\t\t\t\t\"backup-gateway:GetBandwidthRateLimitSchedule\",\n\t\t\t\t\"backup-gateway:GetGateway\"\n\t\t\t],\n\t\t\t\"Resource\": \"arn:aws:backup-gateway:*:*:gateway/*\"\n\t\t},\n\t\t{\n\t\t\t\"Effect\": \"Allow\",\n\t\t\t\"Action\": \"cloudwatch:GetMetricData\",\n\t\t\t\"Resource\": \"*\"\n\t\t},\n\t\t{\n\t\t\t\"Effect\": \"Allow\",\n\t\t\t\"Action\": [\n\t\t\t\t\"timestream:ListDatabases\",\n\t\t\t\t\"timestream:ListTables\"\n\t\t\t],\n\t\t\t\"Resource\": [\n\t\t\t\t\"arn:aws:timestream:*:*:database/*/table/*\",\n\t\t\t\t\"arn:aws:timestream:*:*:database/*\"\n\t\t\t]\n\t\t},\n\t\t{\n\t\t\t\"Effect\": \"Allow\",\n\t\t\t\"Action\": [\n\t\t\t\t\"timestream:DescribeEndpoints\"\n\t\t\t],\n\t\t\t\"Resource\": \"*\"\n\t\t},\n\t\t{\n\t\t\t\"Effect\": \"Allow\",\n\t\t\t\"Action\": [\n\t\t\t\t\"s3:ListAllMyBuckets\"\n\t\t\t],\n\t\t\t\"Resource\": \"arn:aws:s3:::*\"\n\t\t},\n\t\t{\n\t\t\t\"Effect\": \"Allow\",\n\t\t\t\"Action\": [\n\t\t\t\t\"redshift:DescribeClusters\",\n\t\t\t\t\"redshift:DescribeClusterSubnetGroups\",\n\t\t\t\t\"redshift:DescribeClusterSnapshots\",\n\t\t\t\t\"redshift:DescribeSnapshotSchedules\"\n\t\t\t],\n\t\t\t\"Resource\": [\n\t\t\t\t\"arn:aws:redshift:*:*:cluster:*\",\n\t\t\t\t\"arn:aws:redshift:*:*:subnetgroup:*\",\n\t\t\t\t\"arn:aws:redshift:*:*:snapshot:*/*\",\n\t\t\t\t\"arn:aws:redshift:*:*:snapshotschedule:*\"\n\t\t\t]\n\t\t},\n\t\t{\n\t\t\t\"Effect\": \"Allow\",\n\t\t\t\"Action\": [\n\t\t\t\t\"redshift:DescribeNodeConfigurationOptions\",\n\t\t\t\t\"redshift:DescribeOrderableClusterOptions\",\n\t\t\t\t\"redshift:DescribeClusterParameterGroups\",\n\t\t\t\t\"redshift:DescribeClusterTracks\"\n\t\t\t],\n\t\t\t\"Resource\": \"*\"\n\t\t},\n\t\t{\n\t\t\t\"Effect\": \"Allow\",\n\t\t\t\"Action\": [\n\t\t\t\t\"cloudformation:ListStacks\"\n\t\t\t],\n\t\t\t\"Resource\": [\n\t\t\t\t\"arn:aws:cloudformation:*:*:stack/*\"\n\t\t\t]\n\t\t},\n\t\t{\n\t\t\t\"Effect\": \"Allow\",\n\t\t\t\"Action\": [\n\t\t\t\t\"ssm-sap:GetOperation\",\n\t\t\t\t\"ssm-sap:ListDatabases\"\n\t\t\t],\n\t\t\t\"Resource\": \"*\"\n\t\t},\n\t\t{\n\t\t\t\"Effect\": \"Allow\",\n\t\t\t\"Action\": [\n\t\t\t\t\"ssm-sap:GetDatabase\",\n\t\t\t\t\"ssm-sap:ListTagsForResource\"\n\t\t\t],\n\t\t\t\"Resource\": \"arn:aws:ssm-sap:*:*:*\"\n\t\t}\n\t]\n}",
            "policy_id": "ANPAZKAPJZG4KHXVYMY4O",
            "tags": {}
          },
          "sensitive_attributes": []
        }
      ]
    },
    {
      "module": "module.baseline.module.global[0]",
      "mode": "data",
      "type": "aws_iam_policy",
      "name": "ssm_managed_instance_core",
      "provider": "provider[\"registry.terraform.io/hashicorp/aws\"].app",
      "instances": [
        {
          "schema_version": 0,
          "attributes": {
            "arn": "arn:aws:iam::aws:policy/AmazonSSMManagedInstanceCore",
            "description": "The policy for Amazon EC2 Role to enable AWS Systems Manager service core functionality.",
            "id": "arn:aws:iam::aws:policy/AmazonSSMManagedInstanceCore",
            "name": "AmazonSSMManagedInstanceCore",
            "path": "/",
            "path_prefix": null,
            "policy": "{\n    \"Version\": \"2012-10-17\",\n    \"Statement\": [\n        {\n            \"Effect\": \"Allow\",\n            \"Action\": [\n                \"ssm:DescribeAssociation\",\n                \"ssm:GetDeployablePatchSnapshotForInstance\",\n                \"ssm:GetDocument\",\n                \"ssm:DescribeDocument\",\n                \"ssm:GetManifest\",\n                \"ssm:GetParameter\",\n                \"ssm:GetParameters\",\n                \"ssm:ListAssociations\",\n                \"ssm:ListInstanceAssociations\",\n                \"ssm:PutInventory\",\n                \"ssm:PutComplianceItems\",\n                \"ssm:PutConfigurePackageResult\",\n                \"ssm:UpdateAssociationStatus\",\n                \"ssm:UpdateInstanceAssociationStatus\",\n                \"ssm:UpdateInstanceInformation\"\n            ],\n            \"Resource\": \"*\"\n        },\n        {\n            \"Effect\": \"Allow\",\n            \"Action\": [\n                \"ssmmessages:CreateControlChannel\",\n                \"ssmmessages:CreateDataChannel\",\n                \"ssmmessages:OpenControlChannel\",\n                \"ssmmessages:OpenDataChannel\"\n            ],\n            \"Resource\": \"*\"\n        },\n        {\n            \"Effect\": \"Allow\",\n            \"Action\": [\n                \"ec2messages:AcknowledgeMessage\",\n                \"ec2messages:DeleteMessage\",\n                \"ec2messages:FailMessage\",\n                \"ec2messages:GetEndpoint\",\n                \"ec2messages:GetMessages\",\n                \"ec2messages:SendReply\"\n            ],\n            \"Resource\": \"*\"\n        }\n    ]\n}",
            "policy_id": "ANPAIXSHM2BNB2D3AXXRU",
            "tags": {}
          },
          "sensitive_attributes": []
        }
      ]
    },
    {
      "module": "module.baseline.module.global[0]",
      "mode": "managed",
      "type": "aws_iam_access_key",
      "name": "automation",
      "provider": "provider[\"registry.terraform.io/hashicorp/aws\"].deploy",
      "instances": [
        {
          "schema_version": 0,
          "attributes": {
            "create_date": "2023-02-15T07:38:43Z",
            "encrypted_secret": null,
            "encrypted_ses_smtp_password_v4": null,
            "id": "AKIA5AIBRYH4YFCBGYT5",
            "key_fingerprint": null,
            "pgp_key": null,
            "secret": "c958sEYq2fmSJrrYP/ZtTUG0OyrbaVt7F8bS5GUs",
            "ses_smtp_password_v4": "BAyYsnFgoXZzRaC94tU435EN2r46fr5ojsqnMYy1N2TP",
            "status": "Active",
            "user": "user-np-aft-app-091563-dev-automation"
          },
          "sensitive_attributes": [],
          "private": "bnVsbA==",
          "dependencies": [
            "data.aws_caller_identity.current",
            "module.baseline.data.aws_ssm_parameters_by_path.app_vars",
            "module.baseline.data.aws_ssm_parameters_by_path.legacy_app_vars",
            "module.baseline.module.global.aws_iam_user.automation"
          ]
        }
      ]
    },
    {
      "module": "module.baseline.module.global[0]",
      "mode": "managed",
      "type": "aws_iam_instance_profile",
      "name": "ssm_instance_profile",
      "provider": "provider[\"registry.terraform.io/hashicorp/aws\"].app",
      "instances": [
        {
          "schema_version": 0,
          "attributes": {
            "arn": "arn:aws:iam::893893329401:instance-profile/ec2p-np-aft-app-091563-dev-ssm",
            "create_date": "2023-02-15T07:38:45Z",
            "id": "ec2p-np-aft-app-091563-dev-ssm",
            "name": "ec2p-np-aft-app-091563-dev-ssm",
            "name_prefix": null,
            "path": "/",
            "role": "role-np-aft-app-091563-dev-ssm",
            "tags": null,
            "tags_all": {
              "appid": "aft-app-091563",
              "environment": "dev",
              "stla_lz": "true"
            },
            "unique_id": "AIPA5AIBRYH4S3LFX3SF4"
          },
          "sensitive_attributes": [],
          "private": "bnVsbA==",
          "dependencies": [
            "data.aws_caller_identity.current",
            "module.baseline.data.aws_ssm_parameters_by_path.app_vars",
            "module.baseline.data.aws_ssm_parameters_by_path.legacy_app_vars",
            "module.baseline.module.global.aws_iam_role.ssm_instance"
          ]
        }
      ]
    },
    {
      "module": "module.baseline.module.global[0]",
      "mode": "managed",
      "type": "aws_iam_role",
      "name": "automation",
      "provider": "provider[\"registry.terraform.io/hashicorp/aws\"].app",
      "instances": [
        {
          "schema_version": 0,
          "attributes": {
            "arn": "arn:aws:iam::893893329401:role/role-np-aft-app-091563-dev-automation",
            "assume_role_policy": "{\"Statement\":[{\"Action\":\"sts:AssumeRole\",\"Effect\":\"Allow\",\"Principal\":{\"AWS\":\"arn:aws:iam::893893329401:user/user-np-aft-app-091563-dev-automation\"}}],\"Version\":\"2012-10-17\"}",
            "create_date": "2023-02-15T07:38:52Z",
            "description": "",
            "force_detach_policies": false,
            "id": "role-np-aft-app-091563-dev-automation",
            "inline_policy": [
              {
                "name": "IAMRoleManagement",
                "policy": "{\"Version\":\"2012-10-17\",\"Statement\":[{\"Action\":[\"organizations:*\",\"purchase-orders:*\",\"pricing:*\",\"sso:*\",\"tax:*\",\"cur:*\",\"aws-marketplace:*\",\"ce:*\",\"aws-portal:*\",\"ec2:AttachInternetGateway\",\"ec2:CreateCustomerGateway\",\"ec2:CreateInternetGateway\",\"ec2:CreateNetworkAcl\",\"ec2:CreateNetworkAclEntry\",\"ec2:DeleteFlowLogs\",\"ec2:DeleteInternetGateway\",\"ec2:ModifyTransitGateway\",\"ec2:ModifyTransitGatewayVpcAttachment\",\"iam:CreateAccountAlias\",\"iam:CreateOpenIDConnectProvider\",\"iam:CreateSAMLProvider\",\"iam:CreateUser\",\"iam:DeleteAccountAlias\",\"iam:DeleteGroup\",\"iam:DeleteUser\",\"iam:GenerateCredentialReport\",\"iam:GetCredentialReport\"],\"Effect\":\"Deny\",\"Resource\":\"*\"},{\"Action\":[\"ssm:*\",\"appconfig:*\",\"cloudformation:*\",\"cloudwatch:*\",\"applicationinsights:*\",\"evidently:*\",\"logs:*\",\"rum:*\",\"synthetics:*\",\"elasticloadbalancing:*\",\"route53:*\",\"route53domains:*\",\"route53-recovery-cluster:*\",\"route53-recovery-control-config:*\",\"route53-recovery-readiness:*\",\"appmesh:*\",\"servicediscovery:*\",\"execute-api:*\",\"apigateway:*\",\"cloudfront:*\",\"wafv2:*\",\"acm:*\",\"acm-pca:*\",\"secretsmanager:*\",\"cloudtrail:*\",\"kms:*\",\"s3:*\",\"s3-object-lambda:*\",\"glacier:*\",\"ebs:*\",\"elasticfilesystem:*\",\"ecr:*\",\"ecr-public:*\",\"fsx:*\",\"ec2:*\",\"ec2-instance-connect:*\",\"ecs:*\",\"lambda:*\",\"eks:*\",\"batch:*\",\"apprunner:*\",\"elasticbeanstalk:*\",\"application-autoscaling:*\",\"dms:*\",\"rds:*\",\"rds-data:*\",\"elasticache:*\",\"dynamodb:*\",\"dax:*\",\"memorydb:*\",\"es:*\",\"aoss:*\",\"sns:*\",\"sqs:*\",\"mq:*\",\"kafka-cluster:*\",\"kafka:*\",\"kafkaconnect:*\",\"kinesis:*\",\"kinesisanalytics:*\",\"firehose:*\",\"kinesisvideo:*\",\"transfer:*\",\"glue:*\",\"databrew:*\",\"events:*\",\"schemas:*\",\"scheduler:*\",\"pipes:*\",\"states:*\",\"datasync:*\",\"ses:*\",\"athena:*\",\"iam:*\",\"sts:*\",\"cloud9:*\",\"ram:*\",\"support:*\",\"access-analyzer:*\",\"resource-explorer-2:*\",\"tag:*\",\"resource-groups:*\",\"cognito-idp:*\",\"cognito-sync:*\"],\"Effect\":\"Allow\",\"Resource\":\"*\"}]}"
              }
            ],
            "managed_policy_arns": [],
            "max_session_duration": 14400,
            "name": "role-np-aft-app-091563-dev-automation",
            "name_prefix": "",
            "path": "/",
            "permissions_boundary": null,
            "tags": null,
            "tags_all": {
              "appid": "aft-app-091563",
              "environment": "dev",
              "stla_lz": "true"
            },
            "unique_id": "AROA5AIBRYH4SJMKGDKF7"
          },
          "sensitive_attributes": [],
          "private": "bnVsbA==",
          "dependencies": [
            "data.aws_caller_identity.current",
            "module.baseline.data.aws_ssm_parameters_by_path.app_vars",
            "module.baseline.data.aws_ssm_parameters_by_path.legacy_app_vars",
            "module.baseline.module.global.aws_iam_user.automation"
          ]
        }
      ]
    },
    {
      "module": "module.baseline.module.global[0]",
      "mode": "managed",
      "type": "aws_iam_role",
      "name": "ssm_instance",
      "provider": "provider[\"registry.terraform.io/hashicorp/aws\"].app",
      "instances": [
        {
          "schema_version": 0,
          "attributes": {
            "arn": "arn:aws:iam::893893329401:role/role-np-aft-app-091563-dev-ssm",
            "assume_role_policy": "{\"Statement\":[{\"Action\":\"sts:AssumeRole\",\"Effect\":\"Allow\",\"Principal\":{\"Service\":\"ec2.amazonaws.com\"}}],\"Version\":\"2012-10-17\"}",
            "create_date": "2023-02-15T07:38:42Z",
            "description": "",
            "force_detach_policies": false,
            "id": "role-np-aft-app-091563-dev-ssm",
            "inline_policy": [
              {
                "name": "SSMLoggingPolicy",
                "policy": "{\"Version\":\"2012-10-17\",\"Statement\":[{\"Action\":[\"logs:CreateLogStream\",\"logs:PutLogEvents\",\"logs:DescribeLogGroups\",\"logs:DescribeLogStreams\"],\"Effect\":\"Allow\",\"Resource\":\"*\"}]}"
              }
            ],
            "managed_policy_arns": [],
            "max_session_duration": 14400,
            "name": "role-np-aft-app-091563-dev-ssm",
            "name_prefix": "",
            "path": "/",
            "permissions_boundary": null,
            "tags": null,
            "tags_all": {
              "appid": "aft-app-091563",
              "environment": "dev",
              "stla_lz": "true"
            },
            "unique_id": "AROA5AIBRYH4SOMOQFQOK"
          },
          "sensitive_attributes": [],
          "private": "bnVsbA==",
          "dependencies": [
            "data.aws_caller_identity.current",
            "module.baseline.data.aws_ssm_parameters_by_path.app_vars",
            "module.baseline.data.aws_ssm_parameters_by_path.legacy_app_vars"
          ]
        }
      ]
    },
    {
      "module": "module.baseline.module.global[0]",
      "mode": "managed",
      "type": "aws_iam_role",
      "name": "vpc_flow_logs",
      "provider": "provider[\"registry.terraform.io/hashicorp/aws\"].app",
      "instances": [
        {
          "schema_version": 0,
          "attributes": {
            "arn": "arn:aws:iam::893893329401:role/role-np-aft-app-091563-dev-vpc-flow-logs",
            "assume_role_policy": "{\"Statement\":[{\"Action\":\"sts:AssumeRole\",\"Effect\":\"Allow\",\"Principal\":{\"Service\":\"vpc-flow-logs.amazonaws.com\"},\"Sid\":\"\"}],\"Version\":\"2012-10-17\"}",
            "create_date": "2023-02-15T07:38:42Z",
            "description": "",
            "force_detach_policies": false,
            "id": "role-np-aft-app-091563-dev-vpc-flow-logs",
            "inline_policy": [],
            "managed_policy_arns": [],
            "max_session_duration": 3600,
            "name": "role-np-aft-app-091563-dev-vpc-flow-logs",
            "name_prefix": "",
            "path": "/",
            "permissions_boundary": null,
            "tags": null,
            "tags_all": {
              "appid": "aft-app-091563",
              "environment": "dev",
              "stla_lz": "true"
            },
            "unique_id": "AROA5AIBRYH4WJ4IWXJC6"
          },
          "sensitive_attributes": [],
          "private": "bnVsbA==",
          "dependencies": [
            "data.aws_caller_identity.current",
            "module.baseline.data.aws_ssm_parameters_by_path.app_vars",
            "module.baseline.data.aws_ssm_parameters_by_path.legacy_app_vars"
          ]
        }
      ]
    },
    {
      "module": "module.baseline.module.global[0]",
      "mode": "managed",
      "type": "aws_iam_role_policy",
      "name": "vpc_flow_logs",
      "provider": "provider[\"registry.terraform.io/hashicorp/aws\"].app",
      "instances": [
        {
          "schema_version": 0,
          "attributes": {
            "id": "role-np-aft-app-091563-dev-vpc-flow-logs:policy-np-aft-app-091563-dev-vpc-flow-logs",
            "name": "policy-np-aft-app-091563-dev-vpc-flow-logs",
            "name_prefix": null,
            "policy": "{\"Version\":\"2012-10-17\",\"Statement\":[{\"Action\":[\"logs:CreateLogGroup\",\"logs:CreateLogStream\",\"logs:PutLogEvents\",\"logs:DescribeLogGroups\",\"logs:DescribeLogStreams\"],\"Effect\":\"Allow\",\"Resource\":\"*\"}]}",
            "role": "role-np-aft-app-091563-dev-vpc-flow-logs"
          },
          "sensitive_attributes": [],
          "private": "bnVsbA==",
          "dependencies": [
            "data.aws_caller_identity.current",
            "module.baseline.data.aws_ssm_parameters_by_path.app_vars",
            "module.baseline.data.aws_ssm_parameters_by_path.legacy_app_vars",
            "module.baseline.module.global.aws_iam_role.vpc_flow_logs"
          ]
        }
      ]
    },
    {
      "module": "module.baseline.module.global[0]",
      "mode": "managed",
      "type": "aws_iam_role_policy_attachment",
      "name": "aws_backup_operator_access",
      "provider": "provider[\"registry.terraform.io/hashicorp/aws\"].app",
      "instances": [
        {
          "schema_version": 0,
          "attributes": {
            "id": "role-np-aft-app-091563-dev-automation-20230215073854946500000003",
            "policy_arn": "arn:aws:iam::aws:policy/AWSBackupOperatorAccess",
            "role": "role-np-aft-app-091563-dev-automation"
          },
          "sensitive_attributes": [],
          "private": "bnVsbA==",
          "dependencies": [
            "data.aws_caller_identity.current",
            "module.baseline.data.aws_ssm_parameters_by_path.app_vars",
            "module.baseline.data.aws_ssm_parameters_by_path.legacy_app_vars",
            "module.baseline.module.global.aws_iam_role.automation",
            "module.baseline.module.global.aws_iam_user.automation",
            "module.baseline.module.global.data.aws_iam_policy.aws_backup_operator_access"
          ]
        }
      ]
    },
    {
      "module": "module.baseline.module.global[0]",
      "mode": "managed",
      "type": "aws_iam_role_policy_attachment",
      "name": "ssm_managed_instance_core",
      "provider": "provider[\"registry.terraform.io/hashicorp/aws\"].app",
      "instances": [
        {
          "schema_version": 0,
          "attributes": {
            "id": "role-np-aft-app-091563-dev-ssm-20230215073845613800000002",
            "policy_arn": "arn:aws:iam::aws:policy/AmazonSSMManagedInstanceCore",
            "role": "role-np-aft-app-091563-dev-ssm"
          },
          "sensitive_attributes": [],
          "private": "bnVsbA==",
          "dependencies": [
            "data.aws_caller_identity.current",
            "module.baseline.data.aws_ssm_parameters_by_path.app_vars",
            "module.baseline.data.aws_ssm_parameters_by_path.legacy_app_vars",
            "module.baseline.module.global.aws_iam_role.ssm_instance",
            "module.baseline.module.global.data.aws_iam_policy.ssm_managed_instance_core"
          ]
        }
      ]
    },
    {
      "module": "module.baseline.module.global[0]",
      "mode": "managed",
      "type": "aws_iam_user",
      "name": "automation",
      "provider": "provider[\"registry.terraform.io/hashicorp/aws\"].deploy",
      "instances": [
        {
          "schema_version": 0,
          "attributes": {
            "arn": "arn:aws:iam::893893329401:user/user-np-aft-app-091563-dev-automation",
            "force_destroy": true,
            "id": "user-np-aft-app-091563-dev-automation",
            "name": "user-np-aft-app-091563-dev-automation",
            "path": "/",
            "permissions_boundary": null,
            "tags": null,
            "tags_all": {
              "stla_lz": "true"
            },
            "unique_id": "AIDA5AIBRYH47VT3TL7NG"
          },
          "sensitive_attributes": [],
          "private": "bnVsbA==",
          "dependencies": [
            "data.aws_caller_identity.current",
            "module.baseline.data.aws_ssm_parameters_by_path.app_vars",
            "module.baseline.data.aws_ssm_parameters_by_path.legacy_app_vars"
          ]
        }
      ]
    },
    {
      "module": "module.baseline.module.global[0]",
      "mode": "managed",
      "type": "aws_iam_user_policy",
      "name": "automation",
      "provider": "provider[\"registry.terraform.io/hashicorp/aws\"].deploy",
      "instances": [
        {
          "schema_version": 0,
          "attributes": {
            "id": "user-np-aft-app-091563-dev-automation:AssumableRoles",
            "name": "AssumableRoles",
            "name_prefix": null,
            "policy": "{\"Version\":\"2012-10-17\",\"Statement\":[{\"Action\":\"sts:AssumeRole\",\"Effect\":\"Allow\",\"Resource\":\"arn:aws:iam::893893329401:role/*\"}]}",
            "user": "user-np-aft-app-091563-dev-automation"
          },
          "sensitive_attributes": [],
          "private": "bnVsbA==",
          "dependencies": [
            "data.aws_caller_identity.current",
            "module.baseline.data.aws_caller_identity.app",
            "module.baseline.data.aws_ssm_parameters_by_path.app_vars",
            "module.baseline.data.aws_ssm_parameters_by_path.legacy_app_vars",
            "module.baseline.module.global.aws_iam_user.automation"
          ]
        }
      ]
    },
    {
      "module": "module.baseline.module.global[0]",
      "mode": "managed",
      "type": "aws_secretsmanager_secret",
      "name": "automation",
      "provider": "provider[\"registry.terraform.io/hashicorp/aws\"].app",
      "instances": [
        {
          "schema_version": 0,
          "attributes": {
            "arn": "arn:aws:secretsmanager:eu-west-3:893893329401:secret:/lz/credentials/user-np-aft-app-091563-dev-automation-KFKORI",
            "description": "",
            "force_overwrite_replica_secret": false,
            "id": "arn:aws:secretsmanager:eu-west-3:893893329401:secret:/lz/credentials/user-np-aft-app-091563-dev-automation-KFKORI",
            "kms_key_id": "",
            "name": "/lz/credentials/user-np-aft-app-091563-dev-automation",
            "name_prefix": "",
            "policy": "",
            "recovery_window_in_days": 0,
            "replica": [
              {
                "kms_key_id": "alias/aws/secretsmanager",
                "last_accessed_date": "",
                "region": "eu-west-1",
                "status": "InProgress",
                "status_message": ""
              }
            ],
            "rotation_enabled": false,
            "rotation_lambda_arn": "",
            "rotation_rules": [],
            "tags": null,
            "tags_all": {
              "appid": "aft-app-091563",
              "environment": "dev",
              "stla_lz": "true"
            }
          },
          "sensitive_attributes": [],
          "private": "bnVsbA==",
          "dependencies": [
            "data.aws_caller_identity.current",
            "module.baseline.data.aws_region.current",
            "module.baseline.data.aws_ssm_parameters_by_path.app_vars",
            "module.baseline.data.aws_ssm_parameters_by_path.deploy_core_vars",
            "module.baseline.data.aws_ssm_parameters_by_path.deploy_vars",
            "module.baseline.data.aws_ssm_parameters_by_path.legacy_app_vars"
          ]
        }
      ]
    },
    {
      "module": "module.baseline.module.global[0]",
      "mode": "managed",
      "type": "aws_secretsmanager_secret_version",
      "name": "automation",
      "provider": "provider[\"registry.terraform.io/hashicorp/aws\"].app",
      "instances": [
        {
          "schema_version": 0,
          "attributes": {
            "arn": "arn:aws:secretsmanager:eu-west-3:893893329401:secret:/lz/credentials/user-np-aft-app-091563-dev-automation-KFKORI",
            "id": "arn:aws:secretsmanager:eu-west-3:893893329401:secret:/lz/credentials/user-np-aft-app-091563-dev-automation-KFKORI|010D8D2E-F90A-4FA2-8DB9-312F95C24AFC",
            "secret_binary": "",
            "secret_id": "arn:aws:secretsmanager:eu-west-3:893893329401:secret:/lz/credentials/user-np-aft-app-091563-dev-automation-KFKORI",
            "secret_string": "{\"AWS_ACCESS_KEY_ID\":\"AKIA5AIBRYH4YFCBGYT5\",\"AWS_ROLE_ARN\":\"arn:aws:iam::893893329401:role/role-np-aft-app-091563-dev-automation\",\"AWS_SECRET_ACCESS_KEY\":\"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\"}",
            "version_id": "010D8D2E-F90A-4FA2-8DB9-312F95C24AFC",
            "version_stages": [
              "AWSCURRENT"
            ]
          },
          "sensitive_attributes": [
            [
              {
                "type": "get_attr",
                "value": "secret_string"
              }
            ]
          ],
          "private": "bnVsbA==",
          "dependencies": [
            "data.aws_caller_identity.current",
            "module.baseline.data.aws_region.current",
            "module.baseline.data.aws_ssm_parameters_by_path.app_vars",
            "module.baseline.data.aws_ssm_parameters_by_path.deploy_core_vars",
            "module.baseline.data.aws_ssm_parameters_by_path.deploy_vars",
            "module.baseline.data.aws_ssm_parameters_by_path.legacy_app_vars",
            "module.baseline.module.global.aws_iam_access_key.automation",
            "module.baseline.module.global.aws_iam_role.automation",
            "module.baseline.module.global.aws_iam_user.automation",
            "module.baseline.module.global.aws_secretsmanager_secret.automation"
          ]
        }
      ]
    },
    {
      "module": "module.baseline.module.standalone[0]",
      "mode": "data",
      "type": "aws_caller_identity",
      "name": "app",
      "provider": "provider[\"registry.terraform.io/hashicorp/aws\"].app",
      "instances": [
        {
          "schema_version": 0,
          "attributes": {
            "account_id": "893893329401",
            "arn": "arn:aws:sts::893893329401:assumed-role/STLA-Terraform-LZ-Provisioning/aws-go-sdk-1676446690832021900",
            "id": "893893329401",
            "user_id": "AROA5AIBRYH4VCP5ITJRH:aws-go-sdk-1676446690832021900"
          },
          "sensitive_attributes": []
        }
      ]
    },
    {
      "module": "module.baseline.module.standalone[0]",
      "mode": "data",
      "type": "aws_route53_zone",
      "name": "parent",
      "provider": "provider[\"registry.terraform.io/hashicorp/aws\"].hub",
      "instances": [
        {
          "schema_version": 0,
          "attributes": {
            "arn": "arn:aws:route53:::hostedzone/Z04144003I90QX7DFB3LQ",
            "caller_reference": "terraform-20230213094541368500000001",
            "comment": "Top-level public zone, managed by Terraform",
            "id": "Z04144003I90QX7DFB3LQ",
            "linked_service_description": null,
            "linked_service_principal": null,
            "name": "np.np-eu-xp.stla-aws.net",
            "name_servers": [
              "ns-381.awsdns-47.com",
              "ns-1959.awsdns-52.co.uk",
              "ns-577.awsdns-08.net",
              "ns-1046.awsdns-02.org"
            ],
            "primary_name_server": "ns-381.awsdns-47.com",
            "private_zone": false,
            "resource_record_set_count": 2,
            "tags": {
              "stla_lz": "true",
              "stla_region": "np-eu-xp"
            },
            "vpc_id": null,
            "zone_id": "Z04144003I90QX7DFB3LQ"
          },
          "sensitive_attributes": []
        }
      ]
    },
    {
      "module": "module.baseline.module.standalone[0]",
      "mode": "data",
      "type": "aws_vpc_endpoint_service",
      "name": "firewall",
      "provider": "provider[\"registry.terraform.io/hashicorp/aws\"].hub",
      "instances": [
        {
          "schema_version": 0,
          "attributes": {
            "acceptance_required": false,
            "arn": "arn:aws:ec2:eu-west-3:787987996086:vpc-endpoint-service/vpce-svc-0fd0dc847921b4805",
            "availability_zones": [
              "eu-west-3a",
              "eu-west-3b",
              "eu-west-3c"
            ],
            "base_endpoint_dns_names": [],
            "filter": null,
            "id": "3216668052",
            "manages_vpc_endpoints": false,
            "owner": "787987996086",
            "private_dns_name": "",
            "service": null,
            "service_id": "vpce-svc-0fd0dc847921b4805",
            "service_name": "com.amazonaws.vpce.eu-west-3.vpce-svc-0fd0dc847921b4805",
            "service_type": "GatewayLoadBalancer",
            "supported_ip_address_types": [
              "ipv4"
            ],
            "tags": {
              "Name": "eps-inspection-fw",
              "stla_lz": "true"
            },
            "timeouts": null,
            "vpc_endpoint_policy_supported": false
          },
          "sensitive_attributes": []
        }
      ]
    },
    {
      "module": "module.baseline.module.standalone[0]",
      "mode": "managed",
      "type": "aws_route53_record",
      "name": "delegated_ns_records",
      "provider": "provider[\"registry.terraform.io/hashicorp/aws\"].hub",
      "instances": [
        {
          "index_key": 0,
          "schema_version": 2,
          "attributes": {
            "alias": [],
            "allow_overwrite": null,
            "failover_routing_policy": [],
            "fqdn": "aft-app-091563-dev.np.np-eu-xp.stla-aws.net",
            "geolocation_routing_policy": [],
            "health_check_id": null,
            "id": "Z04144003I90QX7DFB3LQ_aft-app-091563-dev_NS",
            "latency_routing_policy": [],
            "multivalue_answer_routing_policy": null,
            "name": "aft-app-091563-dev",
            "records": [
              "ns-1123.awsdns-12.org.",
              "ns-1776.awsdns-30.co.uk.",
              "ns-632.awsdns-15.net.",
              "ns-68.awsdns-08.com."
            ],
            "set_identifier": null,
            "ttl": 300,
            "type": "NS",
            "weighted_routing_policy": [],
            "zone_id": "Z04144003I90QX7DFB3LQ"
          },
          "sensitive_attributes": [],
          "private": "eyJzY2hlbWFfdmVyc2lvbiI6IjIifQ==",
          "dependencies": [
            "data.aws_caller_identity.current",
            "module.baseline.data.aws_ssm_parameters_by_path.app_vars",
            "module.baseline.data.aws_ssm_parameters_by_path.deploy_core_vars",
            "module.baseline.data.aws_ssm_parameters_by_path.deploy_vars",
            "module.baseline.data.aws_ssm_parameters_by_path.legacy_app_vars",
            "module.baseline.module.standalone.aws_route53_zone.delegated",
            "module.baseline.module.standalone.data.aws_route53_zone.parent"
          ]
        }
      ]
    },
    {
      "module": "module.baseline.module.standalone[0]",
      "mode": "managed",
      "type": "aws_route53_zone",
      "name": "delegated",
      "provider": "provider[\"registry.terraform.io/hashicorp/aws\"].app",
      "instances": [
        {
          "index_key": 0,
          "schema_version": 0,
          "attributes": {
            "arn": "arn:aws:route53:::hostedzone/Z0103797F0BIA638Y4L6",
            "comment": "Delegated zone for np-aft-app-091563-dev, managed by LZ",
            "delegation_set_id": "",
            "force_destroy": false,
            "id": "Z0103797F0BIA638Y4L6",
            "name": "aft-app-091563-dev.np.np-eu-xp.stla-aws.net",
            "name_servers": [
              "ns-1123.awsdns-12.org",
              "ns-1776.awsdns-30.co.uk",
              "ns-632.awsdns-15.net",
              "ns-68.awsdns-08.com"
            ],
            "primary_name_server": "ns-632.awsdns-15.net",
            "tags": null,
            "tags_all": {
              "appid": "aft-app-091563",
              "environment": "dev",
              "stla_lz": "true"
            },
            "vpc": [],
            "zone_id": "Z0103797F0BIA638Y4L6"
          },
          "sensitive_attributes": [],
          "private": "bnVsbA==",
          "dependencies": [
            "data.aws_caller_identity.current",
            "module.baseline.data.aws_ssm_parameters_by_path.app_vars",
            "module.baseline.data.aws_ssm_parameters_by_path.deploy_core_vars",
            "module.baseline.data.aws_ssm_parameters_by_path.deploy_vars",
            "module.baseline.data.aws_ssm_parameters_by_path.legacy_app_vars"
          ]
        }
      ]
    },
    {
      "module": "module.baseline.module.standalone[0]",
      "mode": "managed",
      "type": "aws_vpc_endpoint_service_allowed_principal",
      "name": "firewall",
      "provider": "provider[\"registry.terraform.io/hashicorp/aws\"].hub",
      "instances": [
        {
          "schema_version": 0,
          "attributes": {
            "id": "a-vpce-svc-0fd0dc847921b48053144802728",
            "principal_arn": "arn:aws:iam::893893329401:root",
            "vpc_endpoint_service_id": "vpce-svc-0fd0dc847921b4805"
          },
          "sensitive_attributes": [],
          "private": "bnVsbA==",
          "dependencies": [
            "data.aws_caller_identity.current",
            "module.baseline.data.aws_ssm_parameters_by_path.app_vars",
            "module.baseline.data.aws_ssm_parameters_by_path.legacy_app_vars",
            "module.baseline.module.standalone.data.aws_caller_identity.app",
            "module.baseline.module.standalone.data.aws_vpc_endpoint_service.firewall"
          ]
        }
      ]
    },
    {
      "module": "module.baseline.module.standalone[0].module.vpc[0]",
      "mode": "data",
      "type": "aws_caller_identity",
      "name": "app",
      "provider": "provider[\"registry.terraform.io/hashicorp/aws\"].app",
      "instances": [
        {
          "schema_version": 0,
          "attributes": {
            "account_id": "893893329401",
            "arn": "arn:aws:sts::893893329401:assumed-role/STLA-Terraform-LZ-Provisioning/aws-go-sdk-1676446713780052900",
            "id": "893893329401",
            "user_id": "AROA5AIBRYH4VCP5ITJRH:aws-go-sdk-1676446713780052900"
          },
          "sensitive_attributes": []
        }
      ]
    },
    {
      "module": "module.baseline.module.standalone[0].module.vpc[0]",
      "mode": "data",
      "type": "aws_region",
      "name": "current",
      "provider": "provider[\"registry.terraform.io/hashicorp/aws\"].app",
      "instances": [
        {
          "schema_version": 0,
          "attributes": {
            "description": "Europe (Paris)",
            "endpoint": "ec2.eu-west-3.amazonaws.com",
            "id": "eu-west-3",
            "name": "eu-west-3"
          },
          "sensitive_attributes": []
        }
      ]
    },
    {
      "module": "module.baseline.module.standalone[0].module.vpc[0]",
      "mode": "managed",
      "type": "aws_cloudwatch_log_group",
      "name": "vpc_flow_logs",
      "provider": "provider[\"registry.terraform.io/hashicorp/aws\"].app",
      "instances": [
        {
          "schema_version": 0,
          "attributes": {
            "arn": "arn:aws:logs:eu-west-3:893893329401:log-group:/stla/vpc-flow-logs/np-aft-app-091563-dev-0/vpc-037e9bf11844ed848",
            "id": "/stla/vpc-flow-logs/np-aft-app-091563-dev-0/vpc-037e9bf11844ed848",
            "kms_key_id": "",
            "name": "/stla/vpc-flow-logs/np-aft-app-091563-dev-0/vpc-037e9bf11844ed848",
            "name_prefix": "",
            "retention_in_days": 7,
            "skip_destroy": false,
            "tags": null,
            "tags_all": {
              "appid": "aft-app-091563",
              "environment": "dev",
              "stla_lz": "true"
            }
          },
          "sensitive_attributes": [],
          "private": "bnVsbA==",
          "dependencies": [
            "data.aws_caller_identity.current",
            "module.baseline.data.aws_ssm_parameters_by_path.app_vars",
            "module.baseline.data.aws_ssm_parameters_by_path.legacy_app_vars",
            "module.baseline.module.standalone.aws_vpc_endpoint_service_allowed_principal.firewall",
            "module.baseline.module.standalone.data.aws_caller_identity.app",
            "module.baseline.module.standalone.data.aws_vpc_endpoint_service.firewall",
            "module.baseline.module.standalone.module.vpc.aws_vpc.standalone"
          ]
        }
      ]
    },
    {
      "module": "module.baseline.module.standalone[0].module.vpc[0]",
      "mode": "managed",
      "type": "aws_ec2_tag",
      "name": "main_vpc",
      "provider": "provider[\"registry.terraform.io/hashicorp/aws\"].app",
      "instances": [
        {
          "schema_version": 0,
          "attributes": {
            "id": "rtb-099b76f765321bab2,Name",
            "key": "Name",
            "resource_id": "rtb-099b76f765321bab2",
            "value": "rt-np-aft-app-091563-dev-0-main"
          },
          "sensitive_attributes": [],
          "private": "bnVsbA==",
          "dependencies": [
            "data.aws_caller_identity.current",
            "module.baseline.data.aws_ssm_parameters_by_path.app_vars",
            "module.baseline.data.aws_ssm_parameters_by_path.legacy_app_vars",
            "module.baseline.module.standalone.aws_vpc_endpoint_service_allowed_principal.firewall",
            "module.baseline.module.standalone.data.aws_caller_identity.app",
            "module.baseline.module.standalone.data.aws_vpc_endpoint_service.firewall",
            "module.baseline.module.standalone.module.vpc.aws_vpc.standalone"
          ]
        }
      ]
    },
    {
      "module": "module.baseline.module.standalone[0].module.vpc[0]",
      "mode": "managed",
      "type": "aws_ec2_tag",
      "name": "main_vpc_defaults",
      "provider": "provider[\"registry.terraform.io/hashicorp/aws\"].app",
      "instances": [
        {
          "index_key": "appid",
          "schema_version": 0,
          "attributes": {
            "id": "rtb-099b76f765321bab2,appid",
            "key": "appid",
            "resource_id": "rtb-099b76f765321bab2",
            "value": "aft-app-091563"
          },
          "sensitive_attributes": [],
          "private": "bnVsbA==",
          "dependencies": [
            "data.aws_caller_identity.current",
            "module.baseline.data.aws_ssm_parameters_by_path.app_vars",
            "module.baseline.data.aws_ssm_parameters_by_path.legacy_app_vars",
            "module.baseline.module.standalone.aws_vpc_endpoint_service_allowed_principal.firewall",
            "module.baseline.module.standalone.data.aws_caller_identity.app",
            "module.baseline.module.standalone.data.aws_vpc_endpoint_service.firewall",
            "module.baseline.module.standalone.module.vpc.aws_vpc.standalone"
          ]
        },
        {
          "index_key": "environment",
          "schema_version": 0,
          "attributes": {
            "id": "rtb-099b76f765321bab2,environment",
            "key": "environment",
            "resource_id": "rtb-099b76f765321bab2",
            "value": "dev"
          },
          "sensitive_attributes": [],
          "private": "bnVsbA==",
          "dependencies": [
            "data.aws_caller_identity.current",
            "module.baseline.data.aws_ssm_parameters_by_path.app_vars",
            "module.baseline.data.aws_ssm_parameters_by_path.legacy_app_vars",
            "module.baseline.module.standalone.aws_vpc_endpoint_service_allowed_principal.firewall",
            "module.baseline.module.standalone.data.aws_caller_identity.app",
            "module.baseline.module.standalone.data.aws_vpc_endpoint_service.firewall",
            "module.baseline.module.standalone.module.vpc.aws_vpc.standalone"
          ]
        },
        {
          "index_key": "stla_lz",
          "schema_version": 0,
          "attributes": {
            "id": "rtb-099b76f765321bab2,stla_lz",
            "key": "stla_lz",
            "resource_id": "rtb-099b76f765321bab2",
            "value": "true"
          },
          "sensitive_attributes": [],
          "private": "bnVsbA==",
          "dependencies": [
            "data.aws_caller_identity.current",
            "module.baseline.data.aws_ssm_parameters_by_path.app_vars",
            "module.baseline.data.aws_ssm_parameters_by_path.legacy_app_vars",
            "module.baseline.module.standalone.aws_vpc_endpoint_service_allowed_principal.firewall",
            "module.baseline.module.standalone.data.aws_caller_identity.app",
            "module.baseline.module.standalone.data.aws_vpc_endpoint_service.firewall",
            "module.baseline.module.standalone.module.vpc.aws_vpc.standalone"
          ]
        }
      ]
    },
    {
      "module": "module.baseline.module.standalone[0].module.vpc[0]",
      "mode": "managed",
      "type": "aws_flow_log",
      "name": "flow_logs_cloudwatch",
      "provider": "provider[\"registry.terraform.io/hashicorp/aws\"].app",
      "instances": [
        {
          "schema_version": 0,
          "attributes": {
            "arn": "arn:aws:ec2:eu-west-3:893893329401:vpc-flow-log/fl-0752a447b5401c77b",
            "destination_options": [],
            "eni_id": null,
            "iam_role_arn": "arn:aws:iam::893893329401:role/role-np-aft-app-091563-dev-vpc-flow-logs",
            "id": "fl-0752a447b5401c77b",
            "log_destination": "arn:aws:logs:eu-west-3:893893329401:log-group:/stla/vpc-flow-logs/np-aft-app-091563-dev-0/vpc-037e9bf11844ed848",
            "log_destination_type": "cloud-watch-logs",
            "log_format": "${account-id} ${action} ${az-id} ${bytes} ${dstaddr} ${dstport} ${end} ${interface-id} ${instance-id} ${flow-direction} ${packets} ${protocol} ${start} ${subnet-id} ${vpc-id} ${version} ${tcp-flags} ${srcaddr} ${srcport} ${pkt-dstaddr} ${pkt-srcaddr} ${region} ${traffic-path}",
            "log_group_name": "/stla/vpc-flow-logs/np-aft-app-091563-dev-0/vpc-037e9bf11844ed848",
            "max_aggregation_interval": 600,
            "subnet_id": null,
            "tags": {
              "Name": "vpf-np-aft-app-091563-dev-0-all"
            },
            "tags_all": {
              "Name": "vpf-np-aft-app-091563-dev-0-all",
              "appid": "aft-app-091563",
              "environment": "dev",
              "stla_lz": "true"
            },
            "traffic_type": "ALL",
            "transit_gateway_attachment_id": null,
            "transit_gateway_id": null,
            "vpc_id": "vpc-037e9bf11844ed848"
          },
          "sensitive_attributes": [],
          "private": "bnVsbA==",
          "dependencies": [
            "data.aws_caller_identity.current",
            "module.baseline.data.aws_iam_role.vpc_flow_logs",
            "module.baseline.data.aws_ssm_parameters_by_path.app_vars",
            "module.baseline.data.aws_ssm_parameters_by_path.legacy_app_vars",
            "module.baseline.module.global.aws_iam_role.vpc_flow_logs",
            "module.baseline.module.standalone.aws_vpc_endpoint_service_allowed_principal.firewall",
            "module.baseline.module.standalone.data.aws_caller_identity.app",
            "module.baseline.module.standalone.data.aws_vpc_endpoint_service.firewall",
            "module.baseline.module.standalone.module.vpc.aws_cloudwatch_log_group.vpc_flow_logs",
            "module.baseline.module.standalone.module.vpc.aws_vpc.standalone"
          ]
        }
      ]
    },
    {
      "module": "module.baseline.module.standalone[0].module.vpc[0]",
      "mode": "managed",
      "type": "aws_internet_gateway",
      "name": "igw",
      "provider": "provider[\"registry.terraform.io/hashicorp/aws\"].app",
      "instances": [
        {
          "schema_version": 0,
          "attributes": {
            "arn": "arn:aws:ec2:eu-west-3:893893329401:internet-gateway/igw-05cf81528e02c39bd",
            "id": "igw-05cf81528e02c39bd",
            "owner_id": "893893329401",
            "tags": {
              "Name": "igw-np-aft-app-091563-dev-0"
            },
            "tags_all": {
              "Name": "igw-np-aft-app-091563-dev-0",
              "appid": "aft-app-091563",
              "environment": "dev",
              "stla_lz": "true"
            },
            "timeouts": null,
            "vpc_id": "vpc-037e9bf11844ed848"
          },
          "sensitive_attributes": [],
          "private": "eyJlMmJmYjczMC1lY2FhLTExZTYtOGY4OC0zNDM2M2JjN2M0YzAiOnsiY3JlYXRlIjoxMjAwMDAwMDAwMDAwLCJkZWxldGUiOjEyMDAwMDAwMDAwMDAsInVwZGF0ZSI6MTIwMDAwMDAwMDAwMH19",
          "dependencies": [
            "data.aws_caller_identity.current",
            "module.baseline.data.aws_ssm_parameters_by_path.app_vars",
            "module.baseline.data.aws_ssm_parameters_by_path.legacy_app_vars",
            "module.baseline.module.standalone.aws_vpc_endpoint_service_allowed_principal.firewall",
            "module.baseline.module.standalone.data.aws_caller_identity.app",
            "module.baseline.module.standalone.data.aws_vpc_endpoint_service.firewall",
            "module.baseline.module.standalone.module.vpc.aws_vpc.standalone"
          ]
        }
      ]
    },
    {
      "module": "module.baseline.module.standalone[0].module.vpc[0]",
      "mode": "managed",
      "type": "aws_route_table",
      "name": "firewall",
      "provider": "provider[\"registry.terraform.io/hashicorp/aws\"].app",
      "instances": [
        {
          "schema_version": 0,
          "attributes": {
            "arn": "arn:aws:ec2:eu-west-3:893893329401:route-table/rtb-0ac721acbc23e8c2b",
            "id": "rtb-0ac721acbc23e8c2b",
            "owner_id": "893893329401",
            "propagating_vgws": [],
            "route": [
              {
                "carrier_gateway_id": "",
                "cidr_block": "0.0.0.0/0",
                "core_network_arn": "",
                "destination_prefix_list_id": "",
                "egress_only_gateway_id": "",
                "gateway_id": "igw-05cf81528e02c39bd",
                "instance_id": "",
                "ipv6_cidr_block": "",
                "local_gateway_id": "",
                "nat_gateway_id": "",
                "network_interface_id": "",
                "transit_gateway_id": "",
                "vpc_endpoint_id": "",
                "vpc_peering_connection_id": ""
              }
            ],
            "tags": {
              "Name": "rt-np-aft-app-091563-dev-0-firewall"
            },
            "tags_all": {
              "Name": "rt-np-aft-app-091563-dev-0-firewall",
              "appid": "aft-app-091563",
              "environment": "dev",
              "stla_lz": "true"
            },
            "timeouts": null,
            "vpc_id": "vpc-037e9bf11844ed848"
          },
          "sensitive_attributes": [],
          "private": "eyJlMmJmYjczMC1lY2FhLTExZTYtOGY4OC0zNDM2M2JjN2M0YzAiOnsiY3JlYXRlIjozMDAwMDAwMDAwMDAsImRlbGV0ZSI6MzAwMDAwMDAwMDAwLCJ1cGRhdGUiOjEyMDAwMDAwMDAwMH19",
          "dependencies": [
            "data.aws_caller_identity.current",
            "module.baseline.data.aws_ssm_parameters_by_path.app_vars",
            "module.baseline.data.aws_ssm_parameters_by_path.legacy_app_vars",
            "module.baseline.module.standalone.aws_vpc_endpoint_service_allowed_principal.firewall",
            "module.baseline.module.standalone.data.aws_caller_identity.app",
            "module.baseline.module.standalone.data.aws_vpc_endpoint_service.firewall",
            "module.baseline.module.standalone.module.vpc.aws_internet_gateway.igw",
            "module.baseline.module.standalone.module.vpc.aws_vpc.standalone"
          ]
        }
      ]
    },
    {
      "module": "module.baseline.module.standalone[0].module.vpc[0]",
      "mode": "managed",
      "type": "aws_route_table",
      "name": "igw",
      "provider": "provider[\"registry.terraform.io/hashicorp/aws\"].app",
      "instances": [
        {
          "schema_version": 0,
          "attributes": {
            "arn": "arn:aws:ec2:eu-west-3:893893329401:route-table/rtb-0d5099de4af45ef32",
            "id": "rtb-0d5099de4af45ef32",
            "owner_id": "893893329401",
            "propagating_vgws": [],
            "route": [
              {
                "carrier_gateway_id": "",
                "cidr_block": "192.168.0.0/24",
                "core_network_arn": "",
                "destination_prefix_list_id": "",
                "egress_only_gateway_id": "",
                "gateway_id": "",
                "instance_id": "",
                "ipv6_cidr_block": "",
                "local_gateway_id": "",
                "nat_gateway_id": "",
                "network_interface_id": "",
                "transit_gateway_id": "",
                "vpc_endpoint_id": "vpce-0a1b5d662e7e97e14",
                "vpc_peering_connection_id": ""
              },
              {
                "carrier_gateway_id": "",
                "cidr_block": "192.168.1.0/24",
                "core_network_arn": "",
                "destination_prefix_list_id": "",
                "egress_only_gateway_id": "",
                "gateway_id": "",
                "instance_id": "",
                "ipv6_cidr_block": "",
                "local_gateway_id": "",
                "nat_gateway_id": "",
                "network_interface_id": "",
                "transit_gateway_id": "",
                "vpc_endpoint_id": "vpce-02ad8eecd13470ffc",
                "vpc_peering_connection_id": ""
              },
              {
                "carrier_gateway_id": "",
                "cidr_block": "192.168.30.0/24",
                "core_network_arn": "",
                "destination_prefix_list_id": "",
                "egress_only_gateway_id": "",
                "gateway_id": "",
                "instance_id": "",
                "ipv6_cidr_block": "",
                "local_gateway_id": "",
                "nat_gateway_id": "",
                "network_interface_id": "",
                "transit_gateway_id": "",
                "vpc_endpoint_id": "vpce-02ad8eecd13470ffc",
                "vpc_peering_connection_id": ""
              },
              {
                "carrier_gateway_id": "",
                "cidr_block": "192.168.31.0/24",
                "core_network_arn": "",
                "destination_prefix_list_id": "",
                "egress_only_gateway_id": "",
                "gateway_id": "",
                "instance_id": "",
                "ipv6_cidr_block": "",
                "local_gateway_id": "",
                "nat_gateway_id": "",
                "network_interface_id": "",
                "transit_gateway_id": "",
                "vpc_endpoint_id": "vpce-0a1b5d662e7e97e14",
                "vpc_peering_connection_id": ""
              }
            ],
            "tags": {
              "Name": "rt-np-aft-app-091563-dev-0-igw"
            },
            "tags_all": {
              "Name": "rt-np-aft-app-091563-dev-0-igw",
              "appid": "aft-app-091563",
              "environment": "dev",
              "stla_lz": "true"
            },
            "timeouts": null,
            "vpc_id": "vpc-037e9bf11844ed848"
          },
          "sensitive_attributes": [],
          "private": "eyJlMmJmYjczMC1lY2FhLTExZTYtOGY4OC0zNDM2M2JjN2M0YzAiOnsiY3JlYXRlIjozMDAwMDAwMDAwMDAsImRlbGV0ZSI6MzAwMDAwMDAwMDAwLCJ1cGRhdGUiOjEyMDAwMDAwMDAwMH19",
          "dependencies": [
            "data.aws_caller_identity.current",
            "module.baseline.data.aws_availability_zones.all",
            "module.baseline.data.aws_ssm_parameters_by_path.app_vars",
            "module.baseline.data.aws_ssm_parameters_by_path.deploy_core_vars",
            "module.baseline.data.aws_ssm_parameters_by_path.deploy_vars",
            "module.baseline.data.aws_ssm_parameters_by_path.legacy_app_vars",
            "module.baseline.module.standalone.aws_vpc_endpoint_service_allowed_principal.firewall",
            "module.baseline.module.standalone.data.aws_caller_identity.app",
            "module.baseline.module.standalone.data.aws_vpc_endpoint_service.firewall",
            "module.baseline.module.standalone.module.vpc.aws_subnet.firewall",
            "module.baseline.module.standalone.module.vpc.aws_subnet.public",
            "module.baseline.module.standalone.module.vpc.aws_vpc.standalone",
            "module.baseline.module.standalone.module.vpc.aws_vpc_endpoint.fw_endpoint"
          ]
        }
      ]
    },
    {
      "module": "module.baseline.module.standalone[0].module.vpc[0]",
      "mode": "managed",
      "type": "aws_route_table",
      "name": "private",
      "provider": "provider[\"registry.terraform.io/hashicorp/aws\"].app",
      "instances": [
        {
          "index_key": "0_eu-west-3a",
          "schema_version": 0,
          "attributes": {
            "arn": "arn:aws:ec2:eu-west-3:893893329401:route-table/rtb-0df32ddf1d8fd470f",
            "id": "rtb-0df32ddf1d8fd470f",
            "owner_id": "893893329401",
            "propagating_vgws": [],
            "route": [
              {
                "carrier_gateway_id": "",
                "cidr_block": "0.0.0.0/0",
                "core_network_arn": "",
                "destination_prefix_list_id": "",
                "egress_only_gateway_id": "",
                "gateway_id": "",
                "instance_id": "",
                "ipv6_cidr_block": "",
                "local_gateway_id": "",
                "nat_gateway_id": "",
                "network_interface_id": "",
                "transit_gateway_id": "",
                "vpc_endpoint_id": "vpce-0a1b5d662e7e97e14",
                "vpc_peering_connection_id": ""
              }
            ],
            "tags": {
              "Name": "rt-np-aft-app-091563-dev-0-private-eu-west-3a"
            },
            "tags_all": {
              "Name": "rt-np-aft-app-091563-dev-0-private-eu-west-3a",
              "appid": "aft-app-091563",
              "environment": "dev",
              "stla_lz": "true"
            },
            "timeouts": null,
            "vpc_id": "vpc-037e9bf11844ed848"
          },
          "sensitive_attributes": [],
          "private": "eyJlMmJmYjczMC1lY2FhLTExZTYtOGY4OC0zNDM2M2JjN2M0YzAiOnsiY3JlYXRlIjozMDAwMDAwMDAwMDAsImRlbGV0ZSI6MzAwMDAwMDAwMDAwLCJ1cGRhdGUiOjEyMDAwMDAwMDAwMH19",
          "dependencies": [
            "data.aws_caller_identity.current",
            "module.baseline.data.aws_availability_zones.all",
            "module.baseline.data.aws_ssm_parameters_by_path.app_vars",
            "module.baseline.data.aws_ssm_parameters_by_path.deploy_core_vars",
            "module.baseline.data.aws_ssm_parameters_by_path.deploy_vars",
            "module.baseline.data.aws_ssm_parameters_by_path.legacy_app_vars",
            "module.baseline.module.standalone.aws_vpc_endpoint_service_allowed_principal.firewall",
            "module.baseline.module.standalone.data.aws_caller_identity.app",
            "module.baseline.module.standalone.data.aws_vpc_endpoint_service.firewall",
            "module.baseline.module.standalone.module.vpc.aws_subnet.firewall",
            "module.baseline.module.standalone.module.vpc.aws_subnet.private",
            "module.baseline.module.standalone.module.vpc.aws_vpc.standalone",
            "module.baseline.module.standalone.module.vpc.aws_vpc_endpoint.fw_endpoint"
          ]
        },
        {
          "index_key": "0_eu-west-3c",
          "schema_version": 0,
          "attributes": {
            "arn": "arn:aws:ec2:eu-west-3:893893329401:route-table/rtb-0399a5252b4a806a8",
            "id": "rtb-0399a5252b4a806a8",
            "owner_id": "893893329401",
            "propagating_vgws": [],
            "route": [
              {
                "carrier_gateway_id": "",
                "cidr_block": "0.0.0.0/0",
                "core_network_arn": "",
                "destination_prefix_list_id": "",
                "egress_only_gateway_id": "",
                "gateway_id": "",
                "instance_id": "",
                "ipv6_cidr_block": "",
                "local_gateway_id": "",
                "nat_gateway_id": "",
                "network_interface_id": "",
                "transit_gateway_id": "",
                "vpc_endpoint_id": "vpce-02ad8eecd13470ffc",
                "vpc_peering_connection_id": ""
              }
            ],
            "tags": {
              "Name": "rt-np-aft-app-091563-dev-0-private-eu-west-3c"
            },
            "tags_all": {
              "Name": "rt-np-aft-app-091563-dev-0-private-eu-west-3c",
              "appid": "aft-app-091563",
              "environment": "dev",
              "stla_lz": "true"
            },
            "timeouts": null,
            "vpc_id": "vpc-037e9bf11844ed848"
          },
          "sensitive_attributes": [],
          "private": "eyJlMmJmYjczMC1lY2FhLTExZTYtOGY4OC0zNDM2M2JjN2M0YzAiOnsiY3JlYXRlIjozMDAwMDAwMDAwMDAsImRlbGV0ZSI6MzAwMDAwMDAwMDAwLCJ1cGRhdGUiOjEyMDAwMDAwMDAwMH19",
          "dependencies": [
            "data.aws_caller_identity.current",
            "module.baseline.data.aws_availability_zones.all",
            "module.baseline.data.aws_ssm_parameters_by_path.app_vars",
            "module.baseline.data.aws_ssm_parameters_by_path.deploy_core_vars",
            "module.baseline.data.aws_ssm_parameters_by_path.deploy_vars",
            "module.baseline.data.aws_ssm_parameters_by_path.legacy_app_vars",
            "module.baseline.module.standalone.aws_vpc_endpoint_service_allowed_principal.firewall",
            "module.baseline.module.standalone.data.aws_caller_identity.app",
            "module.baseline.module.standalone.data.aws_vpc_endpoint_service.firewall",
            "module.baseline.module.standalone.module.vpc.aws_subnet.firewall",
            "module.baseline.module.standalone.module.vpc.aws_subnet.private",
            "module.baseline.module.standalone.module.vpc.aws_vpc.standalone",
            "module.baseline.module.standalone.module.vpc.aws_vpc_endpoint.fw_endpoint"
          ]
        }
      ]
    },
    {
      "module": "module.baseline.module.standalone[0].module.vpc[0]",
      "mode": "managed",
      "type": "aws_route_table",
      "name": "public",
      "provider": "provider[\"registry.terraform.io/hashicorp/aws\"].app",
      "instances": [
        {
          "index_key": "eu-west-3a",
          "schema_version": 0,
          "attributes": {
            "arn": "arn:aws:ec2:eu-west-3:893893329401:route-table/rtb-0bc6a6597ec1b2fd0",
            "id": "rtb-0bc6a6597ec1b2fd0",
            "owner_id": "893893329401",
            "propagating_vgws": [],
            "route": [
              {
                "carrier_gateway_id": "",
                "cidr_block": "0.0.0.0/0",
                "core_network_arn": "",
                "destination_prefix_list_id": "",
                "egress_only_gateway_id": "",
                "gateway_id": "",
                "instance_id": "",
                "ipv6_cidr_block": "",
                "local_gateway_id": "",
                "nat_gateway_id": "",
                "network_interface_id": "",
                "transit_gateway_id": "",
                "vpc_endpoint_id": "vpce-0a1b5d662e7e97e14",
                "vpc_peering_connection_id": ""
              }
            ],
            "tags": {
              "Name": "rt-np-aft-app-091563-dev-0-public-eu-west-3a"
            },
            "tags_all": {
              "Name": "rt-np-aft-app-091563-dev-0-public-eu-west-3a",
              "appid": "aft-app-091563",
              "environment": "dev",
              "stla_lz": "true"
            },
            "timeouts": null,
            "vpc_id": "vpc-037e9bf11844ed848"
          },
          "sensitive_attributes": [],
          "private": "eyJlMmJmYjczMC1lY2FhLTExZTYtOGY4OC0zNDM2M2JjN2M0YzAiOnsiY3JlYXRlIjozMDAwMDAwMDAwMDAsImRlbGV0ZSI6MzAwMDAwMDAwMDAwLCJ1cGRhdGUiOjEyMDAwMDAwMDAwMH19",
          "dependencies": [
            "data.aws_caller_identity.current",
            "module.baseline.data.aws_availability_zones.all",
            "module.baseline.data.aws_ssm_parameters_by_path.app_vars",
            "module.baseline.data.aws_ssm_parameters_by_path.deploy_core_vars",
            "module.baseline.data.aws_ssm_parameters_by_path.deploy_vars",
            "module.baseline.data.aws_ssm_parameters_by_path.legacy_app_vars",
            "module.baseline.module.standalone.aws_vpc_endpoint_service_allowed_principal.firewall",
            "module.baseline.module.standalone.data.aws_caller_identity.app",
            "module.baseline.module.standalone.data.aws_vpc_endpoint_service.firewall",
            "module.baseline.module.standalone.module.vpc.aws_subnet.firewall",
            "module.baseline.module.standalone.module.vpc.aws_subnet.public",
            "module.baseline.module.standalone.module.vpc.aws_vpc.standalone",
            "module.baseline.module.standalone.module.vpc.aws_vpc_endpoint.fw_endpoint"
          ]
        },
        {
          "index_key": "eu-west-3c",
          "schema_version": 0,
          "attributes": {
            "arn": "arn:aws:ec2:eu-west-3:893893329401:route-table/rtb-0a583c93eef1d3689",
            "id": "rtb-0a583c93eef1d3689",
            "owner_id": "893893329401",
            "propagating_vgws": [],
            "route": [
              {
                "carrier_gateway_id": "",
                "cidr_block": "0.0.0.0/0",
                "core_network_arn": "",
                "destination_prefix_list_id": "",
                "egress_only_gateway_id": "",
                "gateway_id": "",
                "instance_id": "",
                "ipv6_cidr_block": "",
                "local_gateway_id": "",
                "nat_gateway_id": "",
                "network_interface_id": "",
                "transit_gateway_id": "",
                "vpc_endpoint_id": "vpce-02ad8eecd13470ffc",
                "vpc_peering_connection_id": ""
              }
            ],
            "tags": {
              "Name": "rt-np-aft-app-091563-dev-0-public-eu-west-3c"
            },
            "tags_all": {
              "Name": "rt-np-aft-app-091563-dev-0-public-eu-west-3c",
              "appid": "aft-app-091563",
              "environment": "dev",
              "stla_lz": "true"
            },
            "timeouts": null,
            "vpc_id": "vpc-037e9bf11844ed848"
          },
          "sensitive_attributes": [],
          "private": "eyJlMmJmYjczMC1lY2FhLTExZTYtOGY4OC0zNDM2M2JjN2M0YzAiOnsiY3JlYXRlIjozMDAwMDAwMDAwMDAsImRlbGV0ZSI6MzAwMDAwMDAwMDAwLCJ1cGRhdGUiOjEyMDAwMDAwMDAwMH19",
          "dependencies": [
            "data.aws_caller_identity.current",
            "module.baseline.data.aws_availability_zones.all",
            "module.baseline.data.aws_ssm_parameters_by_path.app_vars",
            "module.baseline.data.aws_ssm_parameters_by_path.deploy_core_vars",
            "module.baseline.data.aws_ssm_parameters_by_path.deploy_vars",
            "module.baseline.data.aws_ssm_parameters_by_path.legacy_app_vars",
            "module.baseline.module.standalone.aws_vpc_endpoint_service_allowed_principal.firewall",
            "module.baseline.module.standalone.data.aws_caller_identity.app",
            "module.baseline.module.standalone.data.aws_vpc_endpoint_service.firewall",
            "module.baseline.module.standalone.module.vpc.aws_subnet.firewall",
            "module.baseline.module.standalone.module.vpc.aws_subnet.public",
            "module.baseline.module.standalone.module.vpc.aws_vpc.standalone",
            "module.baseline.module.standalone.module.vpc.aws_vpc_endpoint.fw_endpoint"
          ]
        }
      ]
    },
    {
      "module": "module.baseline.module.standalone[0].module.vpc[0]",
      "mode": "managed",
      "type": "aws_route_table_association",
      "name": "firewall",
      "provider": "provider[\"registry.terraform.io/hashicorp/aws\"].app",
      "instances": [
        {
          "index_key": "eu-west-3a",
          "schema_version": 0,
          "attributes": {
            "gateway_id": "",
            "id": "rtbassoc-032e4ce31636b784d",
            "route_table_id": "rtb-0ac721acbc23e8c2b",
            "subnet_id": "subnet-06bfaf55d4616a058"
          },
          "sensitive_attributes": [],
          "private": "bnVsbA==",
          "dependencies": [
            "data.aws_caller_identity.current",
            "module.baseline.data.aws_availability_zones.all",
            "module.baseline.data.aws_ssm_parameters_by_path.app_vars",
            "module.baseline.data.aws_ssm_parameters_by_path.deploy_core_vars",
            "module.baseline.data.aws_ssm_parameters_by_path.deploy_vars",
            "module.baseline.data.aws_ssm_parameters_by_path.legacy_app_vars",
            "module.baseline.module.standalone.aws_vpc_endpoint_service_allowed_principal.firewall",
            "module.baseline.module.standalone.data.aws_caller_identity.app",
            "module.baseline.module.standalone.data.aws_vpc_endpoint_service.firewall",
            "module.baseline.module.standalone.module.vpc.aws_internet_gateway.igw",
            "module.baseline.module.standalone.module.vpc.aws_route_table.firewall",
            "module.baseline.module.standalone.module.vpc.aws_subnet.firewall",
            "module.baseline.module.standalone.module.vpc.aws_vpc.standalone"
          ]
        },
        {
          "index_key": "eu-west-3c",
          "schema_version": 0,
          "attributes": {
            "gateway_id": "",
            "id": "rtbassoc-0238e11836840e7b6",
            "route_table_id": "rtb-0ac721acbc23e8c2b",
            "subnet_id": "subnet-0e70c634a00a5741f"
          },
          "sensitive_attributes": [],
          "private": "bnVsbA==",
          "dependencies": [
            "data.aws_caller_identity.current",
            "module.baseline.data.aws_availability_zones.all",
            "module.baseline.data.aws_ssm_parameters_by_path.app_vars",
            "module.baseline.data.aws_ssm_parameters_by_path.deploy_core_vars",
            "module.baseline.data.aws_ssm_parameters_by_path.deploy_vars",
            "module.baseline.data.aws_ssm_parameters_by_path.legacy_app_vars",
            "module.baseline.module.standalone.aws_vpc_endpoint_service_allowed_principal.firewall",
            "module.baseline.module.standalone.data.aws_caller_identity.app",
            "module.baseline.module.standalone.data.aws_vpc_endpoint_service.firewall",
            "module.baseline.module.standalone.module.vpc.aws_internet_gateway.igw",
            "module.baseline.module.standalone.module.vpc.aws_route_table.firewall",
            "module.baseline.module.standalone.module.vpc.aws_subnet.firewall",
            "module.baseline.module.standalone.module.vpc.aws_vpc.standalone"
          ]
        }
      ]
    },
    {
      "module": "module.baseline.module.standalone[0].module.vpc[0]",
      "mode": "managed",
      "type": "aws_route_table_association",
      "name": "igw",
      "provider": "provider[\"registry.terraform.io/hashicorp/aws\"].app",
      "instances": [
        {
          "schema_version": 0,
          "attributes": {
            "gateway_id": "igw-05cf81528e02c39bd",
            "id": "rtbassoc-0c78c9a9a7d9679f3",
            "route_table_id": "rtb-0d5099de4af45ef32",
            "subnet_id": ""
          },
          "sensitive_attributes": [],
          "private": "bnVsbA==",
          "dependencies": [
            "data.aws_caller_identity.current",
            "module.baseline.data.aws_availability_zones.all",
            "module.baseline.data.aws_ssm_parameters_by_path.app_vars",
            "module.baseline.data.aws_ssm_parameters_by_path.deploy_core_vars",
            "module.baseline.data.aws_ssm_parameters_by_path.deploy_vars",
            "module.baseline.data.aws_ssm_parameters_by_path.legacy_app_vars",
            "module.baseline.module.standalone.aws_vpc_endpoint_service_allowed_principal.firewall",
            "module.baseline.module.standalone.data.aws_caller_identity.app",
            "module.baseline.module.standalone.data.aws_vpc_endpoint_service.firewall",
            "module.baseline.module.standalone.module.vpc.aws_internet_gateway.igw",
            "module.baseline.module.standalone.module.vpc.aws_route_table.igw",
            "module.baseline.module.standalone.module.vpc.aws_subnet.firewall",
            "module.baseline.module.standalone.module.vpc.aws_subnet.public",
            "module.baseline.module.standalone.module.vpc.aws_vpc.standalone",
            "module.baseline.module.standalone.module.vpc.aws_vpc_endpoint.fw_endpoint"
          ]
        }
      ]
    },
    {
      "module": "module.baseline.module.standalone[0].module.vpc[0]",
      "mode": "managed",
      "type": "aws_route_table_association",
      "name": "private",
      "provider": "provider[\"registry.terraform.io/hashicorp/aws\"].app",
      "instances": [
        {
          "index_key": "0_eu-west-3a",
          "schema_version": 0,
          "attributes": {
            "gateway_id": "",
            "id": "rtbassoc-05ed7b379e78bed74",
            "route_table_id": "rtb-0df32ddf1d8fd470f",
            "subnet_id": "subnet-0512f385a390aef64"
          },
          "sensitive_attributes": [],
          "private": "bnVsbA==",
          "dependencies": [
            "data.aws_caller_identity.current",
            "module.baseline.data.aws_availability_zones.all",
            "module.baseline.data.aws_ssm_parameters_by_path.app_vars",
            "module.baseline.data.aws_ssm_parameters_by_path.deploy_core_vars",
            "module.baseline.data.aws_ssm_parameters_by_path.deploy_vars",
            "module.baseline.data.aws_ssm_parameters_by_path.legacy_app_vars",
            "module.baseline.module.standalone.aws_vpc_endpoint_service_allowed_principal.firewall",
            "module.baseline.module.standalone.data.aws_caller_identity.app",
            "module.baseline.module.standalone.data.aws_vpc_endpoint_service.firewall",
            "module.baseline.module.standalone.module.vpc.aws_route_table.private",
            "module.baseline.module.standalone.module.vpc.aws_subnet.firewall",
            "module.baseline.module.standalone.module.vpc.aws_subnet.private",
            "module.baseline.module.standalone.module.vpc.aws_vpc.standalone",
            "module.baseline.module.standalone.module.vpc.aws_vpc_endpoint.fw_endpoint"
          ]
        },
        {
          "index_key": "0_eu-west-3c",
          "schema_version": 0,
          "attributes": {
            "gateway_id": "",
            "id": "rtbassoc-0a975abc92caed33f",
            "route_table_id": "rtb-0399a5252b4a806a8",
            "subnet_id": "subnet-0299e926878b4dd9e"
          },
          "sensitive_attributes": [],
          "private": "bnVsbA==",
          "dependencies": [
            "data.aws_caller_identity.current",
            "module.baseline.data.aws_availability_zones.all",
            "module.baseline.data.aws_ssm_parameters_by_path.app_vars",
            "module.baseline.data.aws_ssm_parameters_by_path.deploy_core_vars",
            "module.baseline.data.aws_ssm_parameters_by_path.deploy_vars",
            "module.baseline.data.aws_ssm_parameters_by_path.legacy_app_vars",
            "module.baseline.module.standalone.aws_vpc_endpoint_service_allowed_principal.firewall",
            "module.baseline.module.standalone.data.aws_caller_identity.app",
            "module.baseline.module.standalone.data.aws_vpc_endpoint_service.firewall",
            "module.baseline.module.standalone.module.vpc.aws_route_table.private",
            "module.baseline.module.standalone.module.vpc.aws_subnet.firewall",
            "module.baseline.module.standalone.module.vpc.aws_subnet.private",
            "module.baseline.module.standalone.module.vpc.aws_vpc.standalone",
            "module.baseline.module.standalone.module.vpc.aws_vpc_endpoint.fw_endpoint"
          ]
        },
        {
          "index_key": "1_eu-west-3a",
          "schema_version": 0,
          "attributes": {
            "gateway_id": "",
            "id": "rtbassoc-009091be58b5e094c",
            "route_table_id": "rtb-0df32ddf1d8fd470f",
            "subnet_id": "subnet-0e355854d412c9173"
          },
          "sensitive_attributes": [],
          "private": "bnVsbA==",
          "dependencies": [
            "data.aws_caller_identity.current",
            "module.baseline.data.aws_availability_zones.all",
            "module.baseline.data.aws_ssm_parameters_by_path.app_vars",
            "module.baseline.data.aws_ssm_parameters_by_path.deploy_core_vars",
            "module.baseline.data.aws_ssm_parameters_by_path.deploy_vars",
            "module.baseline.data.aws_ssm_parameters_by_path.legacy_app_vars",
            "module.baseline.module.standalone.aws_vpc_endpoint_service_allowed_principal.firewall",
            "module.baseline.module.standalone.data.aws_caller_identity.app",
            "module.baseline.module.standalone.data.aws_vpc_endpoint_service.firewall",
            "module.baseline.module.standalone.module.vpc.aws_route_table.private",
            "module.baseline.module.standalone.module.vpc.aws_subnet.firewall",
            "module.baseline.module.standalone.module.vpc.aws_subnet.private",
            "module.baseline.module.standalone.module.vpc.aws_vpc.standalone",
            "module.baseline.module.standalone.module.vpc.aws_vpc_endpoint.fw_endpoint"
          ]
        },
        {
          "index_key": "1_eu-west-3c",
          "schema_version": 0,
          "attributes": {
            "gateway_id": "",
            "id": "rtbassoc-0986081c3b0889e5a",
            "route_table_id": "rtb-0399a5252b4a806a8",
            "subnet_id": "subnet-06789c64fa62697a3"
          },
          "sensitive_attributes": [],
          "private": "bnVsbA==",
          "dependencies": [
            "data.aws_caller_identity.current",
            "module.baseline.data.aws_availability_zones.all",
            "module.baseline.data.aws_ssm_parameters_by_path.app_vars",
            "module.baseline.data.aws_ssm_parameters_by_path.deploy_core_vars",
            "module.baseline.data.aws_ssm_parameters_by_path.deploy_vars",
            "module.baseline.data.aws_ssm_parameters_by_path.legacy_app_vars",
            "module.baseline.module.standalone.aws_vpc_endpoint_service_allowed_principal.firewall",
            "module.baseline.module.standalone.data.aws_caller_identity.app",
            "module.baseline.module.standalone.data.aws_vpc_endpoint_service.firewall",
            "module.baseline.module.standalone.module.vpc.aws_route_table.private",
            "module.baseline.module.standalone.module.vpc.aws_subnet.firewall",
            "module.baseline.module.standalone.module.vpc.aws_subnet.private",
            "module.baseline.module.standalone.module.vpc.aws_vpc.standalone",
            "module.baseline.module.standalone.module.vpc.aws_vpc_endpoint.fw_endpoint"
          ]
        }
      ]
    },
    {
      "module": "module.baseline.module.standalone[0].module.vpc[0]",
      "mode": "managed",
      "type": "aws_route_table_association",
      "name": "public",
      "provider": "provider[\"registry.terraform.io/hashicorp/aws\"].app",
      "instances": [
        {
          "index_key": "eu-west-3a",
          "schema_version": 0,
          "attributes": {
            "gateway_id": "",
            "id": "rtbassoc-029ff84db35f61690",
            "route_table_id": "rtb-0bc6a6597ec1b2fd0",
            "subnet_id": "subnet-0d8297ad90f36b73a"
          },
          "sensitive_attributes": [],
          "private": "bnVsbA==",
          "dependencies": [
            "data.aws_caller_identity.current",
            "module.baseline.data.aws_availability_zones.all",
            "module.baseline.data.aws_ssm_parameters_by_path.app_vars",
            "module.baseline.data.aws_ssm_parameters_by_path.deploy_core_vars",
            "module.baseline.data.aws_ssm_parameters_by_path.deploy_vars",
            "module.baseline.data.aws_ssm_parameters_by_path.legacy_app_vars",
            "module.baseline.module.standalone.aws_vpc_endpoint_service_allowed_principal.firewall",
            "module.baseline.module.standalone.data.aws_caller_identity.app",
            "module.baseline.module.standalone.data.aws_vpc_endpoint_service.firewall",
            "module.baseline.module.standalone.module.vpc.aws_route_table.public",
            "module.baseline.module.standalone.module.vpc.aws_subnet.firewall",
            "module.baseline.module.standalone.module.vpc.aws_subnet.public",
            "module.baseline.module.standalone.module.vpc.aws_vpc.standalone",
            "module.baseline.module.standalone.module.vpc.aws_vpc_endpoint.fw_endpoint"
          ]
        },
        {
          "index_key": "eu-west-3c",
          "schema_version": 0,
          "attributes": {
            "gateway_id": "",
            "id": "rtbassoc-0dbfb56648aa098f4",
            "route_table_id": "rtb-0a583c93eef1d3689",
            "subnet_id": "subnet-041a0507eac15b96d"
          },
          "sensitive_attributes": [],
          "private": "bnVsbA==",
          "dependencies": [
            "data.aws_caller_identity.current",
            "module.baseline.data.aws_availability_zones.all",
            "module.baseline.data.aws_ssm_parameters_by_path.app_vars",
            "module.baseline.data.aws_ssm_parameters_by_path.deploy_core_vars",
            "module.baseline.data.aws_ssm_parameters_by_path.deploy_vars",
            "module.baseline.data.aws_ssm_parameters_by_path.legacy_app_vars",
            "module.baseline.module.standalone.aws_vpc_endpoint_service_allowed_principal.firewall",
            "module.baseline.module.standalone.data.aws_caller_identity.app",
            "module.baseline.module.standalone.data.aws_vpc_endpoint_service.firewall",
            "module.baseline.module.standalone.module.vpc.aws_route_table.public",
            "module.baseline.module.standalone.module.vpc.aws_subnet.firewall",
            "module.baseline.module.standalone.module.vpc.aws_subnet.public",
            "module.baseline.module.standalone.module.vpc.aws_vpc.standalone",
            "module.baseline.module.standalone.module.vpc.aws_vpc_endpoint.fw_endpoint"
          ]
        }
      ]
    },
    {
      "module": "module.baseline.module.standalone[0].module.vpc[0]",
      "mode": "managed",
      "type": "aws_security_group",
      "name": "allow_tls",
      "provider": "provider[\"registry.terraform.io/hashicorp/aws\"].app",
      "instances": [
        {
          "schema_version": 1,
          "attributes": {
            "arn": "arn:aws:ec2:eu-west-3:893893329401:security-group/sg-00bf169017238b4a8",
            "description": "Reserved for internal LZ use in VPC vpc-np-aft-app-091563-dev-0",
            "egress": [
              {
                "cidr_blocks": [
                  "0.0.0.0/0"
                ],
                "description": "",
                "from_port": 0,
                "ipv6_cidr_blocks": [],
                "prefix_list_ids": [],
                "protocol": "-1",
                "security_groups": [],
                "self": false,
                "to_port": 0
              }
            ],
            "id": "sg-00bf169017238b4a8",
            "ingress": [
              {
                "cidr_blocks": [
                  "192.168.0.0/19"
                ],
                "description": "TLS from VPC",
                "from_port": 443,
                "ipv6_cidr_blocks": [],
                "prefix_list_ids": [],
                "protocol": "tcp",
                "security_groups": [],
                "self": false,
                "to_port": 443
              }
            ],
            "name": "aws-endpoint-traffic",
            "name_prefix": "",
            "owner_id": "893893329401",
            "revoke_rules_on_delete": false,
            "tags": {
              "Name": "sg-np-aft-app-091563-dev-0-aws-endpoint-traffic"
            },
            "tags_all": {
              "Name": "sg-np-aft-app-091563-dev-0-aws-endpoint-traffic",
              "appid": "aft-app-091563",
              "environment": "dev",
              "stla_lz": "true"
            },
            "timeouts": null,
            "vpc_id": "vpc-037e9bf11844ed848"
          },
          "sensitive_attributes": [],
          "private": "eyJlMmJmYjczMC1lY2FhLTExZTYtOGY4OC0zNDM2M2JjN2M0YzAiOnsiY3JlYXRlIjo2MDAwMDAwMDAwMDAsImRlbGV0ZSI6OTAwMDAwMDAwMDAwfSwic2NoZW1hX3ZlcnNpb24iOiIxIn0=",
          "dependencies": [
            "data.aws_caller_identity.current",
            "module.baseline.data.aws_ssm_parameters_by_path.app_vars",
            "module.baseline.data.aws_ssm_parameters_by_path.legacy_app_vars",
            "module.baseline.module.standalone.aws_vpc_endpoint_service_allowed_principal.firewall",
            "module.baseline.module.standalone.data.aws_caller_identity.app",
            "module.baseline.module.standalone.data.aws_vpc_endpoint_service.firewall",
            "module.baseline.module.standalone.module.vpc.aws_vpc.standalone"
          ]
        }
      ]
    },
    {
      "module": "module.baseline.module.standalone[0].module.vpc[0]",
      "mode": "managed",
      "type": "aws_subnet",
      "name": "firewall",
      "provider": "provider[\"registry.terraform.io/hashicorp/aws\"].app",
      "instances": [
        {
          "index_key": "eu-west-3a",
          "schema_version": 1,
          "attributes": {
            "arn": "arn:aws:ec2:eu-west-3:893893329401:subnet/subnet-06bfaf55d4616a058",
            "assign_ipv6_address_on_creation": false,
            "availability_zone": "eu-west-3a",
            "availability_zone_id": "euw3-az1",
            "cidr_block": "192.168.31.0/24",
            "customer_owned_ipv4_pool": "",
            "enable_dns64": false,
            "enable_resource_name_dns_a_record_on_launch": false,
            "enable_resource_name_dns_aaaa_record_on_launch": false,
            "id": "subnet-06bfaf55d4616a058",
            "ipv6_cidr_block": "",
            "ipv6_cidr_block_association_id": "",
            "ipv6_native": false,
            "map_customer_owned_ip_on_launch": false,
            "map_public_ip_on_launch": false,
            "outpost_arn": "",
            "owner_id": "893893329401",
            "private_dns_hostname_type_on_launch": "ip-name",
            "tags": {
              "Name": "sn-np-aft-app-091563-dev-0-firewall-eu-west-3a",
              "subnet_type": "lz-reserved"
            },
            "tags_all": {
              "Name": "sn-np-aft-app-091563-dev-0-firewall-eu-west-3a",
              "appid": "aft-app-091563",
              "environment": "dev",
              "stla_lz": "true",
              "subnet_type": "lz-reserved"
            },
            "timeouts": null,
            "vpc_id": "vpc-037e9bf11844ed848"
          },
          "sensitive_attributes": [],
          "private": "eyJlMmJmYjczMC1lY2FhLTExZTYtOGY4OC0zNDM2M2JjN2M0YzAiOnsiY3JlYXRlIjo2MDAwMDAwMDAwMDAsImRlbGV0ZSI6MTIwMDAwMDAwMDAwMH0sInNjaGVtYV92ZXJzaW9uIjoiMSJ9",
          "dependencies": [
            "data.aws_caller_identity.current",
            "module.baseline.data.aws_availability_zones.all",
            "module.baseline.data.aws_ssm_parameters_by_path.app_vars",
            "module.baseline.data.aws_ssm_parameters_by_path.deploy_core_vars",
            "module.baseline.data.aws_ssm_parameters_by_path.deploy_vars",
            "module.baseline.data.aws_ssm_parameters_by_path.legacy_app_vars",
            "module.baseline.module.standalone.aws_vpc_endpoint_service_allowed_principal.firewall",
            "module.baseline.module.standalone.data.aws_caller_identity.app",
            "module.baseline.module.standalone.data.aws_vpc_endpoint_service.firewall",
            "module.baseline.module.standalone.module.vpc.aws_vpc.standalone"
          ]
        },
        {
          "index_key": "eu-west-3c",
          "schema_version": 1,
          "attributes": {
            "arn": "arn:aws:ec2:eu-west-3:893893329401:subnet/subnet-0e70c634a00a5741f",
            "assign_ipv6_address_on_creation": false,
            "availability_zone": "eu-west-3c",
            "availability_zone_id": "euw3-az3",
            "cidr_block": "192.168.30.0/24",
            "customer_owned_ipv4_pool": "",
            "enable_dns64": false,
            "enable_resource_name_dns_a_record_on_launch": false,
            "enable_resource_name_dns_aaaa_record_on_launch": false,
            "id": "subnet-0e70c634a00a5741f",
            "ipv6_cidr_block": "",
            "ipv6_cidr_block_association_id": "",
            "ipv6_native": false,
            "map_customer_owned_ip_on_launch": false,
            "map_public_ip_on_launch": false,
            "outpost_arn": "",
            "owner_id": "893893329401",
            "private_dns_hostname_type_on_launch": "ip-name",
            "tags": {
              "Name": "sn-np-aft-app-091563-dev-0-firewall-eu-west-3c",
              "subnet_type": "lz-reserved"
            },
            "tags_all": {
              "Name": "sn-np-aft-app-091563-dev-0-firewall-eu-west-3c",
              "appid": "aft-app-091563",
              "environment": "dev",
              "stla_lz": "true",
              "subnet_type": "lz-reserved"
            },
            "timeouts": null,
            "vpc_id": "vpc-037e9bf11844ed848"
          },
          "sensitive_attributes": [],
          "private": "eyJlMmJmYjczMC1lY2FhLTExZTYtOGY4OC0zNDM2M2JjN2M0YzAiOnsiY3JlYXRlIjo2MDAwMDAwMDAwMDAsImRlbGV0ZSI6MTIwMDAwMDAwMDAwMH0sInNjaGVtYV92ZXJzaW9uIjoiMSJ9",
          "dependencies": [
            "data.aws_caller_identity.current",
            "module.baseline.data.aws_availability_zones.all",
            "module.baseline.data.aws_ssm_parameters_by_path.app_vars",
            "module.baseline.data.aws_ssm_parameters_by_path.deploy_core_vars",
            "module.baseline.data.aws_ssm_parameters_by_path.deploy_vars",
            "module.baseline.data.aws_ssm_parameters_by_path.legacy_app_vars",
            "module.baseline.module.standalone.aws_vpc_endpoint_service_allowed_principal.firewall",
            "module.baseline.module.standalone.data.aws_caller_identity.app",
            "module.baseline.module.standalone.data.aws_vpc_endpoint_service.firewall",
            "module.baseline.module.standalone.module.vpc.aws_vpc.standalone"
          ]
        }
      ]
    },
    {
      "module": "module.baseline.module.standalone[0].module.vpc[0]",
      "mode": "managed",
      "type": "aws_subnet",
      "name": "private",
      "provider": "provider[\"registry.terraform.io/hashicorp/aws\"].app",
      "instances": [
        {
          "index_key": "0_eu-west-3a",
          "schema_version": 1,
          "attributes": {
            "arn": "arn:aws:ec2:eu-west-3:893893329401:subnet/subnet-0512f385a390aef64",
            "assign_ipv6_address_on_creation": false,
            "availability_zone": "eu-west-3a",
            "availability_zone_id": "euw3-az1",
            "cidr_block": "192.168.10.0/24",
            "customer_owned_ipv4_pool": "",
            "enable_dns64": false,
            "enable_resource_name_dns_a_record_on_launch": false,
            "enable_resource_name_dns_aaaa_record_on_launch": false,
            "id": "subnet-0512f385a390aef64",
            "ipv6_cidr_block": "",
            "ipv6_cidr_block_association_id": "",
            "ipv6_native": false,
            "map_customer_owned_ip_on_launch": false,
            "map_public_ip_on_launch": false,
            "outpost_arn": "",
            "owner_id": "893893329401",
            "private_dns_hostname_type_on_launch": "ip-name",
            "tags": {
              "Name": "sn-np-aft-app-091563-dev-0-private-0-eu-west-3a",
              "subnet_index": "0",
              "subnet_type": "backend"
            },
            "tags_all": {
              "Name": "sn-np-aft-app-091563-dev-0-private-0-eu-west-3a",
              "appid": "aft-app-091563",
              "environment": "dev",
              "stla_lz": "true",
              "subnet_index": "0",
              "subnet_type": "backend"
            },
            "timeouts": null,
            "vpc_id": "vpc-037e9bf11844ed848"
          },
          "sensitive_attributes": [],
          "private": "eyJlMmJmYjczMC1lY2FhLTExZTYtOGY4OC0zNDM2M2JjN2M0YzAiOnsiY3JlYXRlIjo2MDAwMDAwMDAwMDAsImRlbGV0ZSI6MTIwMDAwMDAwMDAwMH0sInNjaGVtYV92ZXJzaW9uIjoiMSJ9",
          "dependencies": [
            "data.aws_caller_identity.current",
            "module.baseline.data.aws_availability_zones.all",
            "module.baseline.data.aws_ssm_parameters_by_path.app_vars",
            "module.baseline.data.aws_ssm_parameters_by_path.deploy_core_vars",
            "module.baseline.data.aws_ssm_parameters_by_path.deploy_vars",
            "module.baseline.data.aws_ssm_parameters_by_path.legacy_app_vars",
            "module.baseline.module.standalone.aws_vpc_endpoint_service_allowed_principal.firewall",
            "module.baseline.module.standalone.data.aws_caller_identity.app",
            "module.baseline.module.standalone.data.aws_vpc_endpoint_service.firewall",
            "module.baseline.module.standalone.module.vpc.aws_vpc.standalone"
          ]
        },
        {
          "index_key": "0_eu-west-3c",
          "schema_version": 1,
          "attributes": {
            "arn": "arn:aws:ec2:eu-west-3:893893329401:subnet/subnet-0299e926878b4dd9e",
            "assign_ipv6_address_on_creation": false,
            "availability_zone": "eu-west-3c",
            "availability_zone_id": "euw3-az3",
            "cidr_block": "192.168.11.0/24",
            "customer_owned_ipv4_pool": "",
            "enable_dns64": false,
            "enable_resource_name_dns_a_record_on_launch": false,
            "enable_resource_name_dns_aaaa_record_on_launch": false,
            "id": "subnet-0299e926878b4dd9e",
            "ipv6_cidr_block": "",
            "ipv6_cidr_block_association_id": "",
            "ipv6_native": false,
            "map_customer_owned_ip_on_launch": false,
            "map_public_ip_on_launch": false,
            "outpost_arn": "",
            "owner_id": "893893329401",
            "private_dns_hostname_type_on_launch": "ip-name",
            "tags": {
              "Name": "sn-np-aft-app-091563-dev-0-private-0-eu-west-3c",
              "subnet_index": "0",
              "subnet_type": "backend"
            },
            "tags_all": {
              "Name": "sn-np-aft-app-091563-dev-0-private-0-eu-west-3c",
              "appid": "aft-app-091563",
              "environment": "dev",
              "stla_lz": "true",
              "subnet_index": "0",
              "subnet_type": "backend"
            },
            "timeouts": null,
            "vpc_id": "vpc-037e9bf11844ed848"
          },
          "sensitive_attributes": [],
          "private": "eyJlMmJmYjczMC1lY2FhLTExZTYtOGY4OC0zNDM2M2JjN2M0YzAiOnsiY3JlYXRlIjo2MDAwMDAwMDAwMDAsImRlbGV0ZSI6MTIwMDAwMDAwMDAwMH0sInNjaGVtYV92ZXJzaW9uIjoiMSJ9",
          "dependencies": [
            "data.aws_caller_identity.current",
            "module.baseline.data.aws_availability_zones.all",
            "module.baseline.data.aws_ssm_parameters_by_path.app_vars",
            "module.baseline.data.aws_ssm_parameters_by_path.deploy_core_vars",
            "module.baseline.data.aws_ssm_parameters_by_path.deploy_vars",
            "module.baseline.data.aws_ssm_parameters_by_path.legacy_app_vars",
            "module.baseline.module.standalone.aws_vpc_endpoint_service_allowed_principal.firewall",
            "module.baseline.module.standalone.data.aws_caller_identity.app",
            "module.baseline.module.standalone.data.aws_vpc_endpoint_service.firewall",
            "module.baseline.module.standalone.module.vpc.aws_vpc.standalone"
          ]
        },
        {
          "index_key": "1_eu-west-3a",
          "schema_version": 1,
          "attributes": {
            "arn": "arn:aws:ec2:eu-west-3:893893329401:subnet/subnet-0e355854d412c9173",
            "assign_ipv6_address_on_creation": false,
            "availability_zone": "eu-west-3a",
            "availability_zone_id": "euw3-az1",
            "cidr_block": "192.168.12.0/24",
            "customer_owned_ipv4_pool": "",
            "enable_dns64": false,
            "enable_resource_name_dns_a_record_on_launch": false,
            "enable_resource_name_dns_aaaa_record_on_launch": false,
            "id": "subnet-0e355854d412c9173",
            "ipv6_cidr_block": "",
            "ipv6_cidr_block_association_id": "",
            "ipv6_native": false,
            "map_customer_owned_ip_on_launch": false,
            "map_public_ip_on_launch": false,
            "outpost_arn": "",
            "owner_id": "893893329401",
            "private_dns_hostname_type_on_launch": "ip-name",
            "tags": {
              "Name": "sn-np-aft-app-091563-dev-0-private-1-eu-west-3a",
              "subnet_index": "1",
              "subnet_type": "backend"
            },
            "tags_all": {
              "Name": "sn-np-aft-app-091563-dev-0-private-1-eu-west-3a",
              "appid": "aft-app-091563",
              "environment": "dev",
              "stla_lz": "true",
              "subnet_index": "1",
              "subnet_type": "backend"
            },
            "timeouts": null,
            "vpc_id": "vpc-037e9bf11844ed848"
          },
          "sensitive_attributes": [],
          "private": "eyJlMmJmYjczMC1lY2FhLTExZTYtOGY4OC0zNDM2M2JjN2M0YzAiOnsiY3JlYXRlIjo2MDAwMDAwMDAwMDAsImRlbGV0ZSI6MTIwMDAwMDAwMDAwMH0sInNjaGVtYV92ZXJzaW9uIjoiMSJ9",
          "dependencies": [
            "data.aws_caller_identity.current",
            "module.baseline.data.aws_availability_zones.all",
            "module.baseline.data.aws_ssm_parameters_by_path.app_vars",
            "module.baseline.data.aws_ssm_parameters_by_path.deploy_core_vars",
            "module.baseline.data.aws_ssm_parameters_by_path.deploy_vars",
            "module.baseline.data.aws_ssm_parameters_by_path.legacy_app_vars",
            "module.baseline.module.standalone.aws_vpc_endpoint_service_allowed_principal.firewall",
            "module.baseline.module.standalone.data.aws_caller_identity.app",
            "module.baseline.module.standalone.data.aws_vpc_endpoint_service.firewall",
            "module.baseline.module.standalone.module.vpc.aws_vpc.standalone"
          ]
        },
        {
          "index_key": "1_eu-west-3c",
          "schema_version": 1,
          "attributes": {
            "arn": "arn:aws:ec2:eu-west-3:893893329401:subnet/subnet-06789c64fa62697a3",
            "assign_ipv6_address_on_creation": false,
            "availability_zone": "eu-west-3c",
            "availability_zone_id": "euw3-az3",
            "cidr_block": "192.168.13.0/24",
            "customer_owned_ipv4_pool": "",
            "enable_dns64": false,
            "enable_resource_name_dns_a_record_on_launch": false,
            "enable_resource_name_dns_aaaa_record_on_launch": false,
            "id": "subnet-06789c64fa62697a3",
            "ipv6_cidr_block": "",
            "ipv6_cidr_block_association_id": "",
            "ipv6_native": false,
            "map_customer_owned_ip_on_launch": false,
            "map_public_ip_on_launch": false,
            "outpost_arn": "",
            "owner_id": "893893329401",
            "private_dns_hostname_type_on_launch": "ip-name",
            "tags": {
              "Name": "sn-np-aft-app-091563-dev-0-private-1-eu-west-3c",
              "subnet_index": "1",
              "subnet_type": "backend"
            },
            "tags_all": {
              "Name": "sn-np-aft-app-091563-dev-0-private-1-eu-west-3c",
              "appid": "aft-app-091563",
              "environment": "dev",
              "stla_lz": "true",
              "subnet_index": "1",
              "subnet_type": "backend"
            },
            "timeouts": null,
            "vpc_id": "vpc-037e9bf11844ed848"
          },
          "sensitive_attributes": [],
          "private": "eyJlMmJmYjczMC1lY2FhLTExZTYtOGY4OC0zNDM2M2JjN2M0YzAiOnsiY3JlYXRlIjo2MDAwMDAwMDAwMDAsImRlbGV0ZSI6MTIwMDAwMDAwMDAwMH0sInNjaGVtYV92ZXJzaW9uIjoiMSJ9",
          "dependencies": [
            "data.aws_caller_identity.current",
            "module.baseline.data.aws_availability_zones.all",
            "module.baseline.data.aws_ssm_parameters_by_path.app_vars",
            "module.baseline.data.aws_ssm_parameters_by_path.deploy_core_vars",
            "module.baseline.data.aws_ssm_parameters_by_path.deploy_vars",
            "module.baseline.data.aws_ssm_parameters_by_path.legacy_app_vars",
            "module.baseline.module.standalone.aws_vpc_endpoint_service_allowed_principal.firewall",
            "module.baseline.module.standalone.data.aws_caller_identity.app",
            "module.baseline.module.standalone.data.aws_vpc_endpoint_service.firewall",
            "module.baseline.module.standalone.module.vpc.aws_vpc.standalone"
          ]
        }
      ]
    },
    {
      "module": "module.baseline.module.standalone[0].module.vpc[0]",
      "mode": "managed",
      "type": "aws_subnet",
      "name": "public",
      "provider": "provider[\"registry.terraform.io/hashicorp/aws\"].app",
      "instances": [
        {
          "index_key": "eu-west-3a",
          "schema_version": 1,
          "attributes": {
            "arn": "arn:aws:ec2:eu-west-3:893893329401:subnet/subnet-0d8297ad90f36b73a",
            "assign_ipv6_address_on_creation": false,
            "availability_zone": "eu-west-3a",
            "availability_zone_id": "euw3-az1",
            "cidr_block": "192.168.0.0/24",
            "customer_owned_ipv4_pool": "",
            "enable_dns64": false,
            "enable_resource_name_dns_a_record_on_launch": false,
            "enable_resource_name_dns_aaaa_record_on_launch": false,
            "id": "subnet-0d8297ad90f36b73a",
            "ipv6_cidr_block": "",
            "ipv6_cidr_block_association_id": "",
            "ipv6_native": false,
            "map_customer_owned_ip_on_launch": false,
            "map_public_ip_on_launch": false,
            "outpost_arn": "",
            "owner_id": "893893329401",
            "private_dns_hostname_type_on_launch": "ip-name",
            "tags": {
              "Name": "sn-np-aft-app-091563-dev-0-public-eu-west-3a",
              "subnet_type": "frontend"
            },
            "tags_all": {
              "Name": "sn-np-aft-app-091563-dev-0-public-eu-west-3a",
              "appid": "aft-app-091563",
              "environment": "dev",
              "stla_lz": "true",
              "subnet_type": "frontend"
            },
            "timeouts": null,
            "vpc_id": "vpc-037e9bf11844ed848"
          },
          "sensitive_attributes": [],
          "private": "eyJlMmJmYjczMC1lY2FhLTExZTYtOGY4OC0zNDM2M2JjN2M0YzAiOnsiY3JlYXRlIjo2MDAwMDAwMDAwMDAsImRlbGV0ZSI6MTIwMDAwMDAwMDAwMH0sInNjaGVtYV92ZXJzaW9uIjoiMSJ9",
          "dependencies": [
            "data.aws_caller_identity.current",
            "module.baseline.data.aws_availability_zones.all",
            "module.baseline.data.aws_ssm_parameters_by_path.app_vars",
            "module.baseline.data.aws_ssm_parameters_by_path.deploy_core_vars",
            "module.baseline.data.aws_ssm_parameters_by_path.deploy_vars",
            "module.baseline.data.aws_ssm_parameters_by_path.legacy_app_vars",
            "module.baseline.module.standalone.aws_vpc_endpoint_service_allowed_principal.firewall",
            "module.baseline.module.standalone.data.aws_caller_identity.app",
            "module.baseline.module.standalone.data.aws_vpc_endpoint_service.firewall",
            "module.baseline.module.standalone.module.vpc.aws_vpc.standalone"
          ]
        },
        {
          "index_key": "eu-west-3c",
          "schema_version": 1,
          "attributes": {
            "arn": "arn:aws:ec2:eu-west-3:893893329401:subnet/subnet-041a0507eac15b96d",
            "assign_ipv6_address_on_creation": false,
            "availability_zone": "eu-west-3c",
            "availability_zone_id": "euw3-az3",
            "cidr_block": "192.168.1.0/24",
            "customer_owned_ipv4_pool": "",
            "enable_dns64": false,
            "enable_resource_name_dns_a_record_on_launch": false,
            "enable_resource_name_dns_aaaa_record_on_launch": false,
            "id": "subnet-041a0507eac15b96d",
            "ipv6_cidr_block": "",
            "ipv6_cidr_block_association_id": "",
            "ipv6_native": false,
            "map_customer_owned_ip_on_launch": false,
            "map_public_ip_on_launch": false,
            "outpost_arn": "",
            "owner_id": "893893329401",
            "private_dns_hostname_type_on_launch": "ip-name",
            "tags": {
              "Name": "sn-np-aft-app-091563-dev-0-public-eu-west-3c",
              "subnet_type": "frontend"
            },
            "tags_all": {
              "Name": "sn-np-aft-app-091563-dev-0-public-eu-west-3c",
              "appid": "aft-app-091563",
              "environment": "dev",
              "stla_lz": "true",
              "subnet_type": "frontend"
            },
            "timeouts": null,
            "vpc_id": "vpc-037e9bf11844ed848"
          },
          "sensitive_attributes": [],
          "private": "eyJlMmJmYjczMC1lY2FhLTExZTYtOGY4OC0zNDM2M2JjN2M0YzAiOnsiY3JlYXRlIjo2MDAwMDAwMDAwMDAsImRlbGV0ZSI6MTIwMDAwMDAwMDAwMH0sInNjaGVtYV92ZXJzaW9uIjoiMSJ9",
          "dependencies": [
            "data.aws_caller_identity.current",
            "module.baseline.data.aws_availability_zones.all",
            "module.baseline.data.aws_ssm_parameters_by_path.app_vars",
            "module.baseline.data.aws_ssm_parameters_by_path.deploy_core_vars",
            "module.baseline.data.aws_ssm_parameters_by_path.deploy_vars",
            "module.baseline.data.aws_ssm_parameters_by_path.legacy_app_vars",
            "module.baseline.module.standalone.aws_vpc_endpoint_service_allowed_principal.firewall",
            "module.baseline.module.standalone.data.aws_caller_identity.app",
            "module.baseline.module.standalone.data.aws_vpc_endpoint_service.firewall",
            "module.baseline.module.standalone.module.vpc.aws_vpc.standalone"
          ]
        }
      ]
    },
    {
      "module": "module.baseline.module.standalone[0].module.vpc[0]",
      "mode": "managed",
      "type": "aws_vpc",
      "name": "standalone",
      "provider": "provider[\"registry.terraform.io/hashicorp/aws\"].app",
      "instances": [
        {
          "schema_version": 1,
          "attributes": {
            "arn": "arn:aws:ec2:eu-west-3:893893329401:vpc/vpc-037e9bf11844ed848",
            "assign_generated_ipv6_cidr_block": false,
            "cidr_block": "192.168.0.0/19",
            "default_network_acl_id": "acl-08868f5ab743bbb27",
            "default_route_table_id": "rtb-099b76f765321bab2",
            "default_security_group_id": "sg-0dde02eeb2e38ece6",
            "dhcp_options_id": "dopt-0131366d8622f829e",
            "enable_classiclink": false,
            "enable_classiclink_dns_support": false,
            "enable_dns_hostnames": true,
            "enable_dns_support": true,
            "enable_network_address_usage_metrics": false,
            "id": "vpc-037e9bf11844ed848",
            "instance_tenancy": "default",
            "ipv4_ipam_pool_id": null,
            "ipv4_netmask_length": null,
            "ipv6_association_id": "",
            "ipv6_cidr_block": "",
            "ipv6_cidr_block_network_border_group": "",
            "ipv6_ipam_pool_id": "",
            "ipv6_netmask_length": 0,
            "main_route_table_id": "rtb-099b76f765321bab2",
            "owner_id": "893893329401",
            "tags": {
              "Name": "vpc-np-aft-app-091563-dev-0"
            },
            "tags_all": {
              "Name": "vpc-np-aft-app-091563-dev-0",
              "appid": "aft-app-091563",
              "environment": "dev",
              "stla_lz": "true"
            }
          },
          "sensitive_attributes": [],
          "private": "eyJzY2hlbWFfdmVyc2lvbiI6IjEifQ==",
          "dependencies": [
            "data.aws_caller_identity.current",
            "module.baseline.data.aws_ssm_parameters_by_path.app_vars",
            "module.baseline.data.aws_ssm_parameters_by_path.legacy_app_vars",
            "module.baseline.module.standalone.aws_vpc_endpoint_service_allowed_principal.firewall",
            "module.baseline.module.standalone.data.aws_caller_identity.app",
            "module.baseline.module.standalone.data.aws_vpc_endpoint_service.firewall"
          ]
        }
      ]
    },
    {
      "module": "module.baseline.module.standalone[0].module.vpc[0]",
      "mode": "managed",
      "type": "aws_vpc_endpoint",
      "name": "aws",
      "provider": "provider[\"registry.terraform.io/hashicorp/aws\"].app",
      "instances": [
        {
          "index_key": "events",
          "schema_version": 0,
          "attributes": {
            "arn": "arn:aws:ec2:eu-west-3:893893329401:vpc-endpoint/vpce-0d10f4d010cc35451",
            "auto_accept": null,
            "cidr_blocks": [],
            "dns_entry": [],
            "dns_options": [
              {
                "dns_record_ip_type": "ipv4"
              }
            ],
            "id": "vpce-0d10f4d010cc35451",
            "ip_address_type": "ipv4",
            "network_interface_ids": [],
            "owner_id": "893893329401",
            "policy": "{\"Statement\":[{\"Action\":\"*\",\"Effect\":\"Allow\",\"Principal\":\"*\",\"Resource\":\"*\"}]}",
            "prefix_list_id": null,
            "private_dns_enabled": true,
            "requester_managed": false,
            "route_table_ids": [],
            "security_group_ids": [
              "sg-0dde02eeb2e38ece6"
            ],
            "service_name": "com.amazonaws.eu-west-3.events",
            "state": "available",
            "subnet_ids": [],
            "tags": {
              "Name": "ep-np-aft-app-091563-dev-0-events"
            },
            "tags_all": {
              "Name": "ep-np-aft-app-091563-dev-0-events",
              "appid": "aft-app-091563",
              "environment": "dev",
              "stla_lz": "true"
            },
            "timeouts": null,
            "vpc_endpoint_type": "Interface",
            "vpc_id": "vpc-037e9bf11844ed848"
          },
          "sensitive_attributes": [],
          "private": "eyJlMmJmYjczMC1lY2FhLTExZTYtOGY4OC0zNDM2M2JjN2M0YzAiOnsiY3JlYXRlIjo2MDAwMDAwMDAwMDAsImRlbGV0ZSI6NjAwMDAwMDAwMDAwLCJ1cGRhdGUiOjYwMDAwMDAwMDAwMH19",
          "dependencies": [
            "data.aws_caller_identity.current",
            "module.baseline.data.aws_ssm_parameters_by_path.app_vars",
            "module.baseline.data.aws_ssm_parameters_by_path.legacy_app_vars",
            "module.baseline.module.standalone.aws_vpc_endpoint_service_allowed_principal.firewall",
            "module.baseline.module.standalone.data.aws_caller_identity.app",
            "module.baseline.module.standalone.data.aws_vpc_endpoint_service.firewall",
            "module.baseline.module.standalone.module.vpc.aws_vpc.standalone",
            "module.baseline.module.standalone.module.vpc.data.aws_region.current"
          ]
        },
        {
          "index_key": "logs",
          "schema_version": 0,
          "attributes": {
            "arn": "arn:aws:ec2:eu-west-3:893893329401:vpc-endpoint/vpce-025393e452966fd51",
            "auto_accept": null,
            "cidr_blocks": [],
            "dns_entry": [],
            "dns_options": [
              {
                "dns_record_ip_type": "ipv4"
              }
            ],
            "id": "vpce-025393e452966fd51",
            "ip_address_type": "ipv4",
            "network_interface_ids": [],
            "owner_id": "893893329401",
            "policy": "{\"Statement\":[{\"Action\":\"*\",\"Effect\":\"Allow\",\"Principal\":\"*\",\"Resource\":\"*\"}]}",
            "prefix_list_id": null,
            "private_dns_enabled": true,
            "requester_managed": false,
            "route_table_ids": [],
            "security_group_ids": [
              "sg-0dde02eeb2e38ece6"
            ],
            "service_name": "com.amazonaws.eu-west-3.logs",
            "state": "available",
            "subnet_ids": [],
            "tags": {
              "Name": "ep-np-aft-app-091563-dev-0-logs"
            },
            "tags_all": {
              "Name": "ep-np-aft-app-091563-dev-0-logs",
              "appid": "aft-app-091563",
              "environment": "dev",
              "stla_lz": "true"
            },
            "timeouts": null,
            "vpc_endpoint_type": "Interface",
            "vpc_id": "vpc-037e9bf11844ed848"
          },
          "sensitive_attributes": [],
          "private": "eyJlMmJmYjczMC1lY2FhLTExZTYtOGY4OC0zNDM2M2JjN2M0YzAiOnsiY3JlYXRlIjo2MDAwMDAwMDAwMDAsImRlbGV0ZSI6NjAwMDAwMDAwMDAwLCJ1cGRhdGUiOjYwMDAwMDAwMDAwMH19",
          "dependencies": [
            "data.aws_caller_identity.current",
            "module.baseline.data.aws_ssm_parameters_by_path.app_vars",
            "module.baseline.data.aws_ssm_parameters_by_path.legacy_app_vars",
            "module.baseline.module.standalone.aws_vpc_endpoint_service_allowed_principal.firewall",
            "module.baseline.module.standalone.data.aws_caller_identity.app",
            "module.baseline.module.standalone.data.aws_vpc_endpoint_service.firewall",
            "module.baseline.module.standalone.module.vpc.aws_vpc.standalone",
            "module.baseline.module.standalone.module.vpc.data.aws_region.current"
          ]
        },
        {
          "index_key": "monitoring",
          "schema_version": 0,
          "attributes": {
            "arn": "arn:aws:ec2:eu-west-3:893893329401:vpc-endpoint/vpce-08a554200a185da62",
            "auto_accept": null,
            "cidr_blocks": [],
            "dns_entry": [],
            "dns_options": [
              {
                "dns_record_ip_type": "ipv4"
              }
            ],
            "id": "vpce-08a554200a185da62",
            "ip_address_type": "ipv4",
            "network_interface_ids": [],
            "owner_id": "893893329401",
            "policy": "{\"Statement\":[{\"Action\":\"*\",\"Effect\":\"Allow\",\"Principal\":\"*\",\"Resource\":\"*\"}]}",
            "prefix_list_id": null,
            "private_dns_enabled": true,
            "requester_managed": false,
            "route_table_ids": [],
            "security_group_ids": [
              "sg-0dde02eeb2e38ece6"
            ],
            "service_name": "com.amazonaws.eu-west-3.monitoring",
            "state": "available",
            "subnet_ids": [],
            "tags": {
              "Name": "ep-np-aft-app-091563-dev-0-monitoring"
            },
            "tags_all": {
              "Name": "ep-np-aft-app-091563-dev-0-monitoring",
              "appid": "aft-app-091563",
              "environment": "dev",
              "stla_lz": "true"
            },
            "timeouts": null,
            "vpc_endpoint_type": "Interface",
            "vpc_id": "vpc-037e9bf11844ed848"
          },
          "sensitive_attributes": [],
          "private": "eyJlMmJmYjczMC1lY2FhLTExZTYtOGY4OC0zNDM2M2JjN2M0YzAiOnsiY3JlYXRlIjo2MDAwMDAwMDAwMDAsImRlbGV0ZSI6NjAwMDAwMDAwMDAwLCJ1cGRhdGUiOjYwMDAwMDAwMDAwMH19",
          "dependencies": [
            "data.aws_caller_identity.current",
            "module.baseline.data.aws_ssm_parameters_by_path.app_vars",
            "module.baseline.data.aws_ssm_parameters_by_path.legacy_app_vars",
            "module.baseline.module.standalone.aws_vpc_endpoint_service_allowed_principal.firewall",
            "module.baseline.module.standalone.data.aws_caller_identity.app",
            "module.baseline.module.standalone.data.aws_vpc_endpoint_service.firewall",
            "module.baseline.module.standalone.module.vpc.aws_vpc.standalone",
            "module.baseline.module.standalone.module.vpc.data.aws_region.current"
          ]
        }
      ]
    },
    {
      "module": "module.baseline.module.standalone[0].module.vpc[0]",
      "mode": "managed",
      "type": "aws_vpc_endpoint",
      "name": "fw_endpoint",
      "provider": "provider[\"registry.terraform.io/hashicorp/aws\"].app",
      "instances": [
        {
          "index_key": "eu-west-3a",
          "schema_version": 0,
          "attributes": {
            "arn": "arn:aws:ec2:eu-west-3:893893329401:vpc-endpoint/vpce-0a1b5d662e7e97e14",
            "auto_accept": null,
            "cidr_blocks": [],
            "dns_entry": [],
            "dns_options": [],
            "id": "vpce-0a1b5d662e7e97e14",
            "ip_address_type": "ipv4",
            "network_interface_ids": [
              "eni-0738552bfff648460"
            ],
            "owner_id": "893893329401",
            "policy": "",
            "prefix_list_id": null,
            "private_dns_enabled": false,
            "requester_managed": false,
            "route_table_ids": [],
            "security_group_ids": [],
            "service_name": "com.amazonaws.vpce.eu-west-3.vpce-svc-0fd0dc847921b4805",
            "state": "available",
            "subnet_ids": [
              "subnet-06bfaf55d4616a058"
            ],
            "tags": {
              "Name": "ep-np-aft-app-091563-dev-0-fw-eu-west-3a"
            },
            "tags_all": {
              "Name": "ep-np-aft-app-091563-dev-0-fw-eu-west-3a",
              "appid": "aft-app-091563",
              "environment": "dev",
              "stla_lz": "true"
            },
            "timeouts": null,
            "vpc_endpoint_type": "GatewayLoadBalancer",
            "vpc_id": "vpc-037e9bf11844ed848"
          },
          "sensitive_attributes": [],
          "private": "eyJlMmJmYjczMC1lY2FhLTExZTYtOGY4OC0zNDM2M2JjN2M0YzAiOnsiY3JlYXRlIjo2MDAwMDAwMDAwMDAsImRlbGV0ZSI6NjAwMDAwMDAwMDAwLCJ1cGRhdGUiOjYwMDAwMDAwMDAwMH19",
          "dependencies": [
            "data.aws_caller_identity.current",
            "module.baseline.data.aws_availability_zones.all",
            "module.baseline.data.aws_ssm_parameters_by_path.app_vars",
            "module.baseline.data.aws_ssm_parameters_by_path.deploy_core_vars",
            "module.baseline.data.aws_ssm_parameters_by_path.deploy_vars",
            "module.baseline.data.aws_ssm_parameters_by_path.legacy_app_vars",
            "module.baseline.module.standalone.aws_vpc_endpoint_service_allowed_principal.firewall",
            "module.baseline.module.standalone.data.aws_caller_identity.app",
            "module.baseline.module.standalone.data.aws_vpc_endpoint_service.firewall",
            "module.baseline.module.standalone.module.vpc.aws_subnet.firewall",
            "module.baseline.module.standalone.module.vpc.aws_vpc.standalone"
          ]
        },
        {
          "index_key": "eu-west-3c",
          "schema_version": 0,
          "attributes": {
            "arn": "arn:aws:ec2:eu-west-3:893893329401:vpc-endpoint/vpce-02ad8eecd13470ffc",
            "auto_accept": null,
            "cidr_blocks": [],
            "dns_entry": [],
            "dns_options": [],
            "id": "vpce-02ad8eecd13470ffc",
            "ip_address_type": "ipv4",
            "network_interface_ids": [
              "eni-0204fec566d73bf08"
            ],
            "owner_id": "893893329401",
            "policy": "",
            "prefix_list_id": null,
            "private_dns_enabled": false,
            "requester_managed": false,
            "route_table_ids": [],
            "security_group_ids": [],
            "service_name": "com.amazonaws.vpce.eu-west-3.vpce-svc-0fd0dc847921b4805",
            "state": "available",
            "subnet_ids": [
              "subnet-0e70c634a00a5741f"
            ],
            "tags": {
              "Name": "ep-np-aft-app-091563-dev-0-fw-eu-west-3c"
            },
            "tags_all": {
              "Name": "ep-np-aft-app-091563-dev-0-fw-eu-west-3c",
              "appid": "aft-app-091563",
              "environment": "dev",
              "stla_lz": "true"
            },
            "timeouts": null,
            "vpc_endpoint_type": "GatewayLoadBalancer",
            "vpc_id": "vpc-037e9bf11844ed848"
          },
          "sensitive_attributes": [],
          "private": "eyJlMmJmYjczMC1lY2FhLTExZTYtOGY4OC0zNDM2M2JjN2M0YzAiOnsiY3JlYXRlIjo2MDAwMDAwMDAwMDAsImRlbGV0ZSI6NjAwMDAwMDAwMDAwLCJ1cGRhdGUiOjYwMDAwMDAwMDAwMH19",
          "dependencies": [
            "data.aws_caller_identity.current",
            "module.baseline.data.aws_availability_zones.all",
            "module.baseline.data.aws_ssm_parameters_by_path.app_vars",
            "module.baseline.data.aws_ssm_parameters_by_path.deploy_core_vars",
            "module.baseline.data.aws_ssm_parameters_by_path.deploy_vars",
            "module.baseline.data.aws_ssm_parameters_by_path.legacy_app_vars",
            "module.baseline.module.standalone.aws_vpc_endpoint_service_allowed_principal.firewall",
            "module.baseline.module.standalone.data.aws_caller_identity.app",
            "module.baseline.module.standalone.data.aws_vpc_endpoint_service.firewall",
            "module.baseline.module.standalone.module.vpc.aws_subnet.firewall",
            "module.baseline.module.standalone.module.vpc.aws_vpc.standalone"
          ]
        }
      ]
    },
    {
      "module": "module.baseline.module.standalone[0].module.vpc[0]",
      "mode": "managed",
      "type": "aws_vpc_endpoint_security_group_association",
      "name": "aws_sg",
      "provider": "provider[\"registry.terraform.io/hashicorp/aws\"].app",
      "instances": [
        {
          "index_key": "events",
          "schema_version": 0,
          "attributes": {
            "id": "a-vpce-0d10f4d010cc354513492497859",
            "replace_default_association": true,
            "security_group_id": "sg-00bf169017238b4a8",
            "vpc_endpoint_id": "vpce-0d10f4d010cc35451"
          },
          "sensitive_attributes": [],
          "private": "bnVsbA==",
          "dependencies": [
            "data.aws_caller_identity.current",
            "module.baseline.data.aws_ssm_parameters_by_path.app_vars",
            "module.baseline.data.aws_ssm_parameters_by_path.legacy_app_vars",
            "module.baseline.module.standalone.aws_vpc_endpoint_service_allowed_principal.firewall",
            "module.baseline.module.standalone.data.aws_caller_identity.app",
            "module.baseline.module.standalone.data.aws_vpc_endpoint_service.firewall",
            "module.baseline.module.standalone.module.vpc.aws_security_group.allow_tls",
            "module.baseline.module.standalone.module.vpc.aws_vpc.standalone",
            "module.baseline.module.standalone.module.vpc.aws_vpc_endpoint.aws",
            "module.baseline.module.standalone.module.vpc.data.aws_region.current"
          ]
        },
        {
          "index_key": "logs",
          "schema_version": 0,
          "attributes": {
            "id": "a-vpce-025393e452966fd513492497859",
            "replace_default_association": true,
            "security_group_id": "sg-00bf169017238b4a8",
            "vpc_endpoint_id": "vpce-025393e452966fd51"
          },
          "sensitive_attributes": [],
          "private": "bnVsbA==",
          "dependencies": [
            "data.aws_caller_identity.current",
            "module.baseline.data.aws_ssm_parameters_by_path.app_vars",
            "module.baseline.data.aws_ssm_parameters_by_path.legacy_app_vars",
            "module.baseline.module.standalone.aws_vpc_endpoint_service_allowed_principal.firewall",
            "module.baseline.module.standalone.data.aws_caller_identity.app",
            "module.baseline.module.standalone.data.aws_vpc_endpoint_service.firewall",
            "module.baseline.module.standalone.module.vpc.aws_security_group.allow_tls",
            "module.baseline.module.standalone.module.vpc.aws_vpc.standalone",
            "module.baseline.module.standalone.module.vpc.aws_vpc_endpoint.aws",
            "module.baseline.module.standalone.module.vpc.data.aws_region.current"
          ]
        },
        {
          "index_key": "monitoring",
          "schema_version": 0,
          "attributes": {
            "id": "a-vpce-08a554200a185da623492497859",
            "replace_default_association": true,
            "security_group_id": "sg-00bf169017238b4a8",
            "vpc_endpoint_id": "vpce-08a554200a185da62"
          },
          "sensitive_attributes": [],
          "private": "bnVsbA==",
          "dependencies": [
            "data.aws_caller_identity.current",
            "module.baseline.data.aws_ssm_parameters_by_path.app_vars",
            "module.baseline.data.aws_ssm_parameters_by_path.legacy_app_vars",
            "module.baseline.module.standalone.aws_vpc_endpoint_service_allowed_principal.firewall",
            "module.baseline.module.standalone.data.aws_caller_identity.app",
            "module.baseline.module.standalone.data.aws_vpc_endpoint_service.firewall",
            "module.baseline.module.standalone.module.vpc.aws_security_group.allow_tls",
            "module.baseline.module.standalone.module.vpc.aws_vpc.standalone",
            "module.baseline.module.standalone.module.vpc.aws_vpc_endpoint.aws",
            "module.baseline.module.standalone.module.vpc.data.aws_region.current"
          ]
        }
      ]
    },
    {
      "module": "module.baseline.module.standalone[0].module.vpc[0]",
      "mode": "managed",
      "type": "aws_vpc_endpoint_subnet_association",
      "name": "aws_sn",
      "provider": "provider[\"registry.terraform.io/hashicorp/aws\"].app",
      "instances": [
        {
          "index_key": "events_eu-west-3a",
          "schema_version": 0,
          "attributes": {
            "id": "a-vpce-0d10f4d010cc354511332232578",
            "subnet_id": "subnet-0512f385a390aef64",
            "timeouts": null,
            "vpc_endpoint_id": "vpce-0d10f4d010cc35451"
          },
          "sensitive_attributes": [],
          "private": "eyJlMmJmYjczMC1lY2FhLTExZTYtOGY4OC0zNDM2M2JjN2M0YzAiOnsiY3JlYXRlIjo2MDAwMDAwMDAwMDAsImRlbGV0ZSI6NjAwMDAwMDAwMDAwfX0=",
          "dependencies": [
            "data.aws_caller_identity.current",
            "module.baseline.data.aws_availability_zones.all",
            "module.baseline.data.aws_ssm_parameters_by_path.app_vars",
            "module.baseline.data.aws_ssm_parameters_by_path.deploy_core_vars",
            "module.baseline.data.aws_ssm_parameters_by_path.deploy_vars",
            "module.baseline.data.aws_ssm_parameters_by_path.legacy_app_vars",
            "module.baseline.module.standalone.aws_vpc_endpoint_service_allowed_principal.firewall",
            "module.baseline.module.standalone.data.aws_caller_identity.app",
            "module.baseline.module.standalone.data.aws_vpc_endpoint_service.firewall",
            "module.baseline.module.standalone.module.vpc.aws_subnet.private",
            "module.baseline.module.standalone.module.vpc.aws_vpc.standalone",
            "module.baseline.module.standalone.module.vpc.aws_vpc_endpoint.aws",
            "module.baseline.module.standalone.module.vpc.data.aws_region.current"
          ]
        },
        {
          "index_key": "events_eu-west-3c",
          "schema_version": 0,
          "attributes": {
            "id": "a-vpce-0d10f4d010cc3545132570423",
            "subnet_id": "subnet-0299e926878b4dd9e",
            "timeouts": null,
            "vpc_endpoint_id": "vpce-0d10f4d010cc35451"
          },
          "sensitive_attributes": [],
          "private": "eyJlMmJmYjczMC1lY2FhLTExZTYtOGY4OC0zNDM2M2JjN2M0YzAiOnsiY3JlYXRlIjo2MDAwMDAwMDAwMDAsImRlbGV0ZSI6NjAwMDAwMDAwMDAwfX0=",
          "dependencies": [
            "data.aws_caller_identity.current",
            "module.baseline.data.aws_availability_zones.all",
            "module.baseline.data.aws_ssm_parameters_by_path.app_vars",
            "module.baseline.data.aws_ssm_parameters_by_path.deploy_core_vars",
            "module.baseline.data.aws_ssm_parameters_by_path.deploy_vars",
            "module.baseline.data.aws_ssm_parameters_by_path.legacy_app_vars",
            "module.baseline.module.standalone.aws_vpc_endpoint_service_allowed_principal.firewall",
            "module.baseline.module.standalone.data.aws_caller_identity.app",
            "module.baseline.module.standalone.data.aws_vpc_endpoint_service.firewall",
            "module.baseline.module.standalone.module.vpc.aws_subnet.private",
            "module.baseline.module.standalone.module.vpc.aws_vpc.standalone",
            "module.baseline.module.standalone.module.vpc.aws_vpc_endpoint.aws",
            "module.baseline.module.standalone.module.vpc.data.aws_region.current"
          ]
        },
        {
          "index_key": "logs_eu-west-3a",
          "schema_version": 0,
          "attributes": {
            "id": "a-vpce-025393e452966fd511332232578",
            "subnet_id": "subnet-0512f385a390aef64",
            "timeouts": null,
            "vpc_endpoint_id": "vpce-025393e452966fd51"
          },
          "sensitive_attributes": [],
          "private": "eyJlMmJmYjczMC1lY2FhLTExZTYtOGY4OC0zNDM2M2JjN2M0YzAiOnsiY3JlYXRlIjo2MDAwMDAwMDAwMDAsImRlbGV0ZSI6NjAwMDAwMDAwMDAwfX0=",
          "dependencies": [
            "data.aws_caller_identity.current",
            "module.baseline.data.aws_availability_zones.all",
            "module.baseline.data.aws_ssm_parameters_by_path.app_vars",
            "module.baseline.data.aws_ssm_parameters_by_path.deploy_core_vars",
            "module.baseline.data.aws_ssm_parameters_by_path.deploy_vars",
            "module.baseline.data.aws_ssm_parameters_by_path.legacy_app_vars",
            "module.baseline.module.standalone.aws_vpc_endpoint_service_allowed_principal.firewall",
            "module.baseline.module.standalone.data.aws_caller_identity.app",
            "module.baseline.module.standalone.data.aws_vpc_endpoint_service.firewall",
            "module.baseline.module.standalone.module.vpc.aws_subnet.private",
            "module.baseline.module.standalone.module.vpc.aws_vpc.standalone",
            "module.baseline.module.standalone.module.vpc.aws_vpc_endpoint.aws",
            "module.baseline.module.standalone.module.vpc.data.aws_region.current"
          ]
        },
        {
          "index_key": "logs_eu-west-3c",
          "schema_version": 0,
          "attributes": {
            "id": "a-vpce-025393e452966fd5132570423",
            "subnet_id": "subnet-0299e926878b4dd9e",
            "timeouts": null,
            "vpc_endpoint_id": "vpce-025393e452966fd51"
          },
          "sensitive_attributes": [],
          "private": "eyJlMmJmYjczMC1lY2FhLTExZTYtOGY4OC0zNDM2M2JjN2M0YzAiOnsiY3JlYXRlIjo2MDAwMDAwMDAwMDAsImRlbGV0ZSI6NjAwMDAwMDAwMDAwfX0=",
          "dependencies": [
            "data.aws_caller_identity.current",
            "module.baseline.data.aws_availability_zones.all",
            "module.baseline.data.aws_ssm_parameters_by_path.app_vars",
            "module.baseline.data.aws_ssm_parameters_by_path.deploy_core_vars",
            "module.baseline.data.aws_ssm_parameters_by_path.deploy_vars",
            "module.baseline.data.aws_ssm_parameters_by_path.legacy_app_vars",
            "module.baseline.module.standalone.aws_vpc_endpoint_service_allowed_principal.firewall",
            "module.baseline.module.standalone.data.aws_caller_identity.app",
            "module.baseline.module.standalone.data.aws_vpc_endpoint_service.firewall",
            "module.baseline.module.standalone.module.vpc.aws_subnet.private",
            "module.baseline.module.standalone.module.vpc.aws_vpc.standalone",
            "module.baseline.module.standalone.module.vpc.aws_vpc_endpoint.aws",
            "module.baseline.module.standalone.module.vpc.data.aws_region.current"
          ]
        },
        {
          "index_key": "monitoring_eu-west-3a",
          "schema_version": 0,
          "attributes": {
            "id": "a-vpce-08a554200a185da621332232578",
            "subnet_id": "subnet-0512f385a390aef64",
            "timeouts": null,
            "vpc_endpoint_id": "vpce-08a554200a185da62"
          },
          "sensitive_attributes": [],
          "private": "eyJlMmJmYjczMC1lY2FhLTExZTYtOGY4OC0zNDM2M2JjN2M0YzAiOnsiY3JlYXRlIjo2MDAwMDAwMDAwMDAsImRlbGV0ZSI6NjAwMDAwMDAwMDAwfX0=",
          "dependencies": [
            "data.aws_caller_identity.current",
            "module.baseline.data.aws_availability_zones.all",
            "module.baseline.data.aws_ssm_parameters_by_path.app_vars",
            "module.baseline.data.aws_ssm_parameters_by_path.deploy_core_vars",
            "module.baseline.data.aws_ssm_parameters_by_path.deploy_vars",
            "module.baseline.data.aws_ssm_parameters_by_path.legacy_app_vars",
            "module.baseline.module.standalone.aws_vpc_endpoint_service_allowed_principal.firewall",
            "module.baseline.module.standalone.data.aws_caller_identity.app",
            "module.baseline.module.standalone.data.aws_vpc_endpoint_service.firewall",
            "module.baseline.module.standalone.module.vpc.aws_subnet.private",
            "module.baseline.module.standalone.module.vpc.aws_vpc.standalone",
            "module.baseline.module.standalone.module.vpc.aws_vpc_endpoint.aws",
            "module.baseline.module.standalone.module.vpc.data.aws_region.current"
          ]
        },
        {
          "index_key": "monitoring_eu-west-3c",
          "schema_version": 0,
          "attributes": {
            "id": "a-vpce-08a554200a185da6232570423",
            "subnet_id": "subnet-0299e926878b4dd9e",
            "timeouts": null,
            "vpc_endpoint_id": "vpce-08a554200a185da62"
          },
          "sensitive_attributes": [],
          "private": "eyJlMmJmYjczMC1lY2FhLTExZTYtOGY4OC0zNDM2M2JjN2M0YzAiOnsiY3JlYXRlIjo2MDAwMDAwMDAwMDAsImRlbGV0ZSI6NjAwMDAwMDAwMDAwfX0=",
          "dependencies": [
            "data.aws_caller_identity.current",
            "module.baseline.data.aws_availability_zones.all",
            "module.baseline.data.aws_ssm_parameters_by_path.app_vars",
            "module.baseline.data.aws_ssm_parameters_by_path.deploy_core_vars",
            "module.baseline.data.aws_ssm_parameters_by_path.deploy_vars",
            "module.baseline.data.aws_ssm_parameters_by_path.legacy_app_vars",
            "module.baseline.module.standalone.aws_vpc_endpoint_service_allowed_principal.firewall",
            "module.baseline.module.standalone.data.aws_caller_identity.app",
            "module.baseline.module.standalone.data.aws_vpc_endpoint_service.firewall",
            "module.baseline.module.standalone.module.vpc.aws_subnet.private",
            "module.baseline.module.standalone.module.vpc.aws_vpc.standalone",
            "module.baseline.module.standalone.module.vpc.aws_vpc_endpoint.aws",
            "module.baseline.module.standalone.module.vpc.data.aws_region.current"
          ]
        }
      ]
    }
  ],
  "check_results": [
    {
      "object_kind": "resource",
      "config_addr": "module.baseline.data.aws_availability_zones.all",
      "status": "unknown",
      "objects": [
        {
          "object_addr": "module.baseline.data.aws_availability_zones.all",
          "status": "unknown"
        }
      ]
    },
    {
      "object_kind": "resource",
      "config_addr": "module.baseline.null_resource.version_check",
      "status": "pass",
      "objects": [
        {
          "object_addr": "module.baseline.null_resource.version_check",
          "status": "pass"
        }
      ]
    }
  ]
}
