{
  "version": 4,
  "terraform_version": "1.2.5",
  "serial": 0,
  "lineage": "b22bebc6-5136-f913-2763-2ee8a99c9faa",
  "outputs": {
    "target_account_id": {
      "value": "006549249964",
      "type": "string"
    }
  },
  "resources": [
    {
      "mode": "data",
      "type": "aws_caller_identity",
      "name": "current",
      "provider": "provider[\"registry.terraform.io/hashicorp/aws\"]",
      "instances": [
        {
          "schema_version": 0,
          "attributes": {
            "account_id": "006549249964",
            "arn": "arn:aws:sts::006549249964:assumed-role/AWSAFTExecution/aws-go-sdk-1670569231377673559",
            "id": "006549249964",
            "user_id": "AROAQDBS5T6WISWHJEHIL:aws-go-sdk-1670569231377673559"
          },
          "sensitive_attributes": []
        }
      ]
    },
    {
      "module": "module.baseline",
      "mode": "data",
      "type": "aws_availability_zones",
      "name": "all",
      "provider": "provider[\"registry.terraform.io/hashicorp/aws\"].app",
      "instances": [
        {
          "schema_version": 0,
          "attributes": {
            "all_availability_zones": null,
            "exclude_names": null,
            "exclude_zone_ids": null,
            "filter": [
              {
                "name": "group-name",
                "values": [
                  "eu-west-3"
                ]
              }
            ],
            "group_names": [
              "eu-west-3"
            ],
            "id": "eu-west-3",
            "names": [
              "eu-west-3a",
              "eu-west-3b",
              "eu-west-3c"
            ],
            "state": null,
            "timeouts": null,
            "zone_ids": [
              "euw3-az1",
              "euw3-az2",
              "euw3-az3"
            ]
          },
          "sensitive_attributes": []
        }
      ]
    },
    {
      "module": "module.baseline",
      "mode": "data",
      "type": "aws_caller_identity",
      "name": "app",
      "provider": "provider[\"registry.terraform.io/hashicorp/aws\"].app",
      "instances": [
        {
          "schema_version": 0,
          "attributes": {
            "account_id": "006549249964",
            "arn": "arn:aws:sts::006549249964:assumed-role/AWSAFTExecution/aws-go-sdk-1670569232977001865",
            "id": "006549249964",
            "user_id": "AROAQDBS5T6WISWHJEHIL:aws-go-sdk-1670569232977001865"
          },
          "sensitive_attributes": []
        }
      ]
    },
    {
      "module": "module.baseline",
      "mode": "data",
      "type": "aws_region",
      "name": "alt",
      "provider": "provider[\"registry.terraform.io/hashicorp/aws\"].hub_alt",
      "instances": [
        {
          "schema_version": 0,
          "attributes": {
            "description": "Europe (Ireland)",
            "endpoint": "ec2.eu-west-1.amazonaws.com",
            "id": "eu-west-1",
            "name": "eu-west-1"
          },
          "sensitive_attributes": []
        }
      ]
    },
    {
      "module": "module.baseline",
      "mode": "data",
      "type": "aws_region",
      "name": "core",
      "provider": "provider[\"registry.terraform.io/hashicorp/aws\"].deploy_core",
      "instances": [
        {
          "schema_version": 0,
          "attributes": {
            "description": "US East (N. Virginia)",
            "endpoint": "ec2.us-east-1.amazonaws.com",
            "id": "us-east-1",
            "name": "us-east-1"
          },
          "sensitive_attributes": []
        }
      ]
    },
    {
      "module": "module.baseline",
      "mode": "data",
      "type": "aws_region",
      "name": "current",
      "provider": "provider[\"registry.terraform.io/hashicorp/aws\"].app",
      "instances": [
        {
          "schema_version": 0,
          "attributes": {
            "description": "Europe (Paris)",
            "endpoint": "ec2.eu-west-3.amazonaws.com",
            "id": "eu-west-3",
            "name": "eu-west-3"
          },
          "sensitive_attributes": []
        }
      ]
    },
    {
      "module": "module.baseline",
      "mode": "data",
      "type": "aws_regions",
      "name": "all",
      "provider": "provider[\"registry.terraform.io/hashicorp/aws\"].app",
      "instances": [
        {
          "schema_version": 0,
          "attributes": {
            "all_regions": true,
            "filter": [],
            "id": "aws",
            "names": [
              "af-south-1",
              "ap-east-1",
              "ap-northeast-1",
              "ap-northeast-2",
              "ap-northeast-3",
              "ap-south-1",
              "ap-south-2",
              "ap-southeast-1",
              "ap-southeast-2",
              "ap-southeast-3",
              "ca-central-1",
              "eu-central-1",
              "eu-central-2",
              "eu-north-1",
              "eu-south-1",
              "eu-south-2",
              "eu-west-1",
              "eu-west-2",
              "eu-west-3",
              "me-central-1",
              "me-south-1",
              "sa-east-1",
              "us-east-1",
              "us-east-2",
              "us-west-1",
              "us-west-2"
            ]
          },
          "sensitive_attributes": []
        }
      ]
    },
    {
      "module": "module.baseline",
      "mode": "data",
      "type": "aws_ssm_parameters_by_path",
      "name": "app_vars",
      "provider": "provider[\"registry.terraform.io/hashicorp/aws\"].app",
      "instances": [
        {
          "schema_version": 0,
          "attributes": {
            "arns": [],
            "id": "/lz/tfvars/np-aft-app-090723-dev",
            "names": [],
            "path": "/lz/tfvars/np-aft-app-090723-dev",
            "recursive": false,
            "types": [],
            "values": [],
            "with_decryption": true
          },
          "sensitive_attributes": []
        }
      ]
    },
    {
      "module": "module.baseline",
      "mode": "data",
      "type": "aws_ssm_parameters_by_path",
      "name": "deploy_core_vars",
      "provider": "provider[\"registry.terraform.io/hashicorp/aws\"].deploy_core",
      "instances": [
        {
          "schema_version": 0,
          "attributes": {
            "arns": [],
            "id": "/lz/tfvars",
            "names": [],
            "path": "/lz/tfvars",
            "recursive": false,
            "types": [],
            "values": [],
            "with_decryption": true
          },
          "sensitive_attributes": []
        }
      ]
    },
    {
      "module": "module.baseline",
      "mode": "data",
      "type": "aws_ssm_parameters_by_path",
      "name": "deploy_vars",
      "provider": "provider[\"registry.terraform.io/hashicorp/aws\"].deploy",
      "instances": [
        {
          "schema_version": 0,
          "attributes": {
            "arns": [
              "arn:aws:ssm:eu-west-3:805943475983:parameter/lz/tfvars/default_subnet_share_pattern",
              "arn:aws:ssm:eu-west-3:805943475983:parameter/lz/tfvars/fw_eps_name",
              "arn:aws:ssm:eu-west-3:805943475983:parameter/lz/tfvars/operating_regions",
              "arn:aws:ssm:eu-west-3:805943475983:parameter/lz/tfvars/shared_services_non_prod",
              "arn:aws:ssm:eu-west-3:805943475983:parameter/lz/tfvars/shared_services_prod"
            ],
            "id": "/lz/tfvars",
            "names": [
              "/lz/tfvars/default_subnet_share_pattern",
              "/lz/tfvars/fw_eps_name",
              "/lz/tfvars/operating_regions",
              "/lz/tfvars/shared_services_non_prod",
              "/lz/tfvars/shared_services_prod"
            ],
            "path": "/lz/tfvars",
            "recursive": false,
            "types": [
              "String",
              "String",
              "StringList",
              "String",
              "String"
            ],
            "values": [
              "dummy",
              "com.amazonaws.vpce.eu-west-3.vpce-svc-04ff01d417265db22",
              "eu-west-3",
              " ",
              " "
            ],
            "with_decryption": true
          },
          "sensitive_attributes": []
        }
      ]
    },
    {
      "module": "module.baseline",
      "mode": "data",
      "type": "aws_ssm_parameters_by_path",
      "name": "legacy_app_vars",
      "provider": "provider[\"registry.terraform.io/hashicorp/aws\"].app",
      "instances": [
        {
          "schema_version": 0,
          "attributes": {
            "arns": [],
            "id": "/lz/tfvars",
            "names": [],
            "path": "/lz/tfvars",
            "recursive": false,
            "types": [],
            "values": [],
            "with_decryption": true
          },
          "sensitive_attributes": []
        }
      ]
    },
    {
      "module": "module.baseline",
      "mode": "managed",
      "type": "aws_cloudwatch_log_group",
      "name": "ssm",
      "provider": "provider[\"registry.terraform.io/hashicorp/aws\"].app",
      "instances": [
        {
          "schema_version": 0,
          "attributes": {
            "arn": "arn:aws:logs:eu-west-3:006549249964:log-group:/stla/ssm-sessions/np-aft-app-090723-dev",
            "id": "/stla/ssm-sessions/np-aft-app-090723-dev",
            "kms_key_id": "",
            "name": "/stla/ssm-sessions/np-aft-app-090723-dev",
            "name_prefix": "",
            "retention_in_days": 30,
            "skip_destroy": false,
            "tags": null,
            "tags_all": {
              "appid": "aft-app-090723",
              "environment": "dev",
              "stla_lz": "true"
            }
          },
          "sensitive_attributes": [],
          "private": "bnVsbA==",
          "dependencies": [
            "data.aws_caller_identity.current"
          ]
        }
      ]
    },
    {
      "module": "module.baseline",
      "mode": "managed",
      "type": "aws_ssm_document",
      "name": "session_manager_prefs",
      "provider": "provider[\"registry.terraform.io/hashicorp/aws\"].app",
      "instances": [
        {
          "schema_version": 0,
          "attributes": {
            "arn": "arn:aws:ssm:eu-west-3:006549249964:document/SSM-SessionManagerRunShell",
            "attachments_source": [],
            "content": "{\"description\":\"Document to hold regional settings for Session Manager\",\"inputs\":{\"cloudWatchEncryptionEnabled\":false,\"cloudWatchLogGroupName\":\"/stla/ssm-sessions/np-aft-app-090723-dev\",\"cloudWatchStreamingEnabled\":true,\"idleSessionTimeout\":20,\"maxSessionDuration\":null},\"schemaVersion\":\"1.0\",\"sessionType\":\"Standard_Stream\"}",
            "created_date": "2022-12-09T07:00:39Z",
            "default_version": "1",
            "description": "",
            "document_format": "JSON",
            "document_type": "Session",
            "document_version": "1",
            "hash": "16982eb1b213e65ba328e7a389dfcb54f289e13f86b02aff67106a740d5e59cb",
            "hash_type": "Sha256",
            "id": "SSM-SessionManagerRunShell",
            "latest_version": "1",
            "name": "SSM-SessionManagerRunShell",
            "owner": "006549249964",
            "parameter": [],
            "permissions": null,
            "platform_types": [
              "Windows",
              "Linux"
            ],
            "schema_version": "1.0",
            "status": "Active",
            "tags": null,
            "tags_all": {
              "appid": "aft-app-090723",
              "environment": "dev",
              "stla_lz": "true"
            },
            "target_type": "",
            "version_name": ""
          },
          "sensitive_attributes": [],
          "private": "bnVsbA==",
          "dependencies": [
            "data.aws_caller_identity.current",
            "module.baseline.aws_cloudwatch_log_group.ssm",
            "module.baseline.data.aws_region.current",
            "module.baseline.null_resource.ssm_prefs_deletion"
          ]
        }
      ]
    },
    {
      "module": "module.baseline",
      "mode": "managed",
      "type": "aws_ssm_parameter",
      "name": "account_type",
      "provider": "provider[\"registry.terraform.io/hashicorp/aws\"].app",
      "instances": [
        {
          "schema_version": 0,
          "attributes": {
            "allowed_pattern": "",
            "arn": "arn:aws:ssm:eu-west-3:006549249964:parameter/lz/tfvars/np-aft-app-090723-dev/account_type",
            "data_type": "text",
            "description": "",
            "id": "/lz/tfvars/np-aft-app-090723-dev/account_type",
            "insecure_value": null,
            "key_id": "",
            "name": "/lz/tfvars/np-aft-app-090723-dev/account_type",
            "overwrite": null,
            "tags": null,
            "tags_all": {
              "appid": "aft-app-090723",
              "environment": "dev",
              "stla_lz": "true"
            },
            "tier": "Standard",
            "type": "String",
            "value": "standalone",
            "version": 1
          },
          "sensitive_attributes": [],
          "private": "bnVsbA==",
          "dependencies": [
            "data.aws_caller_identity.current",
            "module.baseline.data.aws_ssm_parameters_by_path.app_vars",
            "module.baseline.data.aws_ssm_parameters_by_path.legacy_app_vars"
          ]
        }
      ]
    },
    {
      "module": "module.baseline",
      "mode": "managed",
      "type": "aws_ssm_parameter",
      "name": "az_count",
      "provider": "provider[\"registry.terraform.io/hashicorp/aws\"].app",
      "instances": [
        {
          "schema_version": 0,
          "attributes": {
            "allowed_pattern": "",
            "arn": "arn:aws:ssm:eu-west-3:006549249964:parameter/lz/tfvars/np-aft-app-090723-dev/az_count",
            "data_type": "text",
            "description": "",
            "id": "/lz/tfvars/np-aft-app-090723-dev/az_count",
            "insecure_value": null,
            "key_id": "",
            "name": "/lz/tfvars/np-aft-app-090723-dev/az_count",
            "overwrite": null,
            "tags": null,
            "tags_all": {
              "appid": "aft-app-090723",
              "environment": "dev",
              "stla_lz": "true"
            },
            "tier": "Standard",
            "type": "String",
            "value": "2",
            "version": 1
          },
          "sensitive_attributes": [],
          "private": "bnVsbA==",
          "dependencies": [
            "data.aws_caller_identity.current",
            "module.baseline.data.aws_ssm_parameters_by_path.app_vars",
            "module.baseline.data.aws_ssm_parameters_by_path.legacy_app_vars"
          ]
        }
      ]
    },
    {
      "module": "module.baseline",
      "mode": "managed",
      "type": "aws_ssm_parameter",
      "name": "az_exclusion",
      "provider": "provider[\"registry.terraform.io/hashicorp/aws\"].app",
      "instances": [
        {
          "schema_version": 0,
          "attributes": {
            "allowed_pattern": "",
            "arn": "arn:aws:ssm:eu-west-3:006549249964:parameter/lz/tfvars/np-aft-app-090723-dev/az_exclusion",
            "data_type": "text",
            "description": "",
            "id": "/lz/tfvars/np-aft-app-090723-dev/az_exclusion",
            "insecure_value": null,
            "key_id": "",
            "name": "/lz/tfvars/np-aft-app-090723-dev/az_exclusion",
            "overwrite": null,
            "tags": null,
            "tags_all": {
              "appid": "aft-app-090723",
              "environment": "dev",
              "stla_lz": "true"
            },
            "tier": "Standard",
            "type": "String",
            "value": "\u003cnone\u003e",
            "version": 1
          },
          "sensitive_attributes": [],
          "private": "bnVsbA==",
          "dependencies": [
            "data.aws_caller_identity.current",
            "module.baseline.data.aws_ssm_parameters_by_path.app_vars",
            "module.baseline.data.aws_ssm_parameters_by_path.legacy_app_vars"
          ]
        }
      ]
    },
    {
      "module": "module.baseline",
      "mode": "managed",
      "type": "aws_ssm_parameter",
      "name": "backend_netmask_length",
      "provider": "provider[\"registry.terraform.io/hashicorp/aws\"].app",
      "instances": [
        {
          "schema_version": 0,
          "attributes": {
            "allowed_pattern": "",
            "arn": "arn:aws:ssm:eu-west-3:006549249964:parameter/lz/tfvars/np-aft-app-090723-dev/backend_netmask_length",
            "data_type": "text",
            "description": "",
            "id": "/lz/tfvars/np-aft-app-090723-dev/backend_netmask_length",
            "insecure_value": null,
            "key_id": "",
            "name": "/lz/tfvars/np-aft-app-090723-dev/backend_netmask_length",
            "overwrite": null,
            "tags": null,
            "tags_all": {
              "appid": "aft-app-090723",
              "environment": "dev",
              "stla_lz": "true"
            },
            "tier": "Standard",
            "type": "String",
            "value": "26",
            "version": 1
          },
          "sensitive_attributes": [],
          "private": "bnVsbA==",
          "dependencies": [
            "data.aws_caller_identity.current",
            "module.baseline.data.aws_ssm_parameters_by_path.app_vars",
            "module.baseline.data.aws_ssm_parameters_by_path.legacy_app_vars"
          ]
        }
      ]
    },
    {
      "module": "module.baseline",
      "mode": "managed",
      "type": "aws_ssm_parameter",
      "name": "backend_netmask_margin",
      "provider": "provider[\"registry.terraform.io/hashicorp/aws\"].app",
      "instances": [
        {
          "schema_version": 0,
          "attributes": {
            "allowed_pattern": "",
            "arn": "arn:aws:ssm:eu-west-3:006549249964:parameter/lz/tfvars/np-aft-app-090723-dev/backend_netmask_margin",
            "data_type": "text",
            "description": "",
            "id": "/lz/tfvars/np-aft-app-090723-dev/backend_netmask_margin",
            "insecure_value": null,
            "key_id": "",
            "name": "/lz/tfvars/np-aft-app-090723-dev/backend_netmask_margin",
            "overwrite": null,
            "tags": null,
            "tags_all": {
              "appid": "aft-app-090723",
              "environment": "dev",
              "stla_lz": "true"
            },
            "tier": "Standard",
            "type": "String",
            "value": "0",
            "version": 1
          },
          "sensitive_attributes": [],
          "private": "bnVsbA==",
          "dependencies": [
            "data.aws_caller_identity.current",
            "module.baseline.data.aws_ssm_parameters_by_path.app_vars",
            "module.baseline.data.aws_ssm_parameters_by_path.legacy_app_vars"
          ]
        }
      ]
    },
    {
      "module": "module.baseline",
      "mode": "managed",
      "type": "aws_ssm_parameter",
      "name": "backend_subnet_count",
      "provider": "provider[\"registry.terraform.io/hashicorp/aws\"].app",
      "instances": [
        {
          "schema_version": 0,
          "attributes": {
            "allowed_pattern": "",
            "arn": "arn:aws:ssm:eu-west-3:006549249964:parameter/lz/tfvars/np-aft-app-090723-dev/backend_subnet_count",
            "data_type": "text",
            "description": "",
            "id": "/lz/tfvars/np-aft-app-090723-dev/backend_subnet_count",
            "insecure_value": null,
            "key_id": "",
            "name": "/lz/tfvars/np-aft-app-090723-dev/backend_subnet_count",
            "overwrite": null,
            "tags": null,
            "tags_all": {
              "appid": "aft-app-090723",
              "environment": "dev",
              "stla_lz": "true"
            },
            "tier": "Standard",
            "type": "String",
            "value": "2",
            "version": 1
          },
          "sensitive_attributes": [],
          "private": "bnVsbA==",
          "dependencies": [
            "data.aws_caller_identity.current",
            "module.baseline.data.aws_ssm_parameters_by_path.app_vars",
            "module.baseline.data.aws_ssm_parameters_by_path.legacy_app_vars"
          ]
        }
      ]
    },
    {
      "module": "module.baseline",
      "mode": "managed",
      "type": "aws_ssm_parameter",
      "name": "cidr",
      "provider": "provider[\"registry.terraform.io/hashicorp/aws\"].app",
      "instances": [
        {
          "schema_version": 0,
          "attributes": {
            "allowed_pattern": "",
            "arn": "arn:aws:ssm:eu-west-3:006549249964:parameter/lz/tfvars/np-aft-app-090723-dev/cidr",
            "data_type": "text",
            "description": "",
            "id": "/lz/tfvars/np-aft-app-090723-dev/cidr",
            "insecure_value": null,
            "key_id": "",
            "name": "/lz/tfvars/np-aft-app-090723-dev/cidr",
            "overwrite": null,
            "tags": null,
            "tags_all": {
              "appid": "aft-app-090723",
              "environment": "dev",
              "stla_lz": "true"
            },
            "tier": "Standard",
            "type": "String",
            "value": "192.168.0.0/16",
            "version": 1
          },
          "sensitive_attributes": [],
          "private": "bnVsbA==",
          "dependencies": [
            "data.aws_caller_identity.current",
            "module.baseline.data.aws_ssm_parameters_by_path.app_vars",
            "module.baseline.data.aws_ssm_parameters_by_path.legacy_app_vars"
          ]
        }
      ]
    },
    {
      "module": "module.baseline",
      "mode": "managed",
      "type": "aws_ssm_parameter",
      "name": "deploy_global_resources",
      "provider": "provider[\"registry.terraform.io/hashicorp/aws\"].app",
      "instances": [
        {
          "schema_version": 0,
          "attributes": {
            "allowed_pattern": "",
            "arn": "arn:aws:ssm:eu-west-3:006549249964:parameter/lz/tfvars/np-aft-app-090723-dev/deploy_global_resources",
            "data_type": "text",
            "description": "",
            "id": "/lz/tfvars/np-aft-app-090723-dev/deploy_global_resources",
            "insecure_value": null,
            "key_id": "",
            "name": "/lz/tfvars/np-aft-app-090723-dev/deploy_global_resources",
            "overwrite": null,
            "tags": null,
            "tags_all": {
              "appid": "aft-app-090723",
              "environment": "dev",
              "stla_lz": "true"
            },
            "tier": "Standard",
            "type": "String",
            "value": "true",
            "version": 1
          },
          "sensitive_attributes": [],
          "private": "bnVsbA==",
          "dependencies": [
            "data.aws_caller_identity.current",
            "module.baseline.data.aws_ssm_parameters_by_path.app_vars",
            "module.baseline.data.aws_ssm_parameters_by_path.legacy_app_vars"
          ]
        }
      ]
    },
    {
      "module": "module.baseline",
      "mode": "managed",
      "type": "aws_ssm_parameter",
      "name": "domain_name",
      "provider": "provider[\"registry.terraform.io/hashicorp/aws\"].app",
      "instances": [
        {
          "schema_version": 0,
          "attributes": {
            "allowed_pattern": "",
            "arn": "arn:aws:ssm:eu-west-3:006549249964:parameter/lz/tfvars/np-aft-app-090723-dev/domain_name",
            "data_type": "text",
            "description": "",
            "id": "/lz/tfvars/np-aft-app-090723-dev/domain_name",
            "insecure_value": null,
            "key_id": "",
            "name": "/lz/tfvars/np-aft-app-090723-dev/domain_name",
            "overwrite": null,
            "tags": null,
            "tags_all": {
              "appid": "aft-app-090723",
              "environment": "dev",
              "stla_lz": "true"
            },
            "tier": "Standard",
            "type": "String",
            "value": "aft-app-090723-dev",
            "version": 1
          },
          "sensitive_attributes": [],
          "private": "bnVsbA==",
          "dependencies": [
            "data.aws_caller_identity.current",
            "module.baseline.data.aws_ssm_parameters_by_path.app_vars",
            "module.baseline.data.aws_ssm_parameters_by_path.legacy_app_vars"
          ]
        }
      ]
    },
    {
      "module": "module.baseline",
      "mode": "managed",
      "type": "aws_ssm_parameter",
      "name": "flags",
      "provider": "provider[\"registry.terraform.io/hashicorp/aws\"].app",
      "instances": [
        {
          "schema_version": 0,
          "attributes": {
            "allowed_pattern": "",
            "arn": "arn:aws:ssm:eu-west-3:006549249964:parameter/lz/tfvars/np-aft-app-090723-dev/flags",
            "data_type": "text",
            "description": "",
            "id": "/lz/tfvars/np-aft-app-090723-dev/flags",
            "insecure_value": null,
            "key_id": "",
            "name": "/lz/tfvars/np-aft-app-090723-dev/flags",
            "overwrite": null,
            "tags": null,
            "tags_all": {
              "appid": "aft-app-090723",
              "environment": "dev",
              "stla_lz": "true"
            },
            "tier": "Standard",
            "type": "String",
            "value": "\u003cnone\u003e",
            "version": 1
          },
          "sensitive_attributes": [],
          "private": "bnVsbA==",
          "dependencies": [
            "data.aws_caller_identity.current",
            "module.baseline.data.aws_ssm_parameters_by_path.app_vars",
            "module.baseline.data.aws_ssm_parameters_by_path.legacy_app_vars"
          ]
        }
      ]
    },
    {
      "module": "module.baseline",
      "mode": "managed",
      "type": "aws_ssm_parameter",
      "name": "flow_logs_format",
      "provider": "provider[\"registry.terraform.io/hashicorp/aws\"].app",
      "instances": [
        {
          "schema_version": 0,
          "attributes": {
            "allowed_pattern": "",
            "arn": "arn:aws:ssm:eu-west-3:006549249964:parameter/lz/tfvars/np-aft-app-090723-dev/flow_logs_format",
            "data_type": "text",
            "description": "",
            "id": "/lz/tfvars/np-aft-app-090723-dev/flow_logs_format",
            "insecure_value": null,
            "key_id": "",
            "name": "/lz/tfvars/np-aft-app-090723-dev/flow_logs_format",
            "overwrite": null,
            "tags": null,
            "tags_all": {
              "appid": "aft-app-090723",
              "environment": "dev",
              "stla_lz": "true"
            },
            "tier": "Standard",
            "type": "String",
            "value": "${account-id} ${action} ${az-id} ${bytes} ${dstaddr} ${dstport} ${end} ${interface-id} ${instance-id} ${flow-direction} ${packets} ${protocol} ${start} ${subnet-id} ${vpc-id} ${version} ${tcp-flags} ${srcaddr} ${srcport} ${pkt-dstaddr} ${pkt-srcaddr} ${region} ${traffic-path}",
            "version": 1
          },
          "sensitive_attributes": [],
          "private": "bnVsbA==",
          "dependencies": [
            "data.aws_caller_identity.current",
            "module.baseline.data.aws_ssm_parameters_by_path.app_vars",
            "module.baseline.data.aws_ssm_parameters_by_path.legacy_app_vars"
          ]
        }
      ]
    },
    {
      "module": "module.baseline",
      "mode": "managed",
      "type": "aws_ssm_parameter",
      "name": "frontend_netmask_length",
      "provider": "provider[\"registry.terraform.io/hashicorp/aws\"].app",
      "instances": [
        {
          "schema_version": 0,
          "attributes": {
            "allowed_pattern": "",
            "arn": "arn:aws:ssm:eu-west-3:006549249964:parameter/lz/tfvars/np-aft-app-090723-dev/frontend_netmask_length",
            "data_type": "text",
            "description": "",
            "id": "/lz/tfvars/np-aft-app-090723-dev/frontend_netmask_length",
            "insecure_value": null,
            "key_id": "",
            "name": "/lz/tfvars/np-aft-app-090723-dev/frontend_netmask_length",
            "overwrite": null,
            "tags": null,
            "tags_all": {
              "appid": "aft-app-090723",
              "environment": "dev",
              "stla_lz": "true"
            },
            "tier": "Standard",
            "type": "String",
            "value": "28",
            "version": 1
          },
          "sensitive_attributes": [],
          "private": "bnVsbA==",
          "dependencies": [
            "data.aws_caller_identity.current",
            "module.baseline.data.aws_ssm_parameters_by_path.app_vars",
            "module.baseline.data.aws_ssm_parameters_by_path.legacy_app_vars"
          ]
        }
      ]
    },
    {
      "module": "module.baseline",
      "mode": "managed",
      "type": "aws_ssm_parameter",
      "name": "frontend_netmask_margin",
      "provider": "provider[\"registry.terraform.io/hashicorp/aws\"].app",
      "instances": [
        {
          "schema_version": 0,
          "attributes": {
            "allowed_pattern": "",
            "arn": "arn:aws:ssm:eu-west-3:006549249964:parameter/lz/tfvars/np-aft-app-090723-dev/frontend_netmask_margin",
            "data_type": "text",
            "description": "",
            "id": "/lz/tfvars/np-aft-app-090723-dev/frontend_netmask_margin",
            "insecure_value": null,
            "key_id": "",
            "name": "/lz/tfvars/np-aft-app-090723-dev/frontend_netmask_margin",
            "overwrite": null,
            "tags": null,
            "tags_all": {
              "appid": "aft-app-090723",
              "environment": "dev",
              "stla_lz": "true"
            },
            "tier": "Standard",
            "type": "String",
            "value": "0",
            "version": 1
          },
          "sensitive_attributes": [],
          "private": "bnVsbA==",
          "dependencies": [
            "data.aws_caller_identity.current",
            "module.baseline.data.aws_ssm_parameters_by_path.app_vars",
            "module.baseline.data.aws_ssm_parameters_by_path.legacy_app_vars"
          ]
        }
      ]
    },
    {
      "module": "module.baseline",
      "mode": "managed",
      "type": "aws_ssm_parameter",
      "name": "hosted_zone",
      "provider": "provider[\"registry.terraform.io/hashicorp/aws\"].app",
      "instances": [
        {
          "schema_version": 0,
          "attributes": {
            "allowed_pattern": "",
            "arn": "arn:aws:ssm:eu-west-3:006549249964:parameter/lz/tfvars/np-aft-app-090723-dev/hosted_zone",
            "data_type": "text",
            "description": "",
            "id": "/lz/tfvars/np-aft-app-090723-dev/hosted_zone",
            "insecure_value": null,
            "key_id": "",
            "name": "/lz/tfvars/np-aft-app-090723-dev/hosted_zone",
            "overwrite": null,
            "tags": null,
            "tags_all": {
              "appid": "aft-app-090723",
              "environment": "dev",
              "stla_lz": "true"
            },
            "tier": "Standard",
            "type": "String",
            "value": "stla-aws.net",
            "version": 1
          },
          "sensitive_attributes": [],
          "private": "bnVsbA==",
          "dependencies": [
            "data.aws_caller_identity.current",
            "module.baseline.data.aws_ssm_parameters_by_path.app_vars",
            "module.baseline.data.aws_ssm_parameters_by_path.legacy_app_vars"
          ]
        }
      ]
    },
    {
      "module": "module.baseline",
      "mode": "managed",
      "type": "aws_ssm_parameter",
      "name": "subnet_share_alt",
      "provider": "provider[\"registry.terraform.io/hashicorp/aws\"].app",
      "instances": [
        {
          "schema_version": 0,
          "attributes": {
            "allowed_pattern": "",
            "arn": "arn:aws:ssm:eu-west-3:006549249964:parameter/lz/tfvars/np-aft-app-090723-dev/subnet_share_alt",
            "data_type": "text",
            "description": "",
            "id": "/lz/tfvars/np-aft-app-090723-dev/subnet_share_alt",
            "insecure_value": null,
            "key_id": "",
            "name": "/lz/tfvars/np-aft-app-090723-dev/subnet_share_alt",
            "overwrite": null,
            "tags": null,
            "tags_all": {
              "appid": "aft-app-090723",
              "environment": "dev",
              "stla_lz": "true"
            },
            "tier": "Standard",
            "type": "String",
            "value": "auto",
            "version": 1
          },
          "sensitive_attributes": [],
          "private": "bnVsbA==",
          "dependencies": [
            "data.aws_caller_identity.current",
            "module.baseline.data.aws_ssm_parameters_by_path.app_vars",
            "module.baseline.data.aws_ssm_parameters_by_path.legacy_app_vars"
          ]
        }
      ]
    },
    {
      "module": "module.baseline",
      "mode": "managed",
      "type": "aws_ssm_parameter",
      "name": "subnet_share_pattern",
      "provider": "provider[\"registry.terraform.io/hashicorp/aws\"].app",
      "instances": [
        {
          "schema_version": 0,
          "attributes": {
            "allowed_pattern": "",
            "arn": "arn:aws:ssm:eu-west-3:006549249964:parameter/lz/tfvars/np-aft-app-090723-dev/subnet_share_pattern",
            "data_type": "text",
            "description": "",
            "id": "/lz/tfvars/np-aft-app-090723-dev/subnet_share_pattern",
            "insecure_value": null,
            "key_id": "",
            "name": "/lz/tfvars/np-aft-app-090723-dev/subnet_share_pattern",
            "overwrite": null,
            "tags": null,
            "tags_all": {
              "appid": "aft-app-090723",
              "environment": "dev",
              "stla_lz": "true"
            },
            "tier": "Standard",
            "type": "String",
            "value": "dummy",
            "version": 1
          },
          "sensitive_attributes": [],
          "private": "bnVsbA==",
          "dependencies": [
            "data.aws_caller_identity.current",
            "module.baseline.data.aws_ssm_parameters_by_path.app_vars",
            "module.baseline.data.aws_ssm_parameters_by_path.deploy_core_vars",
            "module.baseline.data.aws_ssm_parameters_by_path.deploy_vars",
            "module.baseline.data.aws_ssm_parameters_by_path.legacy_app_vars"
          ]
        }
      ]
    },
    {
      "module": "module.baseline",
      "mode": "managed",
      "type": "aws_ssm_parameter",
      "name": "version",
      "provider": "provider[\"registry.terraform.io/hashicorp/aws\"].app",
      "instances": [
        {
          "schema_version": 0,
          "attributes": {
            "allowed_pattern": "",
            "arn": "arn:aws:ssm:eu-west-3:006549249964:parameter/lz/tfvars/np-aft-app-090723-dev/version",
            "data_type": "text",
            "description": "",
            "id": "/lz/tfvars/np-aft-app-090723-dev/version",
            "insecure_value": null,
            "key_id": "",
            "name": "/lz/tfvars/np-aft-app-090723-dev/version",
            "overwrite": null,
            "tags": null,
            "tags_all": {
              "appid": "aft-app-090723",
              "environment": "dev",
              "stla_lz": "true"
            },
            "tier": "Standard",
            "type": "String",
            "value": "0.0.0",
            "version": 1
          },
          "sensitive_attributes": [],
          "private": "bnVsbA==",
          "dependencies": [
            "data.aws_caller_identity.current"
          ]
        }
      ]
    },
    {
      "module": "module.baseline",
      "mode": "managed",
      "type": "aws_ssm_parameter",
      "name": "vpc_count",
      "provider": "provider[\"registry.terraform.io/hashicorp/aws\"].app",
      "instances": [
        {
          "schema_version": 0,
          "attributes": {
            "allowed_pattern": "",
            "arn": "arn:aws:ssm:eu-west-3:006549249964:parameter/lz/tfvars/np-aft-app-090723-dev/vpc_count",
            "data_type": "text",
            "description": "",
            "id": "/lz/tfvars/np-aft-app-090723-dev/vpc_count",
            "insecure_value": null,
            "key_id": "",
            "name": "/lz/tfvars/np-aft-app-090723-dev/vpc_count",
            "overwrite": null,
            "tags": null,
            "tags_all": {
              "appid": "aft-app-090723",
              "environment": "dev",
              "stla_lz": "true"
            },
            "tier": "Standard",
            "type": "String",
            "value": "1",
            "version": 1
          },
          "sensitive_attributes": [],
          "private": "bnVsbA==",
          "dependencies": [
            "data.aws_caller_identity.current",
            "module.baseline.data.aws_ssm_parameters_by_path.app_vars",
            "module.baseline.data.aws_ssm_parameters_by_path.legacy_app_vars"
          ]
        }
      ]
    },
    {
      "module": "module.baseline",
      "mode": "managed",
      "type": "aws_ssm_parameter",
      "name": "vpc_size",
      "provider": "provider[\"registry.terraform.io/hashicorp/aws\"].app",
      "instances": [
        {
          "schema_version": 0,
          "attributes": {
            "allowed_pattern": "",
            "arn": "arn:aws:ssm:eu-west-3:006549249964:parameter/lz/tfvars/np-aft-app-090723-dev/vpc_size",
            "data_type": "text",
            "description": "",
            "id": "/lz/tfvars/np-aft-app-090723-dev/vpc_size",
            "insecure_value": null,
            "key_id": "",
            "name": "/lz/tfvars/np-aft-app-090723-dev/vpc_size",
            "overwrite": null,
            "tags": null,
            "tags_all": {
              "appid": "aft-app-090723",
              "environment": "dev",
              "stla_lz": "true"
            },
            "tier": "Standard",
            "type": "String",
            "value": "normal",
            "version": 1
          },
          "sensitive_attributes": [],
          "private": "bnVsbA==",
          "dependencies": [
            "data.aws_caller_identity.current",
            "module.baseline.data.aws_ssm_parameters_by_path.app_vars",
            "module.baseline.data.aws_ssm_parameters_by_path.legacy_app_vars"
          ]
        }
      ]
    },
    {
      "module": "module.baseline",
      "mode": "managed",
      "type": "aws_ssm_parameter",
      "name": "vpc_type",
      "provider": "provider[\"registry.terraform.io/hashicorp/aws\"].app",
      "instances": [
        {
          "schema_version": 0,
          "attributes": {
            "allowed_pattern": "",
            "arn": "arn:aws:ssm:eu-west-3:006549249964:parameter/lz/tfvars/np-aft-app-090723-dev/vpc_type",
            "data_type": "text",
            "description": "",
            "id": "/lz/tfvars/np-aft-app-090723-dev/vpc_type",
            "insecure_value": null,
            "key_id": "",
            "name": "/lz/tfvars/np-aft-app-090723-dev/vpc_type",
            "overwrite": null,
            "tags": null,
            "tags_all": {
              "appid": "aft-app-090723",
              "environment": "dev",
              "stla_lz": "true"
            },
            "tier": "Standard",
            "type": "String",
            "value": "shared",
            "version": 1
          },
          "sensitive_attributes": [],
          "private": "bnVsbA==",
          "dependencies": [
            "data.aws_caller_identity.current",
            "module.baseline.data.aws_ssm_parameters_by_path.app_vars",
            "module.baseline.data.aws_ssm_parameters_by_path.legacy_app_vars"
          ]
        }
      ]
    },
    {
      "module": "module.baseline",
      "mode": "managed",
      "type": "null_resource",
      "name": "ssm_prefs_deletion",
      "provider": "provider[\"registry.terraform.io/hashicorp/null\"]",
      "instances": [
        {
          "schema_version": 0,
          "attributes": {
            "id": "8323653372329183914",
            "triggers": null
          },
          "sensitive_attributes": [],
          "dependencies": [
            "data.aws_caller_identity.current",
            "module.baseline.data.aws_region.current"
          ]
        }
      ]
    },
    {
      "module": "module.baseline.module.global[0]",
      "mode": "data",
      "type": "aws_iam_policy",
      "name": "aws_backup_operator_access",
      "provider": "provider[\"registry.terraform.io/hashicorp/aws\"].app",
      "instances": [
        {
          "schema_version": 0,
          "attributes": {
            "arn": "arn:aws:iam::aws:policy/AWSBackupOperatorAccess",
            "description": "This policy grants users permissions to assign AWS resources to backup plans, create on-demand backups, and restore backups. This policy does not allow the user to create or edit backup plans or to delete scheduled backups after they are created.",
            "id": "arn:aws:iam::aws:policy/AWSBackupOperatorAccess",
            "name": "AWSBackupOperatorAccess",
            "path": "/",
            "path_prefix": null,
            "policy": "{\n\t\"Version\": \"2012-10-17\",\n\t\"Statement\": [\n\t\t{\n\t\t\t\"Effect\": \"Allow\",\n\t\t\t\"Action\": [\n\t\t\t\t\"backup:Get*\",\n\t\t\t\t\"backup:List*\",\n\t\t\t\t\"backup:Describe*\",\n\t\t\t\t\"backup:CreateBackupSelection\",\n\t\t\t\t\"backup:DeleteBackupSelection\",\n\t\t\t\t\"backup:StartBackupJob\",\n\t\t\t\t\"backup:StartRestoreJob\",\n\t\t\t\t\"backup:StartCopyJob\"\n\t\t\t],\n\t\t\t\"Resource\": \"*\"\n\t\t},\n\t\t{\n\t\t\t\"Action\": [\n\t\t\t\t\"rds:DescribeDBSnapshots\",\n\t\t\t\t\"rds:ListTagsForResource\",\n\t\t\t\t\"rds:DescribeDBInstances\",\n\t\t\t\t\"rds:describeDBEngineVersions\",\n\t\t\t\t\"rds:describeOptionGroups\",\n\t\t\t\t\"rds:describeOrderableDBInstanceOptions\",\n\t\t\t\t\"rds:describeDBSubnetGroups\",\n\t\t\t\t\"rds:DescribeDBClusterSnapshots\",\n\t\t\t\t\"rds:DescribeDBClusters\",\n\t\t\t\t\"rds:DescribeDBParameterGroups\",\n\t\t\t\t\"rds:DescribeDBClusterParameterGroups\",\n\t\t\t\t\"rds:DescribeDBInstanceAutomatedBackups\"\n\t\t\t],\n\t\t\t\"Effect\": \"Allow\",\n\t\t\t\"Resource\": \"*\"\n\t\t},\n\t\t{\n\t\t\t\"Action\": [\n\t\t\t\t\"dynamodb:ListBackups\",\n\t\t\t\t\"dynamodb:ListTables\"\n\t\t\t],\n\t\t\t\"Effect\": \"Allow\",\n\t\t\t\"Resource\": \"*\"\n\t\t},\n\t\t{\n\t\t\t\"Action\": [\n\t\t\t\t\"elasticfilesystem:DescribeFilesystems\"\n\t\t\t],\n\t\t\t\"Resource\": \"arn:aws:elasticfilesystem:*:*:file-system/*\",\n\t\t\t\"Effect\": \"Allow\"\n\t\t},\n\t\t{\n\t\t\t\"Action\": [\n\t\t\t\t\"ec2:DescribeSnapshots\",\n\t\t\t\t\"ec2:DescribeVolumes\",\n\t\t\t\t\"ec2:describeAvailabilityZones\",\n\t\t\t\t\"ec2:DescribeVpcs\",\n\t\t\t\t\"ec2:DescribeAccountAttributes\",\n\t\t\t\t\"ec2:DescribeSecurityGroups\",\n\t\t\t\t\"ec2:DescribeImages\",\n\t\t\t\t\"ec2:DescribeSubnets\",\n\t\t\t\t\"ec2:DescribePlacementGroups\",\n\t\t\t\t\"ec2:DescribeInstances\",\n\t\t\t\t\"ec2:DescribeInstanceTypes\",\n\t\t\t\t\"ec2:DescribeVpcEndpoints\",\n\t\t\t\t\"ec2:DescribeAddresses\"\n\t\t\t],\n\t\t\t\"Effect\": \"Allow\",\n\t\t\t\"Resource\": \"*\"\n\t\t},\n\t\t{\n\t\t\t\"Action\": [\n\t\t\t\t\"tag:GetTagKeys\",\n\t\t\t\t\"tag:GetTagValues\",\n\t\t\t\t\"tag:GetResources\"\n\t\t\t],\n\t\t\t\"Effect\": \"Allow\",\n\t\t\t\"Resource\": \"*\"\n\t\t},\n\t\t{\n\t\t\t\"Effect\": \"Allow\",\n\t\t\t\"Action\": [\n\t\t\t\t\"storagegateway:DescribeCachediSCSIVolumes\",\n\t\t\t\t\"storagegateway:DescribeStorediSCSIVolumes\"\n\t\t\t],\n\t\t\t\"Resource\": \"arn:aws:storagegateway:*:*:gateway/*/volume/*\"\n\t\t},\n\t\t{\n\t\t\t\"Effect\": \"Allow\",\n\t\t\t\"Action\": [\n\t\t\t\t\"storagegateway:ListGateways\"\n\t\t\t],\n\t\t\t\"Resource\": \"arn:aws:storagegateway:*:*:*\"\n\t\t},\n\t\t{\n\t\t\t\"Effect\": \"Allow\",\n\t\t\t\"Action\": [\n\t\t\t\t\"storagegateway:DescribeGatewayInformation\",\n\t\t\t\t\"storagegateway:ListVolumes\",\n\t\t\t\t\"storagegateway:ListLocalDisks\"\n\t\t\t],\n\t\t\t\"Resource\": \"arn:aws:storagegateway:*:*:gateway/*\"\n\t\t},\n\t\t{\n\t\t\t\"Action\": [\n\t\t\t\t\"iam:ListRoles\",\n\t\t\t\t\"iam:GetRole\"\n\t\t\t],\n\t\t\t\"Effect\": \"Allow\",\n\t\t\t\"Resource\": \"*\"\n\t\t},\n\t\t{\n\t\t\t\"Effect\": \"Allow\",\n\t\t\t\"Action\": \"iam:PassRole\",\n\t\t\t\"Resource\": [\n\t\t\t\t\"arn:aws:iam::*:role/*AwsBackup*\",\n\t\t\t\t\"arn:aws:iam::*:role/*AWSBackup*\"\n\t\t\t],\n\t\t\t\"Condition\": {\n\t\t\t\t\"StringLike\": {\n\t\t\t\t\t\"iam:PassedToService\": \"backup.amazonaws.com\"\n\t\t\t\t}\n\t\t\t}\n\t\t},\n\t\t{\n\t\t\t\"Effect\": \"Allow\",\n\t\t\t\"Action\": \"organizations:DescribeOrganization\",\n\t\t\t\"Resource\": \"*\"\n\t\t},\n\t\t{\n\t\t\t\"Effect\": \"Allow\",\n\t\t\t\"Action\": [\n\t\t\t\t\"ssm:CancelCommand\",\n\t\t\t\t\"ssm:GetCommandInvocation\"\n\t\t\t],\n\t\t\t\"Resource\": \"*\"\n\t\t},\n\t\t{\n\t\t\t\"Effect\": \"Allow\",\n\t\t\t\"Action\": \"ssm:SendCommand\",\n\t\t\t\"Resource\": [\n\t\t\t\t\"arn:aws:ssm:*:*:document/AWSEC2-CreateVssSnapshot\",\n\t\t\t\t\"arn:aws:ec2:*:*:instance/*\"\n\t\t\t]\n\t\t},\n\t\t{\n\t\t\t\"Action\": \"fsx:DescribeBackups\",\n\t\t\t\"Effect\": \"Allow\",\n\t\t\t\"Resource\": \"arn:aws:fsx:*:*:backup/*\"\n\t\t},\n\t\t{\n\t\t\t\"Action\": \"fsx:DescribeFileSystems\",\n\t\t\t\"Effect\": \"Allow\",\n\t\t\t\"Resource\": \"arn:aws:fsx:*:*:file-system/*\"\n\t\t},\n\t\t{\n\t\t\t\"Effect\": \"Allow\",\n\t\t\t\"Action\": \"fsx:DescribeVolumes\",\n\t\t\t\"Resource\": \"arn:aws:fsx:*:*:volume/*/*\"\n\t\t},\n\t\t{\n\t\t\t\"Effect\": \"Allow\",\n\t\t\t\"Action\": \"fsx:DescribeStorageVirtualMachines\",\n\t\t\t\"Resource\": \"arn:aws:fsx:*:*:storage-virtual-machine/*/*\"\n\t\t},\n\t\t{\n\t\t\t\"Action\": \"ds:DescribeDirectories\",\n\t\t\t\"Effect\": \"Allow\",\n\t\t\t\"Resource\": \"*\"\n\t\t},\n\t\t{\n\t\t\t\"Effect\": \"Allow\",\n\t\t\t\"Action\": [\n\t\t\t\t\"backup-gateway:ListGateways\",\n\t\t\t\t\"backup-gateway:ListHypervisors\",\n\t\t\t\t\"backup-gateway:ListTagsForResource\",\n\t\t\t\t\"backup-gateway:ListVirtualMachines\"\n\t\t\t],\n\t\t\t\"Resource\": \"*\"\n\t\t},\n\t\t{\n\t\t\t\"Effect\": \"Allow\",\n\t\t\t\"Action\": \"backup-gateway:GetGateway\",\n\t\t\t\"Resource\": \"arn:aws:backup-gateway:*:*:gateway/*\"\n\t\t},\n\t\t{\n\t\t\t\"Effect\": \"Allow\",\n\t\t\t\"Action\": \"cloudwatch:GetMetricData\",\n\t\t\t\"Resource\": \"*\"\n\t\t},\n\t\t{\n\t\t\t\"Effect\": \"Allow\",\n\t\t\t\"Action\": [\n\t\t\t\t\"timestream:ListDatabases\",\n\t\t\t\t\"timestream:ListTables\"\n\t\t\t],\n\t\t\t\"Resource\": [\n\t\t\t\t\"arn:aws:timestream:*:*:database/*/table/*\",\n\t\t\t\t\"arn:aws:timestream:*:*:database/*\"\n\t\t\t]\n\t\t},\n\t\t{\n\t\t\t\"Effect\": \"Allow\",\n\t\t\t\"Action\": [\n\t\t\t\t\"timestream:DescribeEndpoints\"\n\t\t\t],\n\t\t\t\"Resource\": \"*\"\n\t\t},\n\t\t{\n\t\t\t\"Effect\": \"Allow\",\n\t\t\t\"Action\": [\n\t\t\t\t\"s3:ListAllMyBuckets\"\n\t\t\t],\n\t\t\t\"Resource\": \"arn:aws:s3:::*\"\n\t\t},\n\t\t{\n\t\t\t\"Effect\": \"Allow\",\n\t\t\t\"Action\": [\n\t\t\t\t\"redshift:DescribeClusters\",\n\t\t\t\t\"redshift:DescribeClusterSubnetGroups\",\n\t\t\t\t\"redshift:DescribeClusterSnapshots\",\n\t\t\t\t\"redshift:DescribeSnapshotSchedules\"\n\t\t\t],\n\t\t\t\"Resource\": [\n\t\t\t\t\"arn:aws:redshift:*:*:cluster:*\",\n\t\t\t\t\"arn:aws:redshift:*:*:subnetgroup:*\",\n\t\t\t\t\"arn:aws:redshift:*:*:snapshot:*/*\",\n\t\t\t\t\"arn:aws:redshift:*:*:snapshotschedule:*\"\n\t\t\t]\n\t\t},\n\t\t{\n\t\t\t\"Effect\": \"Allow\",\n\t\t\t\"Action\": [\n\t\t\t\t\"redshift:DescribeNodeConfigurationOptions\",\n\t\t\t\t\"redshift:DescribeOrderableClusterOptions\",\n\t\t\t\t\"redshift:DescribeClusterParameterGroups\",\n\t\t\t\t\"redshift:DescribeClusterTracks\"\n\t\t\t],\n\t\t\t\"Resource\": \"*\"\n\t\t},\n\t\t{\n\t\t\t\"Effect\": \"Allow\",\n\t\t\t\"Action\": [\n\t\t\t\t\"cloudformation:ListStacks\"\n\t\t\t],\n\t\t\t\"Resource\": [\n\t\t\t\t\"arn:aws:cloudformation:*:*:stack/*\"\n\t\t\t]\n\t\t},\n\t\t{\n\t\t\t\"Effect\": \"Allow\",\n\t\t\t\"Action\": [\n\t\t\t\t\"ssm-sap:GetOperation\",\n\t\t\t\t\"ssm-sap:ListDatabases\"\n\t\t\t],\n\t\t\t\"Resource\": \"*\"\n\t\t},\n\t\t{\n\t\t\t\"Effect\": \"Allow\",\n\t\t\t\"Action\": [\n\t\t\t\t\"ssm-sap:GetDatabase\",\n\t\t\t\t\"ssm-sap:ListTagsForResource\"\n\t\t\t],\n\t\t\t\"Resource\": \"arn:aws:ssm-sap:*:*:*\"\n\t\t}\n\t]\n}",
            "policy_id": "ANPAZKAPJZG4KHXVYMY4O",
            "tags": {}
          },
          "sensitive_attributes": []
        }
      ]
    },
    {
      "module": "module.baseline.module.global[0]",
      "mode": "data",
      "type": "aws_iam_policy",
      "name": "ssm_managed_instance_core",
      "provider": "provider[\"registry.terraform.io/hashicorp/aws\"].app",
      "instances": [
        {
          "schema_version": 0,
          "attributes": {
            "arn": "arn:aws:iam::aws:policy/AmazonSSMManagedInstanceCore",
            "description": "The policy for Amazon EC2 Role to enable AWS Systems Manager service core functionality.",
            "id": "arn:aws:iam::aws:policy/AmazonSSMManagedInstanceCore",
            "name": "AmazonSSMManagedInstanceCore",
            "path": "/",
            "path_prefix": null,
            "policy": "{\n    \"Version\": \"2012-10-17\",\n    \"Statement\": [\n        {\n            \"Effect\": \"Allow\",\n            \"Action\": [\n                \"ssm:DescribeAssociation\",\n                \"ssm:GetDeployablePatchSnapshotForInstance\",\n                \"ssm:GetDocument\",\n                \"ssm:DescribeDocument\",\n                \"ssm:GetManifest\",\n                \"ssm:GetParameter\",\n                \"ssm:GetParameters\",\n                \"ssm:ListAssociations\",\n                \"ssm:ListInstanceAssociations\",\n                \"ssm:PutInventory\",\n                \"ssm:PutComplianceItems\",\n                \"ssm:PutConfigurePackageResult\",\n                \"ssm:UpdateAssociationStatus\",\n                \"ssm:UpdateInstanceAssociationStatus\",\n                \"ssm:UpdateInstanceInformation\"\n            ],\n            \"Resource\": \"*\"\n        },\n        {\n            \"Effect\": \"Allow\",\n            \"Action\": [\n                \"ssmmessages:CreateControlChannel\",\n                \"ssmmessages:CreateDataChannel\",\n                \"ssmmessages:OpenControlChannel\",\n                \"ssmmessages:OpenDataChannel\"\n            ],\n            \"Resource\": \"*\"\n        },\n        {\n            \"Effect\": \"Allow\",\n            \"Action\": [\n                \"ec2messages:AcknowledgeMessage\",\n                \"ec2messages:DeleteMessage\",\n                \"ec2messages:FailMessage\",\n                \"ec2messages:GetEndpoint\",\n                \"ec2messages:GetMessages\",\n                \"ec2messages:SendReply\"\n            ],\n            \"Resource\": \"*\"\n        }\n    ]\n}",
            "policy_id": "ANPAIXSHM2BNB2D3AXXRU",
            "tags": {}
          },
          "sensitive_attributes": []
        }
      ]
    },
    {
      "module": "module.baseline.module.global[0]",
      "mode": "managed",
      "type": "aws_iam_access_key",
      "name": "automation",
      "provider": "provider[\"registry.terraform.io/hashicorp/aws\"].deploy",
      "instances": [
        {
          "schema_version": 0,
          "attributes": {
            "create_date": "2022-12-09T07:00:39Z",
            "encrypted_secret": null,
            "encrypted_ses_smtp_password_v4": null,
            "id": "AKIA3XJPZP4H2ZJRK67M",
            "key_fingerprint": null,
            "pgp_key": null,
            "secret": "aWHRSHUU4LrE0kMeGRW5qscvfjn4AR9ou51xSqSm",
            "ses_smtp_password_v4": "BCKChTIqb6Ze8cE+yBHgc2CHcL3ZfJf9IpuycZExMlW8",
            "status": "Active",
            "user": "user-np-aft-app-090723-dev-automation"
          },
          "sensitive_attributes": [],
          "private": "bnVsbA==",
          "dependencies": [
            "data.aws_caller_identity.current",
            "module.baseline.data.aws_ssm_parameters_by_path.app_vars",
            "module.baseline.data.aws_ssm_parameters_by_path.legacy_app_vars",
            "module.baseline.module.global.aws_iam_user.automation"
          ]
        }
      ]
    },
    {
      "module": "module.baseline.module.global[0]",
      "mode": "managed",
      "type": "aws_iam_instance_profile",
      "name": "ssm_instance_profile",
      "provider": "provider[\"registry.terraform.io/hashicorp/aws\"].app",
      "instances": [
        {
          "schema_version": 0,
          "attributes": {
            "arn": "arn:aws:iam::006549249964:instance-profile/ec2p-np-aft-app-090723-dev-ssm",
            "create_date": "2022-12-09T07:00:40Z",
            "id": "ec2p-np-aft-app-090723-dev-ssm",
            "name": "ec2p-np-aft-app-090723-dev-ssm",
            "name_prefix": null,
            "path": "/",
            "role": "role-np-aft-app-090723-dev-ssm",
            "tags": null,
            "tags_all": {
              "appid": "aft-app-090723",
              "environment": "dev",
              "stla_lz": "true"
            },
            "unique_id": "AIPAQDBS5T6WA3XN74K4D"
          },
          "sensitive_attributes": [],
          "private": "bnVsbA==",
          "dependencies": [
            "data.aws_caller_identity.current",
            "module.baseline.data.aws_ssm_parameters_by_path.app_vars",
            "module.baseline.data.aws_ssm_parameters_by_path.legacy_app_vars",
            "module.baseline.module.global.aws_iam_role.ssm_instance"
          ]
        }
      ]
    },
    {
      "module": "module.baseline.module.global[0]",
      "mode": "managed",
      "type": "aws_iam_role",
      "name": "automation",
      "provider": "provider[\"registry.terraform.io/hashicorp/aws\"].app",
      "instances": [
        {
          "schema_version": 0,
          "attributes": {
            "arn": "arn:aws:iam::006549249964:role/role-np-aft-app-090723-dev-automation",
            "assume_role_policy": "{\"Statement\":[{\"Action\":\"sts:AssumeRole\",\"Effect\":\"Allow\",\"Principal\":{\"AWS\":\"arn:aws:iam::805943475983:user/user-np-aft-app-090723-dev-automation\"}}],\"Version\":\"2012-10-17\"}",
            "create_date": "2022-12-09T07:00:55Z",
            "description": "",
            "force_detach_policies": false,
            "id": "role-np-aft-app-090723-dev-automation",
            "inline_policy": [
              {
                "name": "IAMRoleManagement",
                "policy": "{\n  \"Version\": \"2012-10-17\",\n  \"Statement\": [\n    {\n      \"Effect\": \"Deny\",\n      \"Action\": [\n        \"organizations:*\",\n        \"purchase-orders:*\",\n        \"pricing:*\",\n        \"sso:*\",\n        \"tax:*\",\n        \"cur:*\",\n        \"aws-marketplace:*\",\n\n        \"ce:*\",\n        \"aws-portal:*\",\n\n        \"ec2:AttachInternetGateway\",\n        \"ec2:CreateCustomerGateway\",\n        \"ec2:CreateInternetGateway\",\n        \"ec2:CreateNetworkAcl\",\n        \"ec2:CreateNetworkAclEntry\",\n        \"ec2:DeleteFlowLogs\",\n        \"ec2:DeleteInternetGateway\",\n        \"ec2:ModifyTransitGateway\",\n        \"ec2:ModifyTransitGatewayVpcAttachment\",\n\n        \"iam:CreateAccountAlias\",\n        \"iam:CreateOpenIDConnectProvider\",\n        \"iam:CreateSAMLProvider\",\n        \"iam:CreateUser\",\n        \"iam:DeleteAccountAlias\",\n        \"iam:DeleteGroup\",\n        \"iam:DeleteUser\",\n        \"iam:GenerateCredentialReport\",\n        \"iam:GetCredentialReport\"\n      ],\n      \"Resource\": \"*\"\n    },\n    {\n      \"Effect\": \"Allow\",\n      \"Action\": [\n        \"ssm:*\",\n        \"appconfig:*\",\n        \"cloudformation:*\",\n\n        \"cloudwatch:*\",\n        \"applicationinsights:*\",\n        \"evidently:*\",\n        \"logs:*\",\n        \"rum:*\",\n        \"synthetics:*\",\n\n        \"elasticloadbalancing:*\",\n        \"route53:*\",\n        \"route53domains:*\",\n        \"route53-recovery-cluster:*\",\n        \"route53-recovery-control-config:*\",\n        \"route53-recovery-readiness:*\",\n        \"appmesh:*\",\n        \"servicediscovery:*\",\n        \"execute-api:*\",\n        \"apigateway:*\",\n        \"cloudfront:*\",\n\n        \"wafv2:*\",\n        \"acm:*\",\n        \"acm-pca:*\",\n        \"secretsmanager:*\",\n        \"cloudtrail:*\",\n        \"kms:*\",\n\n        \"s3:*\",\n        \"s3-object-lambda:*\",\n        \"glacier:*\",\n        \"ebs:*\",\n        \"elasticfilesystem:*\",\n        \"ecr:*\",\n        \"ecr-public:*\",\n        \"fsx:*\",\n\n        \"ec2:*\",\n        \"ec2-instance-connect:*\",\n        \"ecs:*\",\n        \"lambda:*\",\n        \"eks:*\",\n        \"batch:*\",\n        \"apprunner:*\",\n        \"elasticbeanstalk:*\",\n        \"application-autoscaling:*\",\n\n        \"dms:*\",\n        \"rds:*\",\n        \"rds-data:*\",\n        \"elasticache:*\",\n        \"dynamodb:*\",\n        \"dax:*\",\n        \"memorydb:*\",\n\n        \"sns:*\",\n        \"sqs:*\",\n        \"mq:*\",\n        \"kafka-cluster:*\",\n        \"kafka:*\",\n        \"kafkaconnect:*\",\n        \"kinesis:*\",\n        \"kinesisanalytics:*\",\n        \"firehose:*\",\n        \"kinesisvideo:*\",\n        \"transfer:*\",\n        \"glue:*\",\n        \"databrew:*\",\n        \"events:*\",\n        \"schemas:*\",\n        \"states:*\",\n        \"datasync:*\",\n\n        \"iam:*\",\n        \"sts:*\",\n        \"cloud9:*\",\n        \"ram:*\",\n        \"support:*\"\n      ],\n      \"Resource\": \"*\"\n    }\n  ]\n}\n"
              }
            ],
            "managed_policy_arns": [],
            "max_session_duration": 14400,
            "name": "role-np-aft-app-090723-dev-automation",
            "name_prefix": "",
            "path": "/",
            "permissions_boundary": null,
            "tags": null,
            "tags_all": {
              "appid": "aft-app-090723",
              "environment": "dev",
              "stla_lz": "true"
            },
            "unique_id": "AROAQDBS5T6WKWMQHLAHB"
          },
          "sensitive_attributes": [],
          "private": "bnVsbA==",
          "dependencies": [
            "data.aws_caller_identity.current",
            "module.baseline.data.aws_ssm_parameters_by_path.app_vars",
            "module.baseline.data.aws_ssm_parameters_by_path.legacy_app_vars",
            "module.baseline.module.global.aws_iam_user.automation"
          ]
        }
      ]
    },
    {
      "module": "module.baseline.module.global[0]",
      "mode": "managed",
      "type": "aws_iam_role",
      "name": "ssm_instance",
      "provider": "provider[\"registry.terraform.io/hashicorp/aws\"].app",
      "instances": [
        {
          "schema_version": 0,
          "attributes": {
            "arn": "arn:aws:iam::006549249964:role/role-np-aft-app-090723-dev-ssm",
            "assume_role_policy": "{\"Statement\":[{\"Action\":\"sts:AssumeRole\",\"Effect\":\"Allow\",\"Principal\":{\"Service\":\"ec2.amazonaws.com\"}}],\"Version\":\"2012-10-17\"}",
            "create_date": "2022-12-09T07:00:39Z",
            "description": "",
            "force_detach_policies": false,
            "id": "role-np-aft-app-090723-dev-ssm",
            "inline_policy": [
              {
                "name": "SSMLoggingPolicy",
                "policy": "{\"Statement\":[{\"Action\":[\"logs:CreateLogStream\",\"logs:PutLogEvents\",\"logs:DescribeLogGroups\",\"logs:DescribeLogStreams\"],\"Effect\":\"Allow\",\"Resource\":\"*\"}],\"Version\":\"2012-10-17\"}"
              }
            ],
            "managed_policy_arns": [],
            "max_session_duration": 14400,
            "name": "role-np-aft-app-090723-dev-ssm",
            "name_prefix": "",
            "path": "/",
            "permissions_boundary": null,
            "tags": null,
            "tags_all": {
              "appid": "aft-app-090723",
              "environment": "dev",
              "stla_lz": "true"
            },
            "unique_id": "AROAQDBS5T6WKZFZYP23Q"
          },
          "sensitive_attributes": [],
          "private": "bnVsbA==",
          "dependencies": [
            "data.aws_caller_identity.current",
            "module.baseline.data.aws_ssm_parameters_by_path.app_vars",
            "module.baseline.data.aws_ssm_parameters_by_path.legacy_app_vars"
          ]
        }
      ]
    },
    {
      "module": "module.baseline.module.global[0]",
      "mode": "managed",
      "type": "aws_iam_role",
      "name": "vpc_flow_logs",
      "provider": "provider[\"registry.terraform.io/hashicorp/aws\"].app",
      "instances": [
        {
          "schema_version": 0,
          "attributes": {
            "arn": "arn:aws:iam::006549249964:role/role-np-aft-app-090723-dev-vpc-flow-logs",
            "assume_role_policy": "{\"Statement\":[{\"Action\":\"sts:AssumeRole\",\"Effect\":\"Allow\",\"Principal\":{\"Service\":\"vpc-flow-logs.amazonaws.com\"},\"Sid\":\"\"}],\"Version\":\"2012-10-17\"}",
            "create_date": "2022-12-09T07:00:39Z",
            "description": "",
            "force_detach_policies": false,
            "id": "role-np-aft-app-090723-dev-vpc-flow-logs",
            "inline_policy": [],
            "managed_policy_arns": [],
            "max_session_duration": 3600,
            "name": "role-np-aft-app-090723-dev-vpc-flow-logs",
            "name_prefix": "",
            "path": "/",
            "permissions_boundary": null,
            "tags": null,
            "tags_all": {
              "appid": "aft-app-090723",
              "environment": "dev",
              "stla_lz": "true"
            },
            "unique_id": "AROAQDBS5T6WIYQHVXTXN"
          },
          "sensitive_attributes": [],
          "private": "bnVsbA==",
          "dependencies": [
            "data.aws_caller_identity.current",
            "module.baseline.data.aws_ssm_parameters_by_path.app_vars",
            "module.baseline.data.aws_ssm_parameters_by_path.legacy_app_vars"
          ]
        }
      ]
    },
    {
      "module": "module.baseline.module.global[0]",
      "mode": "managed",
      "type": "aws_iam_role_policy",
      "name": "vpc_flow_logs",
      "provider": "provider[\"registry.terraform.io/hashicorp/aws\"].app",
      "instances": [
        {
          "schema_version": 0,
          "attributes": {
            "id": "role-np-aft-app-090723-dev-vpc-flow-logs:policy-np-aft-app-090723-dev-vpc-flow-logs",
            "name": "policy-np-aft-app-090723-dev-vpc-flow-logs",
            "name_prefix": null,
            "policy": "{\n  \"Version\": \"2012-10-17\",\n  \"Statement\": [\n    {\n      \"Action\": [\n        \"logs:CreateLogGroup\",\n        \"logs:CreateLogStream\",\n        \"logs:PutLogEvents\",\n        \"logs:DescribeLogGroups\",\n        \"logs:DescribeLogStreams\"\n      ],\n      \"Effect\": \"Allow\",\n      \"Resource\": \"*\"\n    }\n  ]\n}\n",
            "role": "role-np-aft-app-090723-dev-vpc-flow-logs"
          },
          "sensitive_attributes": [],
          "private": "bnVsbA==",
          "dependencies": [
            "data.aws_caller_identity.current",
            "module.baseline.data.aws_ssm_parameters_by_path.app_vars",
            "module.baseline.data.aws_ssm_parameters_by_path.legacy_app_vars",
            "module.baseline.module.global.aws_iam_role.vpc_flow_logs"
          ]
        }
      ]
    },
    {
      "module": "module.baseline.module.global[0]",
      "mode": "managed",
      "type": "aws_iam_role_policy_attachment",
      "name": "aws_backup_operator_access",
      "provider": "provider[\"registry.terraform.io/hashicorp/aws\"].app",
      "instances": [
        {
          "schema_version": 0,
          "attributes": {
            "id": "role-np-aft-app-090723-dev-automation-20221209070056220000000008",
            "policy_arn": "arn:aws:iam::aws:policy/AWSBackupOperatorAccess",
            "role": "role-np-aft-app-090723-dev-automation"
          },
          "sensitive_attributes": [],
          "private": "bnVsbA==",
          "dependencies": [
            "data.aws_caller_identity.current",
            "module.baseline.data.aws_ssm_parameters_by_path.app_vars",
            "module.baseline.data.aws_ssm_parameters_by_path.legacy_app_vars",
            "module.baseline.module.global.aws_iam_role.automation",
            "module.baseline.module.global.aws_iam_user.automation",
            "module.baseline.module.global.data.aws_iam_policy.aws_backup_operator_access"
          ]
        }
      ]
    },
    {
      "module": "module.baseline.module.global[0]",
      "mode": "managed",
      "type": "aws_iam_role_policy_attachment",
      "name": "ssm_managed_instance_core",
      "provider": "provider[\"registry.terraform.io/hashicorp/aws\"].app",
      "instances": [
        {
          "schema_version": 0,
          "attributes": {
            "id": "role-np-aft-app-090723-dev-ssm-20221209070040365900000001",
            "policy_arn": "arn:aws:iam::aws:policy/AmazonSSMManagedInstanceCore",
            "role": "role-np-aft-app-090723-dev-ssm"
          },
          "sensitive_attributes": [],
          "private": "bnVsbA==",
          "dependencies": [
            "data.aws_caller_identity.current",
            "module.baseline.data.aws_ssm_parameters_by_path.app_vars",
            "module.baseline.data.aws_ssm_parameters_by_path.legacy_app_vars",
            "module.baseline.module.global.aws_iam_role.ssm_instance",
            "module.baseline.module.global.data.aws_iam_policy.ssm_managed_instance_core"
          ]
        }
      ]
    },
    {
      "module": "module.baseline.module.global[0]",
      "mode": "managed",
      "type": "aws_iam_user",
      "name": "automation",
      "provider": "provider[\"registry.terraform.io/hashicorp/aws\"].deploy",
      "instances": [
        {
          "schema_version": 0,
          "attributes": {
            "arn": "arn:aws:iam::805943475983:user/user-np-aft-app-090723-dev-automation",
            "force_destroy": true,
            "id": "user-np-aft-app-090723-dev-automation",
            "name": "user-np-aft-app-090723-dev-automation",
            "path": "/",
            "permissions_boundary": null,
            "tags": null,
            "tags_all": {
              "stla_lz": "true"
            },
            "unique_id": "AIDA3XJPZP4H6OPEPOUKD"
          },
          "sensitive_attributes": [],
          "private": "bnVsbA==",
          "dependencies": [
            "data.aws_caller_identity.current",
            "module.baseline.data.aws_ssm_parameters_by_path.app_vars",
            "module.baseline.data.aws_ssm_parameters_by_path.legacy_app_vars"
          ]
        }
      ]
    },
    {
      "module": "module.baseline.module.global[0]",
      "mode": "managed",
      "type": "aws_iam_user_policy",
      "name": "automation",
      "provider": "provider[\"registry.terraform.io/hashicorp/aws\"].deploy",
      "instances": [
        {
          "schema_version": 0,
          "attributes": {
            "id": "user-np-aft-app-090723-dev-automation:AssumableRoles",
            "name": "AssumableRoles",
            "name_prefix": null,
            "policy": "{\"Statement\":[{\"Action\":\"sts:AssumeRole\",\"Effect\":\"Allow\",\"Resource\":\"arn:aws:iam::006549249964:role/*\"}],\"Version\":\"2012-10-17\"}",
            "user": "user-np-aft-app-090723-dev-automation"
          },
          "sensitive_attributes": [],
          "private": "bnVsbA==",
          "dependencies": [
            "data.aws_caller_identity.current",
            "module.baseline.data.aws_caller_identity.app",
            "module.baseline.data.aws_ssm_parameters_by_path.app_vars",
            "module.baseline.data.aws_ssm_parameters_by_path.legacy_app_vars",
            "module.baseline.module.global.aws_iam_user.automation"
          ]
        }
      ]
    },
    {
      "module": "module.baseline.module.global[0]",
      "mode": "managed",
      "type": "aws_secretsmanager_secret",
      "name": "automation",
      "provider": "provider[\"registry.terraform.io/hashicorp/aws\"].app",
      "instances": [
        {
          "schema_version": 0,
          "attributes": {
            "arn": "arn:aws:secretsmanager:eu-west-3:006549249964:secret:/lz/credentials/user-np-aft-app-090723-dev-automation-gbCk7L",
            "description": "",
            "force_overwrite_replica_secret": false,
            "id": "arn:aws:secretsmanager:eu-west-3:006549249964:secret:/lz/credentials/user-np-aft-app-090723-dev-automation-gbCk7L",
            "kms_key_id": "",
            "name": "/lz/credentials/user-np-aft-app-090723-dev-automation",
            "name_prefix": "",
            "policy": "",
            "recovery_window_in_days": 0,
            "replica": [],
            "rotation_enabled": false,
            "rotation_lambda_arn": "",
            "rotation_rules": [],
            "tags": null,
            "tags_all": {
              "appid": "aft-app-090723",
              "environment": "dev",
              "stla_lz": "true"
            }
          },
          "sensitive_attributes": [],
          "private": "bnVsbA==",
          "dependencies": [
            "data.aws_caller_identity.current",
            "module.baseline.data.aws_region.current",
            "module.baseline.data.aws_ssm_parameters_by_path.app_vars",
            "module.baseline.data.aws_ssm_parameters_by_path.deploy_core_vars",
            "module.baseline.data.aws_ssm_parameters_by_path.deploy_vars",
            "module.baseline.data.aws_ssm_parameters_by_path.legacy_app_vars"
          ]
        }
      ]
    },
    {
      "module": "module.baseline.module.global[0]",
      "mode": "managed",
      "type": "aws_secretsmanager_secret_version",
      "name": "automation",
      "provider": "provider[\"registry.terraform.io/hashicorp/aws\"].app",
      "instances": [
        {
          "schema_version": 0,
          "attributes": {
            "arn": "arn:aws:secretsmanager:eu-west-3:006549249964:secret:/lz/credentials/user-np-aft-app-090723-dev-automation-gbCk7L",
            "id": "arn:aws:secretsmanager:eu-west-3:006549249964:secret:/lz/credentials/user-np-aft-app-090723-dev-automation-gbCk7L|D4273499-3A1B-435D-9240-9FC3BD5EF118",
            "secret_binary": "",
            "secret_id": "arn:aws:secretsmanager:eu-west-3:006549249964:secret:/lz/credentials/user-np-aft-app-090723-dev-automation-gbCk7L",
            "secret_string": "{\"ACCESS_KEY\":\"AKIA3XJPZP4H2ZJRK67M\",\"SECRET_KEY\":\"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\"}",
            "version_id": "D4273499-3A1B-435D-9240-9FC3BD5EF118",
            "version_stages": [
              "AWSCURRENT"
            ]
          },
          "sensitive_attributes": [
            [
              {
                "type": "get_attr",
                "value": "secret_string"
              }
            ]
          ],
          "private": "bnVsbA==",
          "dependencies": [
            "data.aws_caller_identity.current",
            "module.baseline.data.aws_region.current",
            "module.baseline.data.aws_ssm_parameters_by_path.app_vars",
            "module.baseline.data.aws_ssm_parameters_by_path.deploy_core_vars",
            "module.baseline.data.aws_ssm_parameters_by_path.deploy_vars",
            "module.baseline.data.aws_ssm_parameters_by_path.legacy_app_vars",
            "module.baseline.module.global.aws_iam_access_key.automation",
            "module.baseline.module.global.aws_iam_user.automation",
            "module.baseline.module.global.aws_secretsmanager_secret.automation"
          ]
        }
      ]
    },
    {
      "module": "module.baseline.module.standalone[0]",
      "mode": "data",
      "type": "aws_caller_identity",
      "name": "app",
      "provider": "provider[\"registry.terraform.io/hashicorp/aws\"].app",
      "instances": [
        {
          "schema_version": 0,
          "attributes": {
            "account_id": "006549249964",
            "arn": "arn:aws:sts::006549249964:assumed-role/AWSAFTExecution/aws-go-sdk-1670569232977001865",
            "id": "006549249964",
            "user_id": "AROAQDBS5T6WISWHJEHIL:aws-go-sdk-1670569232977001865"
          },
          "sensitive_attributes": []
        }
      ]
    },
    {
      "module": "module.baseline.module.standalone[0]",
      "mode": "data",
      "type": "aws_vpc_endpoint_service",
      "name": "firewall",
      "provider": "provider[\"registry.terraform.io/hashicorp/aws\"].hub",
      "instances": [
        {
          "schema_version": 0,
          "attributes": {
            "acceptance_required": false,
            "arn": "arn:aws:ec2:eu-west-3:635729853710:vpc-endpoint-service/vpce-svc-04ff01d417265db22",
            "availability_zones": [
              "eu-west-3a",
              "eu-west-3b"
            ],
            "base_endpoint_dns_names": [],
            "filter": null,
            "id": "453600384",
            "manages_vpc_endpoints": false,
            "owner": "635729853710",
            "private_dns_name": "",
            "service": null,
            "service_id": "vpce-svc-04ff01d417265db22",
            "service_name": "com.amazonaws.vpce.eu-west-3.vpce-svc-04ff01d417265db22",
            "service_type": "GatewayLoadBalancer",
            "supported_ip_address_types": [
              "ipv4"
            ],
            "tags": {
              "Name": "eps-ee-csi-fw"
            },
            "timeouts": null,
            "vpc_endpoint_policy_supported": false
          },
          "sensitive_attributes": []
        }
      ]
    },
    {
      "module": "module.baseline.module.standalone[0]",
      "mode": "managed",
      "type": "aws_vpc_endpoint_service_allowed_principal",
      "name": "firewall",
      "provider": "provider[\"registry.terraform.io/hashicorp/aws\"].hub",
      "instances": [
        {
          "schema_version": 0,
          "attributes": {
            "id": "a-vpce-svc-04ff01d417265db223455383800",
            "principal_arn": "arn:aws:iam::006549249964:root",
            "vpc_endpoint_service_id": "vpce-svc-04ff01d417265db22"
          },
          "sensitive_attributes": [],
          "private": "bnVsbA==",
          "dependencies": [
            "data.aws_caller_identity.current",
            "module.baseline.data.aws_ssm_parameters_by_path.app_vars",
            "module.baseline.data.aws_ssm_parameters_by_path.legacy_app_vars",
            "module.baseline.module.standalone.data.aws_caller_identity.app",
            "module.baseline.module.standalone.data.aws_vpc_endpoint_service.firewall"
          ]
        }
      ]
    },
    {
      "module": "module.baseline.module.standalone[0].module.vpc[0]",
      "mode": "data",
      "type": "aws_caller_identity",
      "name": "app",
      "provider": "provider[\"registry.terraform.io/hashicorp/aws\"].app",
      "instances": [
        {
          "schema_version": 0,
          "attributes": {
            "account_id": "006549249964",
            "arn": "arn:aws:sts::006549249964:assumed-role/AWSAFTExecution/aws-go-sdk-1670569237395514786",
            "id": "006549249964",
            "user_id": "AROAQDBS5T6WISWHJEHIL:aws-go-sdk-1670569237395514786"
          },
          "sensitive_attributes": []
        }
      ]
    },
    {
      "module": "module.baseline.module.standalone[0].module.vpc[0]",
      "mode": "data",
      "type": "aws_region",
      "name": "current",
      "provider": "provider[\"registry.terraform.io/hashicorp/aws\"].app",
      "instances": [
        {
          "schema_version": 0,
          "attributes": {
            "description": "Europe (Paris)",
            "endpoint": "ec2.eu-west-3.amazonaws.com",
            "id": "eu-west-3",
            "name": "eu-west-3"
          },
          "sensitive_attributes": []
        }
      ]
    },
    {
      "module": "module.baseline.module.standalone[0].module.vpc[0]",
      "mode": "managed",
      "type": "aws_cloudwatch_log_group",
      "name": "vpc_flow_logs",
      "provider": "provider[\"registry.terraform.io/hashicorp/aws\"].app",
      "instances": [
        {
          "schema_version": 0,
          "attributes": {
            "arn": "arn:aws:logs:eu-west-3:006549249964:log-group:/stla/vpc-flow-logs/np-aft-app-090723-dev-0/vpc-062770eb66b6272f1",
            "id": "/stla/vpc-flow-logs/np-aft-app-090723-dev-0/vpc-062770eb66b6272f1",
            "kms_key_id": "",
            "name": "/stla/vpc-flow-logs/np-aft-app-090723-dev-0/vpc-062770eb66b6272f1",
            "name_prefix": "",
            "retention_in_days": 7,
            "skip_destroy": false,
            "tags": null,
            "tags_all": {
              "appid": "aft-app-090723",
              "environment": "dev",
              "stla_lz": "true"
            }
          },
          "sensitive_attributes": [],
          "private": "bnVsbA==",
          "dependencies": [
            "data.aws_caller_identity.current",
            "module.baseline.data.aws_ssm_parameters_by_path.app_vars",
            "module.baseline.data.aws_ssm_parameters_by_path.legacy_app_vars",
            "module.baseline.module.standalone.aws_vpc_endpoint_service_allowed_principal.firewall",
            "module.baseline.module.standalone.data.aws_caller_identity.app",
            "module.baseline.module.standalone.data.aws_vpc_endpoint_service.firewall",
            "module.baseline.module.standalone.module.vpc.aws_vpc.standalone"
          ]
        }
      ]
    },
    {
      "module": "module.baseline.module.standalone[0].module.vpc[0]",
      "mode": "managed",
      "type": "aws_ec2_tag",
      "name": "main_vpc",
      "provider": "provider[\"registry.terraform.io/hashicorp/aws\"].app",
      "instances": [
        {
          "schema_version": 0,
          "attributes": {
            "id": "rtb-03996017eb52de7f1,Name",
            "key": "Name",
            "resource_id": "rtb-03996017eb52de7f1",
            "value": "rt-np-aft-app-090723-dev-0-main"
          },
          "sensitive_attributes": [],
          "private": "bnVsbA==",
          "dependencies": [
            "data.aws_caller_identity.current",
            "module.baseline.data.aws_ssm_parameters_by_path.app_vars",
            "module.baseline.data.aws_ssm_parameters_by_path.legacy_app_vars",
            "module.baseline.module.standalone.aws_vpc_endpoint_service_allowed_principal.firewall",
            "module.baseline.module.standalone.data.aws_caller_identity.app",
            "module.baseline.module.standalone.data.aws_vpc_endpoint_service.firewall",
            "module.baseline.module.standalone.module.vpc.aws_vpc.standalone"
          ]
        }
      ]
    },
    {
      "module": "module.baseline.module.standalone[0].module.vpc[0]",
      "mode": "managed",
      "type": "aws_ec2_tag",
      "name": "main_vpc_defaults",
      "provider": "provider[\"registry.terraform.io/hashicorp/aws\"].app",
      "instances": [
        {
          "index_key": "appid",
          "schema_version": 0,
          "attributes": {
            "id": "rtb-03996017eb52de7f1,appid",
            "key": "appid",
            "resource_id": "rtb-03996017eb52de7f1",
            "value": "aft-app-090723"
          },
          "sensitive_attributes": [],
          "private": "bnVsbA==",
          "dependencies": [
            "data.aws_caller_identity.current",
            "module.baseline.data.aws_ssm_parameters_by_path.app_vars",
            "module.baseline.data.aws_ssm_parameters_by_path.legacy_app_vars",
            "module.baseline.module.standalone.aws_vpc_endpoint_service_allowed_principal.firewall",
            "module.baseline.module.standalone.data.aws_caller_identity.app",
            "module.baseline.module.standalone.data.aws_vpc_endpoint_service.firewall",
            "module.baseline.module.standalone.module.vpc.aws_vpc.standalone"
          ]
        },
        {
          "index_key": "environment",
          "schema_version": 0,
          "attributes": {
            "id": "rtb-03996017eb52de7f1,environment",
            "key": "environment",
            "resource_id": "rtb-03996017eb52de7f1",
            "value": "dev"
          },
          "sensitive_attributes": [],
          "private": "bnVsbA==",
          "dependencies": [
            "data.aws_caller_identity.current",
            "module.baseline.data.aws_ssm_parameters_by_path.app_vars",
            "module.baseline.data.aws_ssm_parameters_by_path.legacy_app_vars",
            "module.baseline.module.standalone.aws_vpc_endpoint_service_allowed_principal.firewall",
            "module.baseline.module.standalone.data.aws_caller_identity.app",
            "module.baseline.module.standalone.data.aws_vpc_endpoint_service.firewall",
            "module.baseline.module.standalone.module.vpc.aws_vpc.standalone"
          ]
        },
        {
          "index_key": "stla_lz",
          "schema_version": 0,
          "attributes": {
            "id": "rtb-03996017eb52de7f1,stla_lz",
            "key": "stla_lz",
            "resource_id": "rtb-03996017eb52de7f1",
            "value": "true"
          },
          "sensitive_attributes": [],
          "private": "bnVsbA==",
          "dependencies": [
            "data.aws_caller_identity.current",
            "module.baseline.data.aws_ssm_parameters_by_path.app_vars",
            "module.baseline.data.aws_ssm_parameters_by_path.legacy_app_vars",
            "module.baseline.module.standalone.aws_vpc_endpoint_service_allowed_principal.firewall",
            "module.baseline.module.standalone.data.aws_caller_identity.app",
            "module.baseline.module.standalone.data.aws_vpc_endpoint_service.firewall",
            "module.baseline.module.standalone.module.vpc.aws_vpc.standalone"
          ]
        }
      ]
    },
    {
      "module": "module.baseline.module.standalone[0].module.vpc[0]",
      "mode": "managed",
      "type": "aws_flow_log",
      "name": "flow_logs_cloudwatch",
      "provider": "provider[\"registry.terraform.io/hashicorp/aws\"].app",
      "instances": [
        {
          "schema_version": 0,
          "attributes": {
            "arn": "arn:aws:ec2:eu-west-3:006549249964:vpc-flow-log/fl-09e01b0884bb7e351",
            "destination_options": [],
            "eni_id": null,
            "iam_role_arn": "arn:aws:iam::006549249964:role/role-np-aft-app-090723-dev-vpc-flow-logs",
            "id": "fl-09e01b0884bb7e351",
            "log_destination": "arn:aws:logs:eu-west-3:006549249964:log-group:/stla/vpc-flow-logs/np-aft-app-090723-dev-0/vpc-062770eb66b6272f1",
            "log_destination_type": "cloud-watch-logs",
            "log_format": "${account-id} ${action} ${az-id} ${bytes} ${dstaddr} ${dstport} ${end} ${interface-id} ${instance-id} ${flow-direction} ${packets} ${protocol} ${start} ${subnet-id} ${vpc-id} ${version} ${tcp-flags} ${srcaddr} ${srcport} ${pkt-dstaddr} ${pkt-srcaddr} ${region} ${traffic-path}",
            "log_group_name": "/stla/vpc-flow-logs/np-aft-app-090723-dev-0/vpc-062770eb66b6272f1",
            "max_aggregation_interval": 600,
            "subnet_id": null,
            "tags": {
              "Name": "vpf-np-aft-app-090723-dev-0-all"
            },
            "tags_all": {
              "Name": "vpf-np-aft-app-090723-dev-0-all",
              "appid": "aft-app-090723",
              "environment": "dev",
              "stla_lz": "true"
            },
            "traffic_type": "ALL",
            "transit_gateway_attachment_id": null,
            "transit_gateway_id": null,
            "vpc_id": "vpc-062770eb66b6272f1"
          },
          "sensitive_attributes": [],
          "private": "bnVsbA==",
          "dependencies": [
            "data.aws_caller_identity.current",
            "module.baseline.data.aws_iam_role.vpc_flow_logs",
            "module.baseline.data.aws_ssm_parameters_by_path.app_vars",
            "module.baseline.data.aws_ssm_parameters_by_path.legacy_app_vars",
            "module.baseline.module.global.aws_iam_role.vpc_flow_logs",
            "module.baseline.module.standalone.aws_vpc_endpoint_service_allowed_principal.firewall",
            "module.baseline.module.standalone.data.aws_caller_identity.app",
            "module.baseline.module.standalone.data.aws_vpc_endpoint_service.firewall",
            "module.baseline.module.standalone.module.vpc.aws_cloudwatch_log_group.vpc_flow_logs",
            "module.baseline.module.standalone.module.vpc.aws_vpc.standalone"
          ]
        }
      ]
    },
    {
      "module": "module.baseline.module.standalone[0].module.vpc[0]",
      "mode": "managed",
      "type": "aws_internet_gateway",
      "name": "igw",
      "provider": "provider[\"registry.terraform.io/hashicorp/aws\"].app",
      "instances": [
        {
          "schema_version": 0,
          "attributes": {
            "arn": "arn:aws:ec2:eu-west-3:006549249964:internet-gateway/igw-0ff9ed4d7849edd6e",
            "id": "igw-0ff9ed4d7849edd6e",
            "owner_id": "006549249964",
            "tags": {
              "Name": "igw-np-aft-app-090723-dev-0"
            },
            "tags_all": {
              "Name": "igw-np-aft-app-090723-dev-0",
              "appid": "aft-app-090723",
              "environment": "dev",
              "stla_lz": "true"
            },
            "timeouts": null,
            "vpc_id": "vpc-062770eb66b6272f1"
          },
          "sensitive_attributes": [],
          "private": "eyJlMmJmYjczMC1lY2FhLTExZTYtOGY4OC0zNDM2M2JjN2M0YzAiOnsiY3JlYXRlIjoxMjAwMDAwMDAwMDAwLCJkZWxldGUiOjEyMDAwMDAwMDAwMDAsInVwZGF0ZSI6MTIwMDAwMDAwMDAwMH19",
          "dependencies": [
            "data.aws_caller_identity.current",
            "module.baseline.data.aws_ssm_parameters_by_path.app_vars",
            "module.baseline.data.aws_ssm_parameters_by_path.legacy_app_vars",
            "module.baseline.module.standalone.aws_vpc_endpoint_service_allowed_principal.firewall",
            "module.baseline.module.standalone.data.aws_caller_identity.app",
            "module.baseline.module.standalone.data.aws_vpc_endpoint_service.firewall",
            "module.baseline.module.standalone.module.vpc.aws_vpc.standalone"
          ]
        }
      ]
    },
    {
      "module": "module.baseline.module.standalone[0].module.vpc[0]",
      "mode": "managed",
      "type": "aws_route_table",
      "name": "firewall",
      "provider": "provider[\"registry.terraform.io/hashicorp/aws\"].app",
      "instances": [
        {
          "schema_version": 0,
          "attributes": {
            "arn": "arn:aws:ec2:eu-west-3:006549249964:route-table/rtb-02ae7a7d8bb42718f",
            "id": "rtb-02ae7a7d8bb42718f",
            "owner_id": "006549249964",
            "propagating_vgws": [],
            "route": [
              {
                "carrier_gateway_id": "",
                "cidr_block": "0.0.0.0/0",
                "core_network_arn": "",
                "destination_prefix_list_id": "",
                "egress_only_gateway_id": "",
                "gateway_id": "igw-0ff9ed4d7849edd6e",
                "instance_id": "",
                "ipv6_cidr_block": "",
                "local_gateway_id": "",
                "nat_gateway_id": "",
                "network_interface_id": "",
                "transit_gateway_id": "",
                "vpc_endpoint_id": "",
                "vpc_peering_connection_id": ""
              }
            ],
            "tags": {
              "Name": "rt-np-aft-app-090723-dev-0-firewall"
            },
            "tags_all": {
              "Name": "rt-np-aft-app-090723-dev-0-firewall",
              "appid": "aft-app-090723",
              "environment": "dev",
              "stla_lz": "true"
            },
            "timeouts": null,
            "vpc_id": "vpc-062770eb66b6272f1"
          },
          "sensitive_attributes": [],
          "private": "eyJlMmJmYjczMC1lY2FhLTExZTYtOGY4OC0zNDM2M2JjN2M0YzAiOnsiY3JlYXRlIjozMDAwMDAwMDAwMDAsImRlbGV0ZSI6MzAwMDAwMDAwMDAwLCJ1cGRhdGUiOjEyMDAwMDAwMDAwMH19",
          "dependencies": [
            "data.aws_caller_identity.current",
            "module.baseline.data.aws_ssm_parameters_by_path.app_vars",
            "module.baseline.data.aws_ssm_parameters_by_path.legacy_app_vars",
            "module.baseline.module.standalone.aws_vpc_endpoint_service_allowed_principal.firewall",
            "module.baseline.module.standalone.data.aws_caller_identity.app",
            "module.baseline.module.standalone.data.aws_vpc_endpoint_service.firewall",
            "module.baseline.module.standalone.module.vpc.aws_internet_gateway.igw",
            "module.baseline.module.standalone.module.vpc.aws_vpc.standalone"
          ]
        }
      ]
    },
    {
      "module": "module.baseline.module.standalone[0].module.vpc[0]",
      "mode": "managed",
      "type": "aws_route_table",
      "name": "igw",
      "provider": "provider[\"registry.terraform.io/hashicorp/aws\"].app",
      "instances": [
        {
          "schema_version": 0,
          "attributes": {
            "arn": "arn:aws:ec2:eu-west-3:006549249964:route-table/rtb-06cd88672822461e5",
            "id": "rtb-06cd88672822461e5",
            "owner_id": "006549249964",
            "propagating_vgws": [],
            "route": [
              {
                "carrier_gateway_id": "",
                "cidr_block": "192.168.0.0/24",
                "core_network_arn": "",
                "destination_prefix_list_id": "",
                "egress_only_gateway_id": "",
                "gateway_id": "",
                "instance_id": "",
                "ipv6_cidr_block": "",
                "local_gateway_id": "",
                "nat_gateway_id": "",
                "network_interface_id": "",
                "transit_gateway_id": "",
                "vpc_endpoint_id": "vpce-0fbf488c3e60bdc66",
                "vpc_peering_connection_id": ""
              },
              {
                "carrier_gateway_id": "",
                "cidr_block": "192.168.1.0/24",
                "core_network_arn": "",
                "destination_prefix_list_id": "",
                "egress_only_gateway_id": "",
                "gateway_id": "",
                "instance_id": "",
                "ipv6_cidr_block": "",
                "local_gateway_id": "",
                "nat_gateway_id": "",
                "network_interface_id": "",
                "transit_gateway_id": "",
                "vpc_endpoint_id": "vpce-00019ee89c26cc354",
                "vpc_peering_connection_id": ""
              },
              {
                "carrier_gateway_id": "",
                "cidr_block": "192.168.30.0/24",
                "core_network_arn": "",
                "destination_prefix_list_id": "",
                "egress_only_gateway_id": "",
                "gateway_id": "",
                "instance_id": "",
                "ipv6_cidr_block": "",
                "local_gateway_id": "",
                "nat_gateway_id": "",
                "network_interface_id": "",
                "transit_gateway_id": "",
                "vpc_endpoint_id": "vpce-00019ee89c26cc354",
                "vpc_peering_connection_id": ""
              },
              {
                "carrier_gateway_id": "",
                "cidr_block": "192.168.31.0/24",
                "core_network_arn": "",
                "destination_prefix_list_id": "",
                "egress_only_gateway_id": "",
                "gateway_id": "",
                "instance_id": "",
                "ipv6_cidr_block": "",
                "local_gateway_id": "",
                "nat_gateway_id": "",
                "network_interface_id": "",
                "transit_gateway_id": "",
                "vpc_endpoint_id": "vpce-0fbf488c3e60bdc66",
                "vpc_peering_connection_id": ""
              }
            ],
            "tags": {
              "Name": "rt-np-aft-app-090723-dev-0-igw"
            },
            "tags_all": {
              "Name": "rt-np-aft-app-090723-dev-0-igw",
              "appid": "aft-app-090723",
              "environment": "dev",
              "stla_lz": "true"
            },
            "timeouts": null,
            "vpc_id": "vpc-062770eb66b6272f1"
          },
          "sensitive_attributes": [],
          "private": "eyJlMmJmYjczMC1lY2FhLTExZTYtOGY4OC0zNDM2M2JjN2M0YzAiOnsiY3JlYXRlIjozMDAwMDAwMDAwMDAsImRlbGV0ZSI6MzAwMDAwMDAwMDAwLCJ1cGRhdGUiOjEyMDAwMDAwMDAwMH19",
          "dependencies": [
            "data.aws_caller_identity.current",
            "module.baseline.data.aws_availability_zones.all",
            "module.baseline.data.aws_ssm_parameters_by_path.app_vars",
            "module.baseline.data.aws_ssm_parameters_by_path.deploy_core_vars",
            "module.baseline.data.aws_ssm_parameters_by_path.deploy_vars",
            "module.baseline.data.aws_ssm_parameters_by_path.legacy_app_vars",
            "module.baseline.module.standalone.aws_vpc_endpoint_service_allowed_principal.firewall",
            "module.baseline.module.standalone.data.aws_caller_identity.app",
            "module.baseline.module.standalone.data.aws_vpc_endpoint_service.firewall",
            "module.baseline.module.standalone.module.vpc.aws_subnet.firewall",
            "module.baseline.module.standalone.module.vpc.aws_subnet.public",
            "module.baseline.module.standalone.module.vpc.aws_vpc.standalone",
            "module.baseline.module.standalone.module.vpc.aws_vpc_endpoint.fw_endpoint"
          ]
        }
      ]
    },
    {
      "module": "module.baseline.module.standalone[0].module.vpc[0]",
      "mode": "managed",
      "type": "aws_route_table",
      "name": "private",
      "provider": "provider[\"registry.terraform.io/hashicorp/aws\"].app",
      "instances": [
        {
          "index_key": "0_eu-west-3a",
          "schema_version": 0,
          "attributes": {
            "arn": "arn:aws:ec2:eu-west-3:006549249964:route-table/rtb-03a22878b9d8d9e55",
            "id": "rtb-03a22878b9d8d9e55",
            "owner_id": "006549249964",
            "propagating_vgws": [],
            "route": [
              {
                "carrier_gateway_id": "",
                "cidr_block": "0.0.0.0/0",
                "core_network_arn": "",
                "destination_prefix_list_id": "",
                "egress_only_gateway_id": "",
                "gateway_id": "",
                "instance_id": "",
                "ipv6_cidr_block": "",
                "local_gateway_id": "",
                "nat_gateway_id": "",
                "network_interface_id": "",
                "transit_gateway_id": "",
                "vpc_endpoint_id": "vpce-0fbf488c3e60bdc66",
                "vpc_peering_connection_id": ""
              }
            ],
            "tags": {
              "Name": "rt-np-aft-app-090723-dev-0-private-eu-west-3a"
            },
            "tags_all": {
              "Name": "rt-np-aft-app-090723-dev-0-private-eu-west-3a",
              "appid": "aft-app-090723",
              "environment": "dev",
              "stla_lz": "true"
            },
            "timeouts": null,
            "vpc_id": "vpc-062770eb66b6272f1"
          },
          "sensitive_attributes": [],
          "private": "eyJlMmJmYjczMC1lY2FhLTExZTYtOGY4OC0zNDM2M2JjN2M0YzAiOnsiY3JlYXRlIjozMDAwMDAwMDAwMDAsImRlbGV0ZSI6MzAwMDAwMDAwMDAwLCJ1cGRhdGUiOjEyMDAwMDAwMDAwMH19",
          "dependencies": [
            "data.aws_caller_identity.current",
            "module.baseline.data.aws_availability_zones.all",
            "module.baseline.data.aws_ssm_parameters_by_path.app_vars",
            "module.baseline.data.aws_ssm_parameters_by_path.deploy_core_vars",
            "module.baseline.data.aws_ssm_parameters_by_path.deploy_vars",
            "module.baseline.data.aws_ssm_parameters_by_path.legacy_app_vars",
            "module.baseline.module.standalone.aws_vpc_endpoint_service_allowed_principal.firewall",
            "module.baseline.module.standalone.data.aws_caller_identity.app",
            "module.baseline.module.standalone.data.aws_vpc_endpoint_service.firewall",
            "module.baseline.module.standalone.module.vpc.aws_subnet.firewall",
            "module.baseline.module.standalone.module.vpc.aws_subnet.private",
            "module.baseline.module.standalone.module.vpc.aws_vpc.standalone",
            "module.baseline.module.standalone.module.vpc.aws_vpc_endpoint.fw_endpoint"
          ]
        },
        {
          "index_key": "0_eu-west-3b",
          "schema_version": 0,
          "attributes": {
            "arn": "arn:aws:ec2:eu-west-3:006549249964:route-table/rtb-0fb1b70b57b208f8a",
            "id": "rtb-0fb1b70b57b208f8a",
            "owner_id": "006549249964",
            "propagating_vgws": [],
            "route": [
              {
                "carrier_gateway_id": "",
                "cidr_block": "0.0.0.0/0",
                "core_network_arn": "",
                "destination_prefix_list_id": "",
                "egress_only_gateway_id": "",
                "gateway_id": "",
                "instance_id": "",
                "ipv6_cidr_block": "",
                "local_gateway_id": "",
                "nat_gateway_id": "",
                "network_interface_id": "",
                "transit_gateway_id": "",
                "vpc_endpoint_id": "vpce-00019ee89c26cc354",
                "vpc_peering_connection_id": ""
              }
            ],
            "tags": {
              "Name": "rt-np-aft-app-090723-dev-0-private-eu-west-3b"
            },
            "tags_all": {
              "Name": "rt-np-aft-app-090723-dev-0-private-eu-west-3b",
              "appid": "aft-app-090723",
              "environment": "dev",
              "stla_lz": "true"
            },
            "timeouts": null,
            "vpc_id": "vpc-062770eb66b6272f1"
          },
          "sensitive_attributes": [],
          "private": "eyJlMmJmYjczMC1lY2FhLTExZTYtOGY4OC0zNDM2M2JjN2M0YzAiOnsiY3JlYXRlIjozMDAwMDAwMDAwMDAsImRlbGV0ZSI6MzAwMDAwMDAwMDAwLCJ1cGRhdGUiOjEyMDAwMDAwMDAwMH19",
          "dependencies": [
            "data.aws_caller_identity.current",
            "module.baseline.data.aws_availability_zones.all",
            "module.baseline.data.aws_ssm_parameters_by_path.app_vars",
            "module.baseline.data.aws_ssm_parameters_by_path.deploy_core_vars",
            "module.baseline.data.aws_ssm_parameters_by_path.deploy_vars",
            "module.baseline.data.aws_ssm_parameters_by_path.legacy_app_vars",
            "module.baseline.module.standalone.aws_vpc_endpoint_service_allowed_principal.firewall",
            "module.baseline.module.standalone.data.aws_caller_identity.app",
            "module.baseline.module.standalone.data.aws_vpc_endpoint_service.firewall",
            "module.baseline.module.standalone.module.vpc.aws_subnet.firewall",
            "module.baseline.module.standalone.module.vpc.aws_subnet.private",
            "module.baseline.module.standalone.module.vpc.aws_vpc.standalone",
            "module.baseline.module.standalone.module.vpc.aws_vpc_endpoint.fw_endpoint"
          ]
        }
      ]
    },
    {
      "module": "module.baseline.module.standalone[0].module.vpc[0]",
      "mode": "managed",
      "type": "aws_route_table",
      "name": "public",
      "provider": "provider[\"registry.terraform.io/hashicorp/aws\"].app",
      "instances": [
        {
          "index_key": "eu-west-3a",
          "schema_version": 0,
          "attributes": {
            "arn": "arn:aws:ec2:eu-west-3:006549249964:route-table/rtb-07a3328841d9f891f",
            "id": "rtb-07a3328841d9f891f",
            "owner_id": "006549249964",
            "propagating_vgws": [],
            "route": [
              {
                "carrier_gateway_id": "",
                "cidr_block": "0.0.0.0/0",
                "core_network_arn": "",
                "destination_prefix_list_id": "",
                "egress_only_gateway_id": "",
                "gateway_id": "",
                "instance_id": "",
                "ipv6_cidr_block": "",
                "local_gateway_id": "",
                "nat_gateway_id": "",
                "network_interface_id": "",
                "transit_gateway_id": "",
                "vpc_endpoint_id": "vpce-0fbf488c3e60bdc66",
                "vpc_peering_connection_id": ""
              }
            ],
            "tags": {
              "Name": "rt-np-aft-app-090723-dev-0-public-eu-west-3a"
            },
            "tags_all": {
              "Name": "rt-np-aft-app-090723-dev-0-public-eu-west-3a",
              "appid": "aft-app-090723",
              "environment": "dev",
              "stla_lz": "true"
            },
            "timeouts": null,
            "vpc_id": "vpc-062770eb66b6272f1"
          },
          "sensitive_attributes": [],
          "private": "eyJlMmJmYjczMC1lY2FhLTExZTYtOGY4OC0zNDM2M2JjN2M0YzAiOnsiY3JlYXRlIjozMDAwMDAwMDAwMDAsImRlbGV0ZSI6MzAwMDAwMDAwMDAwLCJ1cGRhdGUiOjEyMDAwMDAwMDAwMH19",
          "dependencies": [
            "data.aws_caller_identity.current",
            "module.baseline.data.aws_availability_zones.all",
            "module.baseline.data.aws_ssm_parameters_by_path.app_vars",
            "module.baseline.data.aws_ssm_parameters_by_path.deploy_core_vars",
            "module.baseline.data.aws_ssm_parameters_by_path.deploy_vars",
            "module.baseline.data.aws_ssm_parameters_by_path.legacy_app_vars",
            "module.baseline.module.standalone.aws_vpc_endpoint_service_allowed_principal.firewall",
            "module.baseline.module.standalone.data.aws_caller_identity.app",
            "module.baseline.module.standalone.data.aws_vpc_endpoint_service.firewall",
            "module.baseline.module.standalone.module.vpc.aws_subnet.firewall",
            "module.baseline.module.standalone.module.vpc.aws_subnet.public",
            "module.baseline.module.standalone.module.vpc.aws_vpc.standalone",
            "module.baseline.module.standalone.module.vpc.aws_vpc_endpoint.fw_endpoint"
          ]
        },
        {
          "index_key": "eu-west-3b",
          "schema_version": 0,
          "attributes": {
            "arn": "arn:aws:ec2:eu-west-3:006549249964:route-table/rtb-024433850d3228e40",
            "id": "rtb-024433850d3228e40",
            "owner_id": "006549249964",
            "propagating_vgws": [],
            "route": [
              {
                "carrier_gateway_id": "",
                "cidr_block": "0.0.0.0/0",
                "core_network_arn": "",
                "destination_prefix_list_id": "",
                "egress_only_gateway_id": "",
                "gateway_id": "",
                "instance_id": "",
                "ipv6_cidr_block": "",
                "local_gateway_id": "",
                "nat_gateway_id": "",
                "network_interface_id": "",
                "transit_gateway_id": "",
                "vpc_endpoint_id": "vpce-00019ee89c26cc354",
                "vpc_peering_connection_id": ""
              }
            ],
            "tags": {
              "Name": "rt-np-aft-app-090723-dev-0-public-eu-west-3b"
            },
            "tags_all": {
              "Name": "rt-np-aft-app-090723-dev-0-public-eu-west-3b",
              "appid": "aft-app-090723",
              "environment": "dev",
              "stla_lz": "true"
            },
            "timeouts": null,
            "vpc_id": "vpc-062770eb66b6272f1"
          },
          "sensitive_attributes": [],
          "private": "eyJlMmJmYjczMC1lY2FhLTExZTYtOGY4OC0zNDM2M2JjN2M0YzAiOnsiY3JlYXRlIjozMDAwMDAwMDAwMDAsImRlbGV0ZSI6MzAwMDAwMDAwMDAwLCJ1cGRhdGUiOjEyMDAwMDAwMDAwMH19",
          "dependencies": [
            "data.aws_caller_identity.current",
            "module.baseline.data.aws_availability_zones.all",
            "module.baseline.data.aws_ssm_parameters_by_path.app_vars",
            "module.baseline.data.aws_ssm_parameters_by_path.deploy_core_vars",
            "module.baseline.data.aws_ssm_parameters_by_path.deploy_vars",
            "module.baseline.data.aws_ssm_parameters_by_path.legacy_app_vars",
            "module.baseline.module.standalone.aws_vpc_endpoint_service_allowed_principal.firewall",
            "module.baseline.module.standalone.data.aws_caller_identity.app",
            "module.baseline.module.standalone.data.aws_vpc_endpoint_service.firewall",
            "module.baseline.module.standalone.module.vpc.aws_subnet.firewall",
            "module.baseline.module.standalone.module.vpc.aws_subnet.public",
            "module.baseline.module.standalone.module.vpc.aws_vpc.standalone",
            "module.baseline.module.standalone.module.vpc.aws_vpc_endpoint.fw_endpoint"
          ]
        }
      ]
    },
    {
      "module": "module.baseline.module.standalone[0].module.vpc[0]",
      "mode": "managed",
      "type": "aws_route_table_association",
      "name": "firewall",
      "provider": "provider[\"registry.terraform.io/hashicorp/aws\"].app",
      "instances": [
        {
          "index_key": "eu-west-3a",
          "schema_version": 0,
          "attributes": {
            "gateway_id": "",
            "id": "rtbassoc-0f53f8102e742be41",
            "route_table_id": "rtb-02ae7a7d8bb42718f",
            "subnet_id": "subnet-0940b9ff42d6246c5"
          },
          "sensitive_attributes": [],
          "private": "bnVsbA==",
          "dependencies": [
            "data.aws_caller_identity.current",
            "module.baseline.data.aws_availability_zones.all",
            "module.baseline.data.aws_ssm_parameters_by_path.app_vars",
            "module.baseline.data.aws_ssm_parameters_by_path.legacy_app_vars",
            "module.baseline.module.standalone.aws_vpc_endpoint_service_allowed_principal.firewall",
            "module.baseline.module.standalone.data.aws_caller_identity.app",
            "module.baseline.module.standalone.data.aws_vpc_endpoint_service.firewall",
            "module.baseline.module.standalone.module.vpc.aws_internet_gateway.igw",
            "module.baseline.module.standalone.module.vpc.aws_route_table.firewall",
            "module.baseline.module.standalone.module.vpc.aws_subnet.firewall",
            "module.baseline.module.standalone.module.vpc.aws_vpc.standalone"
          ]
        },
        {
          "index_key": "eu-west-3b",
          "schema_version": 0,
          "attributes": {
            "gateway_id": "",
            "id": "rtbassoc-00a2d41a8e545f4a9",
            "route_table_id": "rtb-02ae7a7d8bb42718f",
            "subnet_id": "subnet-058ee34d47eed86f7"
          },
          "sensitive_attributes": [],
          "private": "bnVsbA==",
          "dependencies": [
            "data.aws_caller_identity.current",
            "module.baseline.data.aws_availability_zones.all",
            "module.baseline.data.aws_ssm_parameters_by_path.app_vars",
            "module.baseline.data.aws_ssm_parameters_by_path.legacy_app_vars",
            "module.baseline.module.standalone.aws_vpc_endpoint_service_allowed_principal.firewall",
            "module.baseline.module.standalone.data.aws_caller_identity.app",
            "module.baseline.module.standalone.data.aws_vpc_endpoint_service.firewall",
            "module.baseline.module.standalone.module.vpc.aws_internet_gateway.igw",
            "module.baseline.module.standalone.module.vpc.aws_route_table.firewall",
            "module.baseline.module.standalone.module.vpc.aws_subnet.firewall",
            "module.baseline.module.standalone.module.vpc.aws_vpc.standalone"
          ]
        }
      ]
    },
    {
      "module": "module.baseline.module.standalone[0].module.vpc[0]",
      "mode": "managed",
      "type": "aws_route_table_association",
      "name": "igw",
      "provider": "provider[\"registry.terraform.io/hashicorp/aws\"].app",
      "instances": [
        {
          "schema_version": 0,
          "attributes": {
            "gateway_id": "igw-0ff9ed4d7849edd6e",
            "id": "rtbassoc-027d0ef21f24f47bd",
            "route_table_id": "rtb-06cd88672822461e5",
            "subnet_id": ""
          },
          "sensitive_attributes": [],
          "private": "bnVsbA==",
          "dependencies": [
            "data.aws_caller_identity.current",
            "module.baseline.data.aws_availability_zones.all",
            "module.baseline.data.aws_ssm_parameters_by_path.app_vars",
            "module.baseline.data.aws_ssm_parameters_by_path.deploy_core_vars",
            "module.baseline.data.aws_ssm_parameters_by_path.deploy_vars",
            "module.baseline.data.aws_ssm_parameters_by_path.legacy_app_vars",
            "module.baseline.module.standalone.aws_vpc_endpoint_service_allowed_principal.firewall",
            "module.baseline.module.standalone.data.aws_caller_identity.app",
            "module.baseline.module.standalone.data.aws_vpc_endpoint_service.firewall",
            "module.baseline.module.standalone.module.vpc.aws_internet_gateway.igw",
            "module.baseline.module.standalone.module.vpc.aws_route_table.igw",
            "module.baseline.module.standalone.module.vpc.aws_subnet.firewall",
            "module.baseline.module.standalone.module.vpc.aws_subnet.public",
            "module.baseline.module.standalone.module.vpc.aws_vpc.standalone",
            "module.baseline.module.standalone.module.vpc.aws_vpc_endpoint.fw_endpoint"
          ]
        }
      ]
    },
    {
      "module": "module.baseline.module.standalone[0].module.vpc[0]",
      "mode": "managed",
      "type": "aws_route_table_association",
      "name": "private",
      "provider": "provider[\"registry.terraform.io/hashicorp/aws\"].app",
      "instances": [
        {
          "index_key": "0_eu-west-3a",
          "schema_version": 0,
          "attributes": {
            "gateway_id": "",
            "id": "rtbassoc-035bd0f08e3409d99",
            "route_table_id": "rtb-03a22878b9d8d9e55",
            "subnet_id": "subnet-063070b121a24d11d"
          },
          "sensitive_attributes": [],
          "private": "bnVsbA==",
          "dependencies": [
            "data.aws_caller_identity.current",
            "module.baseline.data.aws_availability_zones.all",
            "module.baseline.data.aws_ssm_parameters_by_path.app_vars",
            "module.baseline.data.aws_ssm_parameters_by_path.deploy_core_vars",
            "module.baseline.data.aws_ssm_parameters_by_path.deploy_vars",
            "module.baseline.data.aws_ssm_parameters_by_path.legacy_app_vars",
            "module.baseline.module.standalone.aws_vpc_endpoint_service_allowed_principal.firewall",
            "module.baseline.module.standalone.data.aws_caller_identity.app",
            "module.baseline.module.standalone.data.aws_vpc_endpoint_service.firewall",
            "module.baseline.module.standalone.module.vpc.aws_route_table.private",
            "module.baseline.module.standalone.module.vpc.aws_subnet.firewall",
            "module.baseline.module.standalone.module.vpc.aws_subnet.private",
            "module.baseline.module.standalone.module.vpc.aws_vpc.standalone",
            "module.baseline.module.standalone.module.vpc.aws_vpc_endpoint.fw_endpoint"
          ]
        },
        {
          "index_key": "0_eu-west-3b",
          "schema_version": 0,
          "attributes": {
            "gateway_id": "",
            "id": "rtbassoc-0c4dbc54d5164f945",
            "route_table_id": "rtb-0fb1b70b57b208f8a",
            "subnet_id": "subnet-0cc02ba705e5928c3"
          },
          "sensitive_attributes": [],
          "private": "bnVsbA==",
          "dependencies": [
            "data.aws_caller_identity.current",
            "module.baseline.data.aws_availability_zones.all",
            "module.baseline.data.aws_ssm_parameters_by_path.app_vars",
            "module.baseline.data.aws_ssm_parameters_by_path.deploy_core_vars",
            "module.baseline.data.aws_ssm_parameters_by_path.deploy_vars",
            "module.baseline.data.aws_ssm_parameters_by_path.legacy_app_vars",
            "module.baseline.module.standalone.aws_vpc_endpoint_service_allowed_principal.firewall",
            "module.baseline.module.standalone.data.aws_caller_identity.app",
            "module.baseline.module.standalone.data.aws_vpc_endpoint_service.firewall",
            "module.baseline.module.standalone.module.vpc.aws_route_table.private",
            "module.baseline.module.standalone.module.vpc.aws_subnet.firewall",
            "module.baseline.module.standalone.module.vpc.aws_subnet.private",
            "module.baseline.module.standalone.module.vpc.aws_vpc.standalone",
            "module.baseline.module.standalone.module.vpc.aws_vpc_endpoint.fw_endpoint"
          ]
        },
        {
          "index_key": "1_eu-west-3a",
          "schema_version": 0,
          "attributes": {
            "gateway_id": "",
            "id": "rtbassoc-02c949637c5f3c146",
            "route_table_id": "rtb-03a22878b9d8d9e55",
            "subnet_id": "subnet-04d8dba735b68f0b1"
          },
          "sensitive_attributes": [],
          "private": "bnVsbA==",
          "dependencies": [
            "data.aws_caller_identity.current",
            "module.baseline.data.aws_availability_zones.all",
            "module.baseline.data.aws_ssm_parameters_by_path.app_vars",
            "module.baseline.data.aws_ssm_parameters_by_path.deploy_core_vars",
            "module.baseline.data.aws_ssm_parameters_by_path.deploy_vars",
            "module.baseline.data.aws_ssm_parameters_by_path.legacy_app_vars",
            "module.baseline.module.standalone.aws_vpc_endpoint_service_allowed_principal.firewall",
            "module.baseline.module.standalone.data.aws_caller_identity.app",
            "module.baseline.module.standalone.data.aws_vpc_endpoint_service.firewall",
            "module.baseline.module.standalone.module.vpc.aws_route_table.private",
            "module.baseline.module.standalone.module.vpc.aws_subnet.firewall",
            "module.baseline.module.standalone.module.vpc.aws_subnet.private",
            "module.baseline.module.standalone.module.vpc.aws_vpc.standalone",
            "module.baseline.module.standalone.module.vpc.aws_vpc_endpoint.fw_endpoint"
          ]
        },
        {
          "index_key": "1_eu-west-3b",
          "schema_version": 0,
          "attributes": {
            "gateway_id": "",
            "id": "rtbassoc-07c39a393bd3c02b8",
            "route_table_id": "rtb-0fb1b70b57b208f8a",
            "subnet_id": "subnet-0c3846d64680f05cf"
          },
          "sensitive_attributes": [],
          "private": "bnVsbA==",
          "dependencies": [
            "data.aws_caller_identity.current",
            "module.baseline.data.aws_availability_zones.all",
            "module.baseline.data.aws_ssm_parameters_by_path.app_vars",
            "module.baseline.data.aws_ssm_parameters_by_path.deploy_core_vars",
            "module.baseline.data.aws_ssm_parameters_by_path.deploy_vars",
            "module.baseline.data.aws_ssm_parameters_by_path.legacy_app_vars",
            "module.baseline.module.standalone.aws_vpc_endpoint_service_allowed_principal.firewall",
            "module.baseline.module.standalone.data.aws_caller_identity.app",
            "module.baseline.module.standalone.data.aws_vpc_endpoint_service.firewall",
            "module.baseline.module.standalone.module.vpc.aws_route_table.private",
            "module.baseline.module.standalone.module.vpc.aws_subnet.firewall",
            "module.baseline.module.standalone.module.vpc.aws_subnet.private",
            "module.baseline.module.standalone.module.vpc.aws_vpc.standalone",
            "module.baseline.module.standalone.module.vpc.aws_vpc_endpoint.fw_endpoint"
          ]
        }
      ]
    },
    {
      "module": "module.baseline.module.standalone[0].module.vpc[0]",
      "mode": "managed",
      "type": "aws_route_table_association",
      "name": "public",
      "provider": "provider[\"registry.terraform.io/hashicorp/aws\"].app",
      "instances": [
        {
          "index_key": "eu-west-3a",
          "schema_version": 0,
          "attributes": {
            "gateway_id": "",
            "id": "rtbassoc-02564f78f807e5e37",
            "route_table_id": "rtb-07a3328841d9f891f",
            "subnet_id": "subnet-0eeac4afefc75905e"
          },
          "sensitive_attributes": [],
          "private": "bnVsbA==",
          "dependencies": [
            "data.aws_caller_identity.current",
            "module.baseline.data.aws_availability_zones.all",
            "module.baseline.data.aws_ssm_parameters_by_path.app_vars",
            "module.baseline.data.aws_ssm_parameters_by_path.deploy_core_vars",
            "module.baseline.data.aws_ssm_parameters_by_path.deploy_vars",
            "module.baseline.data.aws_ssm_parameters_by_path.legacy_app_vars",
            "module.baseline.module.standalone.aws_vpc_endpoint_service_allowed_principal.firewall",
            "module.baseline.module.standalone.data.aws_caller_identity.app",
            "module.baseline.module.standalone.data.aws_vpc_endpoint_service.firewall",
            "module.baseline.module.standalone.module.vpc.aws_route_table.public",
            "module.baseline.module.standalone.module.vpc.aws_subnet.firewall",
            "module.baseline.module.standalone.module.vpc.aws_subnet.public",
            "module.baseline.module.standalone.module.vpc.aws_vpc.standalone",
            "module.baseline.module.standalone.module.vpc.aws_vpc_endpoint.fw_endpoint"
          ]
        },
        {
          "index_key": "eu-west-3b",
          "schema_version": 0,
          "attributes": {
            "gateway_id": "",
            "id": "rtbassoc-0142465a780f2ad27",
            "route_table_id": "rtb-024433850d3228e40",
            "subnet_id": "subnet-05a4201da3e30884d"
          },
          "sensitive_attributes": [],
          "private": "bnVsbA==",
          "dependencies": [
            "data.aws_caller_identity.current",
            "module.baseline.data.aws_availability_zones.all",
            "module.baseline.data.aws_ssm_parameters_by_path.app_vars",
            "module.baseline.data.aws_ssm_parameters_by_path.deploy_core_vars",
            "module.baseline.data.aws_ssm_parameters_by_path.deploy_vars",
            "module.baseline.data.aws_ssm_parameters_by_path.legacy_app_vars",
            "module.baseline.module.standalone.aws_vpc_endpoint_service_allowed_principal.firewall",
            "module.baseline.module.standalone.data.aws_caller_identity.app",
            "module.baseline.module.standalone.data.aws_vpc_endpoint_service.firewall",
            "module.baseline.module.standalone.module.vpc.aws_route_table.public",
            "module.baseline.module.standalone.module.vpc.aws_subnet.firewall",
            "module.baseline.module.standalone.module.vpc.aws_subnet.public",
            "module.baseline.module.standalone.module.vpc.aws_vpc.standalone",
            "module.baseline.module.standalone.module.vpc.aws_vpc_endpoint.fw_endpoint"
          ]
        }
      ]
    },
    {
      "module": "module.baseline.module.standalone[0].module.vpc[0]",
      "mode": "managed",
      "type": "aws_security_group",
      "name": "allow_tls",
      "provider": "provider[\"registry.terraform.io/hashicorp/aws\"].app",
      "instances": [
        {
          "schema_version": 1,
          "attributes": {
            "arn": "arn:aws:ec2:eu-west-3:006549249964:security-group/sg-053c2194615f58d7a",
            "description": "Reserved for internal LZ use in VPC vpc-np-aft-app-090723-dev-0",
            "egress": [
              {
                "cidr_blocks": [
                  "0.0.0.0/0"
                ],
                "description": "",
                "from_port": 0,
                "ipv6_cidr_blocks": [],
                "prefix_list_ids": [],
                "protocol": "-1",
                "security_groups": [],
                "self": false,
                "to_port": 0
              }
            ],
            "id": "sg-053c2194615f58d7a",
            "ingress": [
              {
                "cidr_blocks": [
                  "192.168.0.0/19"
                ],
                "description": "TLS from VPC",
                "from_port": 443,
                "ipv6_cidr_blocks": [],
                "prefix_list_ids": [],
                "protocol": "tcp",
                "security_groups": [],
                "self": false,
                "to_port": 443
              }
            ],
            "name": "aws-endpoint-traffic",
            "name_prefix": "",
            "owner_id": "006549249964",
            "revoke_rules_on_delete": false,
            "tags": {
              "Name": "sg-np-aft-app-090723-dev-0-aws-endpoint-traffic"
            },
            "tags_all": {
              "Name": "sg-np-aft-app-090723-dev-0-aws-endpoint-traffic",
              "appid": "aft-app-090723",
              "environment": "dev",
              "stla_lz": "true"
            },
            "timeouts": null,
            "vpc_id": "vpc-062770eb66b6272f1"
          },
          "sensitive_attributes": [],
          "private": "eyJlMmJmYjczMC1lY2FhLTExZTYtOGY4OC0zNDM2M2JjN2M0YzAiOnsiY3JlYXRlIjo2MDAwMDAwMDAwMDAsImRlbGV0ZSI6OTAwMDAwMDAwMDAwfSwic2NoZW1hX3ZlcnNpb24iOiIxIn0=",
          "dependencies": [
            "data.aws_caller_identity.current",
            "module.baseline.data.aws_ssm_parameters_by_path.app_vars",
            "module.baseline.data.aws_ssm_parameters_by_path.legacy_app_vars",
            "module.baseline.module.standalone.aws_vpc_endpoint_service_allowed_principal.firewall",
            "module.baseline.module.standalone.data.aws_caller_identity.app",
            "module.baseline.module.standalone.data.aws_vpc_endpoint_service.firewall",
            "module.baseline.module.standalone.module.vpc.aws_vpc.standalone"
          ]
        }
      ]
    },
    {
      "module": "module.baseline.module.standalone[0].module.vpc[0]",
      "mode": "managed",
      "type": "aws_subnet",
      "name": "firewall",
      "provider": "provider[\"registry.terraform.io/hashicorp/aws\"].app",
      "instances": [
        {
          "index_key": "eu-west-3a",
          "schema_version": 1,
          "attributes": {
            "arn": "arn:aws:ec2:eu-west-3:006549249964:subnet/subnet-0940b9ff42d6246c5",
            "assign_ipv6_address_on_creation": false,
            "availability_zone": "eu-west-3a",
            "availability_zone_id": "euw3-az1",
            "cidr_block": "192.168.31.0/24",
            "customer_owned_ipv4_pool": "",
            "enable_dns64": false,
            "enable_resource_name_dns_a_record_on_launch": false,
            "enable_resource_name_dns_aaaa_record_on_launch": false,
            "id": "subnet-0940b9ff42d6246c5",
            "ipv6_cidr_block": "",
            "ipv6_cidr_block_association_id": "",
            "ipv6_native": false,
            "map_customer_owned_ip_on_launch": false,
            "map_public_ip_on_launch": false,
            "outpost_arn": "",
            "owner_id": "006549249964",
            "private_dns_hostname_type_on_launch": "ip-name",
            "tags": {
              "Name": "sn-np-aft-app-090723-dev-0-firewall-eu-west-3a",
              "subnet_type": "lz-reserved"
            },
            "tags_all": {
              "Name": "sn-np-aft-app-090723-dev-0-firewall-eu-west-3a",
              "appid": "aft-app-090723",
              "environment": "dev",
              "stla_lz": "true",
              "subnet_type": "lz-reserved"
            },
            "timeouts": null,
            "vpc_id": "vpc-062770eb66b6272f1"
          },
          "sensitive_attributes": [],
          "private": "eyJlMmJmYjczMC1lY2FhLTExZTYtOGY4OC0zNDM2M2JjN2M0YzAiOnsiY3JlYXRlIjo2MDAwMDAwMDAwMDAsImRlbGV0ZSI6MTIwMDAwMDAwMDAwMH0sInNjaGVtYV92ZXJzaW9uIjoiMSJ9",
          "dependencies": [
            "data.aws_caller_identity.current",
            "module.baseline.data.aws_availability_zones.all",
            "module.baseline.data.aws_ssm_parameters_by_path.app_vars",
            "module.baseline.data.aws_ssm_parameters_by_path.legacy_app_vars",
            "module.baseline.module.standalone.aws_vpc_endpoint_service_allowed_principal.firewall",
            "module.baseline.module.standalone.data.aws_caller_identity.app",
            "module.baseline.module.standalone.data.aws_vpc_endpoint_service.firewall",
            "module.baseline.module.standalone.module.vpc.aws_vpc.standalone"
          ]
        },
        {
          "index_key": "eu-west-3b",
          "schema_version": 1,
          "attributes": {
            "arn": "arn:aws:ec2:eu-west-3:006549249964:subnet/subnet-058ee34d47eed86f7",
            "assign_ipv6_address_on_creation": false,
            "availability_zone": "eu-west-3b",
            "availability_zone_id": "euw3-az2",
            "cidr_block": "192.168.30.0/24",
            "customer_owned_ipv4_pool": "",
            "enable_dns64": false,
            "enable_resource_name_dns_a_record_on_launch": false,
            "enable_resource_name_dns_aaaa_record_on_launch": false,
            "id": "subnet-058ee34d47eed86f7",
            "ipv6_cidr_block": "",
            "ipv6_cidr_block_association_id": "",
            "ipv6_native": false,
            "map_customer_owned_ip_on_launch": false,
            "map_public_ip_on_launch": false,
            "outpost_arn": "",
            "owner_id": "006549249964",
            "private_dns_hostname_type_on_launch": "ip-name",
            "tags": {
              "Name": "sn-np-aft-app-090723-dev-0-firewall-eu-west-3b",
              "subnet_type": "lz-reserved"
            },
            "tags_all": {
              "Name": "sn-np-aft-app-090723-dev-0-firewall-eu-west-3b",
              "appid": "aft-app-090723",
              "environment": "dev",
              "stla_lz": "true",
              "subnet_type": "lz-reserved"
            },
            "timeouts": null,
            "vpc_id": "vpc-062770eb66b6272f1"
          },
          "sensitive_attributes": [],
          "private": "eyJlMmJmYjczMC1lY2FhLTExZTYtOGY4OC0zNDM2M2JjN2M0YzAiOnsiY3JlYXRlIjo2MDAwMDAwMDAwMDAsImRlbGV0ZSI6MTIwMDAwMDAwMDAwMH0sInNjaGVtYV92ZXJzaW9uIjoiMSJ9",
          "dependencies": [
            "data.aws_caller_identity.current",
            "module.baseline.data.aws_availability_zones.all",
            "module.baseline.data.aws_ssm_parameters_by_path.app_vars",
            "module.baseline.data.aws_ssm_parameters_by_path.legacy_app_vars",
            "module.baseline.module.standalone.aws_vpc_endpoint_service_allowed_principal.firewall",
            "module.baseline.module.standalone.data.aws_caller_identity.app",
            "module.baseline.module.standalone.data.aws_vpc_endpoint_service.firewall",
            "module.baseline.module.standalone.module.vpc.aws_vpc.standalone"
          ]
        }
      ]
    },
    {
      "module": "module.baseline.module.standalone[0].module.vpc[0]",
      "mode": "managed",
      "type": "aws_subnet",
      "name": "private",
      "provider": "provider[\"registry.terraform.io/hashicorp/aws\"].app",
      "instances": [
        {
          "index_key": "0_eu-west-3a",
          "schema_version": 1,
          "attributes": {
            "arn": "arn:aws:ec2:eu-west-3:006549249964:subnet/subnet-063070b121a24d11d",
            "assign_ipv6_address_on_creation": false,
            "availability_zone": "eu-west-3a",
            "availability_zone_id": "euw3-az1",
            "cidr_block": "192.168.10.0/24",
            "customer_owned_ipv4_pool": "",
            "enable_dns64": false,
            "enable_resource_name_dns_a_record_on_launch": false,
            "enable_resource_name_dns_aaaa_record_on_launch": false,
            "id": "subnet-063070b121a24d11d",
            "ipv6_cidr_block": "",
            "ipv6_cidr_block_association_id": "",
            "ipv6_native": false,
            "map_customer_owned_ip_on_launch": false,
            "map_public_ip_on_launch": false,
            "outpost_arn": "",
            "owner_id": "006549249964",
            "private_dns_hostname_type_on_launch": "ip-name",
            "tags": {
              "Name": "sn-np-aft-app-090723-dev-0-private-0-eu-west-3a",
              "subnet_index": "0",
              "subnet_type": "backend"
            },
            "tags_all": {
              "Name": "sn-np-aft-app-090723-dev-0-private-0-eu-west-3a",
              "appid": "aft-app-090723",
              "environment": "dev",
              "stla_lz": "true",
              "subnet_index": "0",
              "subnet_type": "backend"
            },
            "timeouts": null,
            "vpc_id": "vpc-062770eb66b6272f1"
          },
          "sensitive_attributes": [],
          "private": "eyJlMmJmYjczMC1lY2FhLTExZTYtOGY4OC0zNDM2M2JjN2M0YzAiOnsiY3JlYXRlIjo2MDAwMDAwMDAwMDAsImRlbGV0ZSI6MTIwMDAwMDAwMDAwMH0sInNjaGVtYV92ZXJzaW9uIjoiMSJ9",
          "dependencies": [
            "data.aws_caller_identity.current",
            "module.baseline.data.aws_availability_zones.all",
            "module.baseline.data.aws_ssm_parameters_by_path.app_vars",
            "module.baseline.data.aws_ssm_parameters_by_path.legacy_app_vars",
            "module.baseline.module.standalone.aws_vpc_endpoint_service_allowed_principal.firewall",
            "module.baseline.module.standalone.data.aws_caller_identity.app",
            "module.baseline.module.standalone.data.aws_vpc_endpoint_service.firewall",
            "module.baseline.module.standalone.module.vpc.aws_vpc.standalone"
          ]
        },
        {
          "index_key": "0_eu-west-3b",
          "schema_version": 1,
          "attributes": {
            "arn": "arn:aws:ec2:eu-west-3:006549249964:subnet/subnet-0cc02ba705e5928c3",
            "assign_ipv6_address_on_creation": false,
            "availability_zone": "eu-west-3b",
            "availability_zone_id": "euw3-az2",
            "cidr_block": "192.168.11.0/24",
            "customer_owned_ipv4_pool": "",
            "enable_dns64": false,
            "enable_resource_name_dns_a_record_on_launch": false,
            "enable_resource_name_dns_aaaa_record_on_launch": false,
            "id": "subnet-0cc02ba705e5928c3",
            "ipv6_cidr_block": "",
            "ipv6_cidr_block_association_id": "",
            "ipv6_native": false,
            "map_customer_owned_ip_on_launch": false,
            "map_public_ip_on_launch": false,
            "outpost_arn": "",
            "owner_id": "006549249964",
            "private_dns_hostname_type_on_launch": "ip-name",
            "tags": {
              "Name": "sn-np-aft-app-090723-dev-0-private-0-eu-west-3b",
              "subnet_index": "0",
              "subnet_type": "backend"
            },
            "tags_all": {
              "Name": "sn-np-aft-app-090723-dev-0-private-0-eu-west-3b",
              "appid": "aft-app-090723",
              "environment": "dev",
              "stla_lz": "true",
              "subnet_index": "0",
              "subnet_type": "backend"
            },
            "timeouts": null,
            "vpc_id": "vpc-062770eb66b6272f1"
          },
          "sensitive_attributes": [],
          "private": "eyJlMmJmYjczMC1lY2FhLTExZTYtOGY4OC0zNDM2M2JjN2M0YzAiOnsiY3JlYXRlIjo2MDAwMDAwMDAwMDAsImRlbGV0ZSI6MTIwMDAwMDAwMDAwMH0sInNjaGVtYV92ZXJzaW9uIjoiMSJ9",
          "dependencies": [
            "data.aws_caller_identity.current",
            "module.baseline.data.aws_availability_zones.all",
            "module.baseline.data.aws_ssm_parameters_by_path.app_vars",
            "module.baseline.data.aws_ssm_parameters_by_path.legacy_app_vars",
            "module.baseline.module.standalone.aws_vpc_endpoint_service_allowed_principal.firewall",
            "module.baseline.module.standalone.data.aws_caller_identity.app",
            "module.baseline.module.standalone.data.aws_vpc_endpoint_service.firewall",
            "module.baseline.module.standalone.module.vpc.aws_vpc.standalone"
          ]
        },
        {
          "index_key": "1_eu-west-3a",
          "schema_version": 1,
          "attributes": {
            "arn": "arn:aws:ec2:eu-west-3:006549249964:subnet/subnet-04d8dba735b68f0b1",
            "assign_ipv6_address_on_creation": false,
            "availability_zone": "eu-west-3a",
            "availability_zone_id": "euw3-az1",
            "cidr_block": "192.168.12.0/24",
            "customer_owned_ipv4_pool": "",
            "enable_dns64": false,
            "enable_resource_name_dns_a_record_on_launch": false,
            "enable_resource_name_dns_aaaa_record_on_launch": false,
            "id": "subnet-04d8dba735b68f0b1",
            "ipv6_cidr_block": "",
            "ipv6_cidr_block_association_id": "",
            "ipv6_native": false,
            "map_customer_owned_ip_on_launch": false,
            "map_public_ip_on_launch": false,
            "outpost_arn": "",
            "owner_id": "006549249964",
            "private_dns_hostname_type_on_launch": "ip-name",
            "tags": {
              "Name": "sn-np-aft-app-090723-dev-0-private-1-eu-west-3a",
              "subnet_index": "1",
              "subnet_type": "backend"
            },
            "tags_all": {
              "Name": "sn-np-aft-app-090723-dev-0-private-1-eu-west-3a",
              "appid": "aft-app-090723",
              "environment": "dev",
              "stla_lz": "true",
              "subnet_index": "1",
              "subnet_type": "backend"
            },
            "timeouts": null,
            "vpc_id": "vpc-062770eb66b6272f1"
          },
          "sensitive_attributes": [],
          "private": "eyJlMmJmYjczMC1lY2FhLTExZTYtOGY4OC0zNDM2M2JjN2M0YzAiOnsiY3JlYXRlIjo2MDAwMDAwMDAwMDAsImRlbGV0ZSI6MTIwMDAwMDAwMDAwMH0sInNjaGVtYV92ZXJzaW9uIjoiMSJ9",
          "dependencies": [
            "data.aws_caller_identity.current",
            "module.baseline.data.aws_availability_zones.all",
            "module.baseline.data.aws_ssm_parameters_by_path.app_vars",
            "module.baseline.data.aws_ssm_parameters_by_path.legacy_app_vars",
            "module.baseline.module.standalone.aws_vpc_endpoint_service_allowed_principal.firewall",
            "module.baseline.module.standalone.data.aws_caller_identity.app",
            "module.baseline.module.standalone.data.aws_vpc_endpoint_service.firewall",
            "module.baseline.module.standalone.module.vpc.aws_vpc.standalone"
          ]
        },
        {
          "index_key": "1_eu-west-3b",
          "schema_version": 1,
          "attributes": {
            "arn": "arn:aws:ec2:eu-west-3:006549249964:subnet/subnet-0c3846d64680f05cf",
            "assign_ipv6_address_on_creation": false,
            "availability_zone": "eu-west-3b",
            "availability_zone_id": "euw3-az2",
            "cidr_block": "192.168.13.0/24",
            "customer_owned_ipv4_pool": "",
            "enable_dns64": false,
            "enable_resource_name_dns_a_record_on_launch": false,
            "enable_resource_name_dns_aaaa_record_on_launch": false,
            "id": "subnet-0c3846d64680f05cf",
            "ipv6_cidr_block": "",
            "ipv6_cidr_block_association_id": "",
            "ipv6_native": false,
            "map_customer_owned_ip_on_launch": false,
            "map_public_ip_on_launch": false,
            "outpost_arn": "",
            "owner_id": "006549249964",
            "private_dns_hostname_type_on_launch": "ip-name",
            "tags": {
              "Name": "sn-np-aft-app-090723-dev-0-private-1-eu-west-3b",
              "subnet_index": "1",
              "subnet_type": "backend"
            },
            "tags_all": {
              "Name": "sn-np-aft-app-090723-dev-0-private-1-eu-west-3b",
              "appid": "aft-app-090723",
              "environment": "dev",
              "stla_lz": "true",
              "subnet_index": "1",
              "subnet_type": "backend"
            },
            "timeouts": null,
            "vpc_id": "vpc-062770eb66b6272f1"
          },
          "sensitive_attributes": [],
          "private": "eyJlMmJmYjczMC1lY2FhLTExZTYtOGY4OC0zNDM2M2JjN2M0YzAiOnsiY3JlYXRlIjo2MDAwMDAwMDAwMDAsImRlbGV0ZSI6MTIwMDAwMDAwMDAwMH0sInNjaGVtYV92ZXJzaW9uIjoiMSJ9",
          "dependencies": [
            "data.aws_caller_identity.current",
            "module.baseline.data.aws_availability_zones.all",
            "module.baseline.data.aws_ssm_parameters_by_path.app_vars",
            "module.baseline.data.aws_ssm_parameters_by_path.legacy_app_vars",
            "module.baseline.module.standalone.aws_vpc_endpoint_service_allowed_principal.firewall",
            "module.baseline.module.standalone.data.aws_caller_identity.app",
            "module.baseline.module.standalone.data.aws_vpc_endpoint_service.firewall",
            "module.baseline.module.standalone.module.vpc.aws_vpc.standalone"
          ]
        }
      ]
    },
    {
      "module": "module.baseline.module.standalone[0].module.vpc[0]",
      "mode": "managed",
      "type": "aws_subnet",
      "name": "public",
      "provider": "provider[\"registry.terraform.io/hashicorp/aws\"].app",
      "instances": [
        {
          "index_key": "eu-west-3a",
          "schema_version": 1,
          "attributes": {
            "arn": "arn:aws:ec2:eu-west-3:006549249964:subnet/subnet-0eeac4afefc75905e",
            "assign_ipv6_address_on_creation": false,
            "availability_zone": "eu-west-3a",
            "availability_zone_id": "euw3-az1",
            "cidr_block": "192.168.0.0/24",
            "customer_owned_ipv4_pool": "",
            "enable_dns64": false,
            "enable_resource_name_dns_a_record_on_launch": false,
            "enable_resource_name_dns_aaaa_record_on_launch": false,
            "id": "subnet-0eeac4afefc75905e",
            "ipv6_cidr_block": "",
            "ipv6_cidr_block_association_id": "",
            "ipv6_native": false,
            "map_customer_owned_ip_on_launch": false,
            "map_public_ip_on_launch": false,
            "outpost_arn": "",
            "owner_id": "006549249964",
            "private_dns_hostname_type_on_launch": "ip-name",
            "tags": {
              "Name": "sn-np-aft-app-090723-dev-0-public-eu-west-3a",
              "subnet_type": "frontend"
            },
            "tags_all": {
              "Name": "sn-np-aft-app-090723-dev-0-public-eu-west-3a",
              "appid": "aft-app-090723",
              "environment": "dev",
              "stla_lz": "true",
              "subnet_type": "frontend"
            },
            "timeouts": null,
            "vpc_id": "vpc-062770eb66b6272f1"
          },
          "sensitive_attributes": [],
          "private": "eyJlMmJmYjczMC1lY2FhLTExZTYtOGY4OC0zNDM2M2JjN2M0YzAiOnsiY3JlYXRlIjo2MDAwMDAwMDAwMDAsImRlbGV0ZSI6MTIwMDAwMDAwMDAwMH0sInNjaGVtYV92ZXJzaW9uIjoiMSJ9",
          "dependencies": [
            "data.aws_caller_identity.current",
            "module.baseline.data.aws_availability_zones.all",
            "module.baseline.data.aws_ssm_parameters_by_path.app_vars",
            "module.baseline.data.aws_ssm_parameters_by_path.legacy_app_vars",
            "module.baseline.module.standalone.aws_vpc_endpoint_service_allowed_principal.firewall",
            "module.baseline.module.standalone.data.aws_caller_identity.app",
            "module.baseline.module.standalone.data.aws_vpc_endpoint_service.firewall",
            "module.baseline.module.standalone.module.vpc.aws_vpc.standalone"
          ]
        },
        {
          "index_key": "eu-west-3b",
          "schema_version": 1,
          "attributes": {
            "arn": "arn:aws:ec2:eu-west-3:006549249964:subnet/subnet-05a4201da3e30884d",
            "assign_ipv6_address_on_creation": false,
            "availability_zone": "eu-west-3b",
            "availability_zone_id": "euw3-az2",
            "cidr_block": "192.168.1.0/24",
            "customer_owned_ipv4_pool": "",
            "enable_dns64": false,
            "enable_resource_name_dns_a_record_on_launch": false,
            "enable_resource_name_dns_aaaa_record_on_launch": false,
            "id": "subnet-05a4201da3e30884d",
            "ipv6_cidr_block": "",
            "ipv6_cidr_block_association_id": "",
            "ipv6_native": false,
            "map_customer_owned_ip_on_launch": false,
            "map_public_ip_on_launch": false,
            "outpost_arn": "",
            "owner_id": "006549249964",
            "private_dns_hostname_type_on_launch": "ip-name",
            "tags": {
              "Name": "sn-np-aft-app-090723-dev-0-public-eu-west-3b",
              "subnet_type": "frontend"
            },
            "tags_all": {
              "Name": "sn-np-aft-app-090723-dev-0-public-eu-west-3b",
              "appid": "aft-app-090723",
              "environment": "dev",
              "stla_lz": "true",
              "subnet_type": "frontend"
            },
            "timeouts": null,
            "vpc_id": "vpc-062770eb66b6272f1"
          },
          "sensitive_attributes": [],
          "private": "eyJlMmJmYjczMC1lY2FhLTExZTYtOGY4OC0zNDM2M2JjN2M0YzAiOnsiY3JlYXRlIjo2MDAwMDAwMDAwMDAsImRlbGV0ZSI6MTIwMDAwMDAwMDAwMH0sInNjaGVtYV92ZXJzaW9uIjoiMSJ9",
          "dependencies": [
            "data.aws_caller_identity.current",
            "module.baseline.data.aws_availability_zones.all",
            "module.baseline.data.aws_ssm_parameters_by_path.app_vars",
            "module.baseline.data.aws_ssm_parameters_by_path.legacy_app_vars",
            "module.baseline.module.standalone.aws_vpc_endpoint_service_allowed_principal.firewall",
            "module.baseline.module.standalone.data.aws_caller_identity.app",
            "module.baseline.module.standalone.data.aws_vpc_endpoint_service.firewall",
            "module.baseline.module.standalone.module.vpc.aws_vpc.standalone"
          ]
        }
      ]
    },
    {
      "module": "module.baseline.module.standalone[0].module.vpc[0]",
      "mode": "managed",
      "type": "aws_vpc",
      "name": "standalone",
      "provider": "provider[\"registry.terraform.io/hashicorp/aws\"].app",
      "instances": [
        {
          "schema_version": 1,
          "attributes": {
            "arn": "arn:aws:ec2:eu-west-3:006549249964:vpc/vpc-062770eb66b6272f1",
            "assign_generated_ipv6_cidr_block": false,
            "cidr_block": "192.168.0.0/19",
            "default_network_acl_id": "acl-008178023d43b8593",
            "default_route_table_id": "rtb-03996017eb52de7f1",
            "default_security_group_id": "sg-023557306e138de78",
            "dhcp_options_id": "dopt-04cddf7c34c3e1ebf",
            "enable_classiclink": false,
            "enable_classiclink_dns_support": false,
            "enable_dns_hostnames": true,
            "enable_dns_support": true,
            "enable_network_address_usage_metrics": false,
            "id": "vpc-062770eb66b6272f1",
            "instance_tenancy": "default",
            "ipv4_ipam_pool_id": null,
            "ipv4_netmask_length": null,
            "ipv6_association_id": "",
            "ipv6_cidr_block": "",
            "ipv6_cidr_block_network_border_group": "",
            "ipv6_ipam_pool_id": "",
            "ipv6_netmask_length": 0,
            "main_route_table_id": "rtb-03996017eb52de7f1",
            "owner_id": "006549249964",
            "tags": {
              "Name": "vpc-np-aft-app-090723-dev-0"
            },
            "tags_all": {
              "Name": "vpc-np-aft-app-090723-dev-0",
              "appid": "aft-app-090723",
              "environment": "dev",
              "stla_lz": "true"
            }
          },
          "sensitive_attributes": [],
          "private": "eyJzY2hlbWFfdmVyc2lvbiI6IjEifQ==",
          "dependencies": [
            "data.aws_caller_identity.current",
            "module.baseline.data.aws_ssm_parameters_by_path.app_vars",
            "module.baseline.data.aws_ssm_parameters_by_path.legacy_app_vars",
            "module.baseline.module.standalone.aws_vpc_endpoint_service_allowed_principal.firewall",
            "module.baseline.module.standalone.data.aws_caller_identity.app",
            "module.baseline.module.standalone.data.aws_vpc_endpoint_service.firewall"
          ]
        }
      ]
    },
    {
      "module": "module.baseline.module.standalone[0].module.vpc[0]",
      "mode": "managed",
      "type": "aws_vpc_endpoint",
      "name": "aws",
      "provider": "provider[\"registry.terraform.io/hashicorp/aws\"].app",
      "instances": [
        {
          "index_key": "events",
          "schema_version": 0,
          "attributes": {
            "arn": "arn:aws:ec2:eu-west-3:006549249964:vpc-endpoint/vpce-035b5260322070c8e",
            "auto_accept": null,
            "cidr_blocks": [],
            "dns_entry": [],
            "dns_options": [
              {
                "dns_record_ip_type": "ipv4"
              }
            ],
            "id": "vpce-035b5260322070c8e",
            "ip_address_type": "ipv4",
            "network_interface_ids": [],
            "owner_id": "006549249964",
            "policy": "{\"Statement\":[{\"Action\":\"*\",\"Effect\":\"Allow\",\"Principal\":\"*\",\"Resource\":\"*\"}]}",
            "prefix_list_id": null,
            "private_dns_enabled": true,
            "requester_managed": false,
            "route_table_ids": [],
            "security_group_ids": [
              "sg-023557306e138de78"
            ],
            "service_name": "com.amazonaws.eu-west-3.events",
            "state": "available",
            "subnet_ids": [],
            "tags": {
              "Name": "ep-np-aft-app-090723-dev-0-events"
            },
            "tags_all": {
              "Name": "ep-np-aft-app-090723-dev-0-events",
              "appid": "aft-app-090723",
              "environment": "dev",
              "stla_lz": "true"
            },
            "timeouts": null,
            "vpc_endpoint_type": "Interface",
            "vpc_id": "vpc-062770eb66b6272f1"
          },
          "sensitive_attributes": [],
          "private": "eyJlMmJmYjczMC1lY2FhLTExZTYtOGY4OC0zNDM2M2JjN2M0YzAiOnsiY3JlYXRlIjo2MDAwMDAwMDAwMDAsImRlbGV0ZSI6NjAwMDAwMDAwMDAwLCJ1cGRhdGUiOjYwMDAwMDAwMDAwMH19",
          "dependencies": [
            "data.aws_caller_identity.current",
            "module.baseline.data.aws_ssm_parameters_by_path.app_vars",
            "module.baseline.data.aws_ssm_parameters_by_path.legacy_app_vars",
            "module.baseline.module.standalone.aws_vpc_endpoint_service_allowed_principal.firewall",
            "module.baseline.module.standalone.data.aws_caller_identity.app",
            "module.baseline.module.standalone.data.aws_vpc_endpoint_service.firewall",
            "module.baseline.module.standalone.module.vpc.aws_vpc.standalone",
            "module.baseline.module.standalone.module.vpc.data.aws_region.current"
          ]
        },
        {
          "index_key": "logs",
          "schema_version": 0,
          "attributes": {
            "arn": "arn:aws:ec2:eu-west-3:006549249964:vpc-endpoint/vpce-01d1dac45e668c9cf",
            "auto_accept": null,
            "cidr_blocks": [],
            "dns_entry": [],
            "dns_options": [
              {
                "dns_record_ip_type": "ipv4"
              }
            ],
            "id": "vpce-01d1dac45e668c9cf",
            "ip_address_type": "ipv4",
            "network_interface_ids": [],
            "owner_id": "006549249964",
            "policy": "{\"Statement\":[{\"Action\":\"*\",\"Effect\":\"Allow\",\"Principal\":\"*\",\"Resource\":\"*\"}]}",
            "prefix_list_id": null,
            "private_dns_enabled": true,
            "requester_managed": false,
            "route_table_ids": [],
            "security_group_ids": [
              "sg-023557306e138de78"
            ],
            "service_name": "com.amazonaws.eu-west-3.logs",
            "state": "available",
            "subnet_ids": [],
            "tags": {
              "Name": "ep-np-aft-app-090723-dev-0-logs"
            },
            "tags_all": {
              "Name": "ep-np-aft-app-090723-dev-0-logs",
              "appid": "aft-app-090723",
              "environment": "dev",
              "stla_lz": "true"
            },
            "timeouts": null,
            "vpc_endpoint_type": "Interface",
            "vpc_id": "vpc-062770eb66b6272f1"
          },
          "sensitive_attributes": [],
          "private": "eyJlMmJmYjczMC1lY2FhLTExZTYtOGY4OC0zNDM2M2JjN2M0YzAiOnsiY3JlYXRlIjo2MDAwMDAwMDAwMDAsImRlbGV0ZSI6NjAwMDAwMDAwMDAwLCJ1cGRhdGUiOjYwMDAwMDAwMDAwMH19",
          "dependencies": [
            "data.aws_caller_identity.current",
            "module.baseline.data.aws_ssm_parameters_by_path.app_vars",
            "module.baseline.data.aws_ssm_parameters_by_path.legacy_app_vars",
            "module.baseline.module.standalone.aws_vpc_endpoint_service_allowed_principal.firewall",
            "module.baseline.module.standalone.data.aws_caller_identity.app",
            "module.baseline.module.standalone.data.aws_vpc_endpoint_service.firewall",
            "module.baseline.module.standalone.module.vpc.aws_vpc.standalone",
            "module.baseline.module.standalone.module.vpc.data.aws_region.current"
          ]
        },
        {
          "index_key": "monitoring",
          "schema_version": 0,
          "attributes": {
            "arn": "arn:aws:ec2:eu-west-3:006549249964:vpc-endpoint/vpce-0a17fdcd2c03f1807",
            "auto_accept": null,
            "cidr_blocks": [],
            "dns_entry": [],
            "dns_options": [
              {
                "dns_record_ip_type": "ipv4"
              }
            ],
            "id": "vpce-0a17fdcd2c03f1807",
            "ip_address_type": "ipv4",
            "network_interface_ids": [],
            "owner_id": "006549249964",
            "policy": "{\"Statement\":[{\"Action\":\"*\",\"Effect\":\"Allow\",\"Principal\":\"*\",\"Resource\":\"*\"}]}",
            "prefix_list_id": null,
            "private_dns_enabled": true,
            "requester_managed": false,
            "route_table_ids": [],
            "security_group_ids": [
              "sg-023557306e138de78"
            ],
            "service_name": "com.amazonaws.eu-west-3.monitoring",
            "state": "available",
            "subnet_ids": [],
            "tags": {
              "Name": "ep-np-aft-app-090723-dev-0-monitoring"
            },
            "tags_all": {
              "Name": "ep-np-aft-app-090723-dev-0-monitoring",
              "appid": "aft-app-090723",
              "environment": "dev",
              "stla_lz": "true"
            },
            "timeouts": null,
            "vpc_endpoint_type": "Interface",
            "vpc_id": "vpc-062770eb66b6272f1"
          },
          "sensitive_attributes": [],
          "private": "eyJlMmJmYjczMC1lY2FhLTExZTYtOGY4OC0zNDM2M2JjN2M0YzAiOnsiY3JlYXRlIjo2MDAwMDAwMDAwMDAsImRlbGV0ZSI6NjAwMDAwMDAwMDAwLCJ1cGRhdGUiOjYwMDAwMDAwMDAwMH19",
          "dependencies": [
            "data.aws_caller_identity.current",
            "module.baseline.data.aws_ssm_parameters_by_path.app_vars",
            "module.baseline.data.aws_ssm_parameters_by_path.legacy_app_vars",
            "module.baseline.module.standalone.aws_vpc_endpoint_service_allowed_principal.firewall",
            "module.baseline.module.standalone.data.aws_caller_identity.app",
            "module.baseline.module.standalone.data.aws_vpc_endpoint_service.firewall",
            "module.baseline.module.standalone.module.vpc.aws_vpc.standalone",
            "module.baseline.module.standalone.module.vpc.data.aws_region.current"
          ]
        }
      ]
    },
    {
      "module": "module.baseline.module.standalone[0].module.vpc[0]",
      "mode": "managed",
      "type": "aws_vpc_endpoint",
      "name": "fw_endpoint",
      "provider": "provider[\"registry.terraform.io/hashicorp/aws\"].app",
      "instances": [
        {
          "index_key": "eu-west-3a",
          "schema_version": 0,
          "attributes": {
            "arn": "arn:aws:ec2:eu-west-3:006549249964:vpc-endpoint/vpce-0fbf488c3e60bdc66",
            "auto_accept": null,
            "cidr_blocks": [],
            "dns_entry": [],
            "dns_options": [],
            "id": "vpce-0fbf488c3e60bdc66",
            "ip_address_type": "ipv4",
            "network_interface_ids": [
              "eni-031b2ae624249d95e"
            ],
            "owner_id": "006549249964",
            "policy": "",
            "prefix_list_id": null,
            "private_dns_enabled": false,
            "requester_managed": false,
            "route_table_ids": [],
            "security_group_ids": [],
            "service_name": "com.amazonaws.vpce.eu-west-3.vpce-svc-04ff01d417265db22",
            "state": "available",
            "subnet_ids": [
              "subnet-0940b9ff42d6246c5"
            ],
            "tags": {
              "Name": "ep-np-aft-app-090723-dev-0-fw-eu-west-3a"
            },
            "tags_all": {
              "Name": "ep-np-aft-app-090723-dev-0-fw-eu-west-3a",
              "appid": "aft-app-090723",
              "environment": "dev",
              "stla_lz": "true"
            },
            "timeouts": null,
            "vpc_endpoint_type": "GatewayLoadBalancer",
            "vpc_id": "vpc-062770eb66b6272f1"
          },
          "sensitive_attributes": [],
          "private": "eyJlMmJmYjczMC1lY2FhLTExZTYtOGY4OC0zNDM2M2JjN2M0YzAiOnsiY3JlYXRlIjo2MDAwMDAwMDAwMDAsImRlbGV0ZSI6NjAwMDAwMDAwMDAwLCJ1cGRhdGUiOjYwMDAwMDAwMDAwMH19",
          "dependencies": [
            "data.aws_caller_identity.current",
            "module.baseline.data.aws_availability_zones.all",
            "module.baseline.data.aws_ssm_parameters_by_path.app_vars",
            "module.baseline.data.aws_ssm_parameters_by_path.deploy_core_vars",
            "module.baseline.data.aws_ssm_parameters_by_path.deploy_vars",
            "module.baseline.data.aws_ssm_parameters_by_path.legacy_app_vars",
            "module.baseline.module.standalone.aws_vpc_endpoint_service_allowed_principal.firewall",
            "module.baseline.module.standalone.data.aws_caller_identity.app",
            "module.baseline.module.standalone.data.aws_vpc_endpoint_service.firewall",
            "module.baseline.module.standalone.module.vpc.aws_subnet.firewall",
            "module.baseline.module.standalone.module.vpc.aws_vpc.standalone"
          ]
        },
        {
          "index_key": "eu-west-3b",
          "schema_version": 0,
          "attributes": {
            "arn": "arn:aws:ec2:eu-west-3:006549249964:vpc-endpoint/vpce-00019ee89c26cc354",
            "auto_accept": null,
            "cidr_blocks": [],
            "dns_entry": [],
            "dns_options": [],
            "id": "vpce-00019ee89c26cc354",
            "ip_address_type": "ipv4",
            "network_interface_ids": [
              "eni-08f7902ef41bc005e"
            ],
            "owner_id": "006549249964",
            "policy": "",
            "prefix_list_id": null,
            "private_dns_enabled": false,
            "requester_managed": false,
            "route_table_ids": [],
            "security_group_ids": [],
            "service_name": "com.amazonaws.vpce.eu-west-3.vpce-svc-04ff01d417265db22",
            "state": "available",
            "subnet_ids": [
              "subnet-058ee34d47eed86f7"
            ],
            "tags": {
              "Name": "ep-np-aft-app-090723-dev-0-fw-eu-west-3b"
            },
            "tags_all": {
              "Name": "ep-np-aft-app-090723-dev-0-fw-eu-west-3b",
              "appid": "aft-app-090723",
              "environment": "dev",
              "stla_lz": "true"
            },
            "timeouts": null,
            "vpc_endpoint_type": "GatewayLoadBalancer",
            "vpc_id": "vpc-062770eb66b6272f1"
          },
          "sensitive_attributes": [],
          "private": "eyJlMmJmYjczMC1lY2FhLTExZTYtOGY4OC0zNDM2M2JjN2M0YzAiOnsiY3JlYXRlIjo2MDAwMDAwMDAwMDAsImRlbGV0ZSI6NjAwMDAwMDAwMDAwLCJ1cGRhdGUiOjYwMDAwMDAwMDAwMH19",
          "dependencies": [
            "data.aws_caller_identity.current",
            "module.baseline.data.aws_availability_zones.all",
            "module.baseline.data.aws_ssm_parameters_by_path.app_vars",
            "module.baseline.data.aws_ssm_parameters_by_path.deploy_core_vars",
            "module.baseline.data.aws_ssm_parameters_by_path.deploy_vars",
            "module.baseline.data.aws_ssm_parameters_by_path.legacy_app_vars",
            "module.baseline.module.standalone.aws_vpc_endpoint_service_allowed_principal.firewall",
            "module.baseline.module.standalone.data.aws_caller_identity.app",
            "module.baseline.module.standalone.data.aws_vpc_endpoint_service.firewall",
            "module.baseline.module.standalone.module.vpc.aws_subnet.firewall",
            "module.baseline.module.standalone.module.vpc.aws_vpc.standalone"
          ]
        }
      ]
    },
    {
      "module": "module.baseline.module.standalone[0].module.vpc[0]",
      "mode": "managed",
      "type": "aws_vpc_endpoint_security_group_association",
      "name": "aws_sg",
      "provider": "provider[\"registry.terraform.io/hashicorp/aws\"].app",
      "instances": [
        {
          "index_key": "events",
          "schema_version": 0,
          "attributes": {
            "id": "a-vpce-035b5260322070c8e740963736",
            "replace_default_association": true,
            "security_group_id": "sg-053c2194615f58d7a",
            "vpc_endpoint_id": "vpce-035b5260322070c8e"
          },
          "sensitive_attributes": [],
          "private": "bnVsbA==",
          "dependencies": [
            "data.aws_caller_identity.current",
            "module.baseline.data.aws_ssm_parameters_by_path.app_vars",
            "module.baseline.data.aws_ssm_parameters_by_path.legacy_app_vars",
            "module.baseline.module.standalone.aws_vpc_endpoint_service_allowed_principal.firewall",
            "module.baseline.module.standalone.data.aws_caller_identity.app",
            "module.baseline.module.standalone.data.aws_vpc_endpoint_service.firewall",
            "module.baseline.module.standalone.module.vpc.aws_security_group.allow_tls",
            "module.baseline.module.standalone.module.vpc.aws_vpc.standalone",
            "module.baseline.module.standalone.module.vpc.aws_vpc_endpoint.aws",
            "module.baseline.module.standalone.module.vpc.data.aws_region.current"
          ]
        },
        {
          "index_key": "logs",
          "schema_version": 0,
          "attributes": {
            "id": "a-vpce-01d1dac45e668c9cf740963736",
            "replace_default_association": true,
            "security_group_id": "sg-053c2194615f58d7a",
            "vpc_endpoint_id": "vpce-01d1dac45e668c9cf"
          },
          "sensitive_attributes": [],
          "private": "bnVsbA==",
          "dependencies": [
            "data.aws_caller_identity.current",
            "module.baseline.data.aws_ssm_parameters_by_path.app_vars",
            "module.baseline.data.aws_ssm_parameters_by_path.legacy_app_vars",
            "module.baseline.module.standalone.aws_vpc_endpoint_service_allowed_principal.firewall",
            "module.baseline.module.standalone.data.aws_caller_identity.app",
            "module.baseline.module.standalone.data.aws_vpc_endpoint_service.firewall",
            "module.baseline.module.standalone.module.vpc.aws_security_group.allow_tls",
            "module.baseline.module.standalone.module.vpc.aws_vpc.standalone",
            "module.baseline.module.standalone.module.vpc.aws_vpc_endpoint.aws",
            "module.baseline.module.standalone.module.vpc.data.aws_region.current"
          ]
        },
        {
          "index_key": "monitoring",
          "schema_version": 0,
          "attributes": {
            "id": "a-vpce-0a17fdcd2c03f1807740963736",
            "replace_default_association": true,
            "security_group_id": "sg-053c2194615f58d7a",
            "vpc_endpoint_id": "vpce-0a17fdcd2c03f1807"
          },
          "sensitive_attributes": [],
          "private": "bnVsbA==",
          "dependencies": [
            "data.aws_caller_identity.current",
            "module.baseline.data.aws_ssm_parameters_by_path.app_vars",
            "module.baseline.data.aws_ssm_parameters_by_path.legacy_app_vars",
            "module.baseline.module.standalone.aws_vpc_endpoint_service_allowed_principal.firewall",
            "module.baseline.module.standalone.data.aws_caller_identity.app",
            "module.baseline.module.standalone.data.aws_vpc_endpoint_service.firewall",
            "module.baseline.module.standalone.module.vpc.aws_security_group.allow_tls",
            "module.baseline.module.standalone.module.vpc.aws_vpc.standalone",
            "module.baseline.module.standalone.module.vpc.aws_vpc_endpoint.aws",
            "module.baseline.module.standalone.module.vpc.data.aws_region.current"
          ]
        }
      ]
    },
    {
      "module": "module.baseline.module.standalone[0].module.vpc[0]",
      "mode": "managed",
      "type": "aws_vpc_endpoint_subnet_association",
      "name": "aws_sn",
      "provider": "provider[\"registry.terraform.io/hashicorp/aws\"].app",
      "instances": [
        {
          "index_key": "events_eu-west-3a",
          "schema_version": 0,
          "attributes": {
            "id": "a-vpce-035b5260322070c8e1320041823",
            "subnet_id": "subnet-063070b121a24d11d",
            "timeouts": null,
            "vpc_endpoint_id": "vpce-035b5260322070c8e"
          },
          "sensitive_attributes": [],
          "private": "eyJlMmJmYjczMC1lY2FhLTExZTYtOGY4OC0zNDM2M2JjN2M0YzAiOnsiY3JlYXRlIjo2MDAwMDAwMDAwMDAsImRlbGV0ZSI6NjAwMDAwMDAwMDAwfX0=",
          "dependencies": [
            "data.aws_caller_identity.current",
            "module.baseline.data.aws_availability_zones.all",
            "module.baseline.data.aws_ssm_parameters_by_path.app_vars",
            "module.baseline.data.aws_ssm_parameters_by_path.legacy_app_vars",
            "module.baseline.module.standalone.aws_vpc_endpoint_service_allowed_principal.firewall",
            "module.baseline.module.standalone.data.aws_caller_identity.app",
            "module.baseline.module.standalone.data.aws_vpc_endpoint_service.firewall",
            "module.baseline.module.standalone.module.vpc.aws_subnet.private",
            "module.baseline.module.standalone.module.vpc.aws_vpc.standalone",
            "module.baseline.module.standalone.module.vpc.aws_vpc_endpoint.aws",
            "module.baseline.module.standalone.module.vpc.data.aws_region.current"
          ]
        },
        {
          "index_key": "events_eu-west-3b",
          "schema_version": 0,
          "attributes": {
            "id": "a-vpce-035b5260322070c8e217566159",
            "subnet_id": "subnet-0cc02ba705e5928c3",
            "timeouts": null,
            "vpc_endpoint_id": "vpce-035b5260322070c8e"
          },
          "sensitive_attributes": [],
          "private": "eyJlMmJmYjczMC1lY2FhLTExZTYtOGY4OC0zNDM2M2JjN2M0YzAiOnsiY3JlYXRlIjo2MDAwMDAwMDAwMDAsImRlbGV0ZSI6NjAwMDAwMDAwMDAwfX0=",
          "dependencies": [
            "data.aws_caller_identity.current",
            "module.baseline.data.aws_availability_zones.all",
            "module.baseline.data.aws_ssm_parameters_by_path.app_vars",
            "module.baseline.data.aws_ssm_parameters_by_path.legacy_app_vars",
            "module.baseline.module.standalone.aws_vpc_endpoint_service_allowed_principal.firewall",
            "module.baseline.module.standalone.data.aws_caller_identity.app",
            "module.baseline.module.standalone.data.aws_vpc_endpoint_service.firewall",
            "module.baseline.module.standalone.module.vpc.aws_subnet.private",
            "module.baseline.module.standalone.module.vpc.aws_vpc.standalone",
            "module.baseline.module.standalone.module.vpc.aws_vpc_endpoint.aws",
            "module.baseline.module.standalone.module.vpc.data.aws_region.current"
          ]
        },
        {
          "index_key": "logs_eu-west-3a",
          "schema_version": 0,
          "attributes": {
            "id": "a-vpce-01d1dac45e668c9cf1320041823",
            "subnet_id": "subnet-063070b121a24d11d",
            "timeouts": null,
            "vpc_endpoint_id": "vpce-01d1dac45e668c9cf"
          },
          "sensitive_attributes": [],
          "private": "eyJlMmJmYjczMC1lY2FhLTExZTYtOGY4OC0zNDM2M2JjN2M0YzAiOnsiY3JlYXRlIjo2MDAwMDAwMDAwMDAsImRlbGV0ZSI6NjAwMDAwMDAwMDAwfX0=",
          "dependencies": [
            "data.aws_caller_identity.current",
            "module.baseline.data.aws_availability_zones.all",
            "module.baseline.data.aws_ssm_parameters_by_path.app_vars",
            "module.baseline.data.aws_ssm_parameters_by_path.legacy_app_vars",
            "module.baseline.module.standalone.aws_vpc_endpoint_service_allowed_principal.firewall",
            "module.baseline.module.standalone.data.aws_caller_identity.app",
            "module.baseline.module.standalone.data.aws_vpc_endpoint_service.firewall",
            "module.baseline.module.standalone.module.vpc.aws_subnet.private",
            "module.baseline.module.standalone.module.vpc.aws_vpc.standalone",
            "module.baseline.module.standalone.module.vpc.aws_vpc_endpoint.aws",
            "module.baseline.module.standalone.module.vpc.data.aws_region.current"
          ]
        },
        {
          "index_key": "logs_eu-west-3b",
          "schema_version": 0,
          "attributes": {
            "id": "a-vpce-01d1dac45e668c9cf217566159",
            "subnet_id": "subnet-0cc02ba705e5928c3",
            "timeouts": null,
            "vpc_endpoint_id": "vpce-01d1dac45e668c9cf"
          },
          "sensitive_attributes": [],
          "private": "eyJlMmJmYjczMC1lY2FhLTExZTYtOGY4OC0zNDM2M2JjN2M0YzAiOnsiY3JlYXRlIjo2MDAwMDAwMDAwMDAsImRlbGV0ZSI6NjAwMDAwMDAwMDAwfX0=",
          "dependencies": [
            "data.aws_caller_identity.current",
            "module.baseline.data.aws_availability_zones.all",
            "module.baseline.data.aws_ssm_parameters_by_path.app_vars",
            "module.baseline.data.aws_ssm_parameters_by_path.legacy_app_vars",
            "module.baseline.module.standalone.aws_vpc_endpoint_service_allowed_principal.firewall",
            "module.baseline.module.standalone.data.aws_caller_identity.app",
            "module.baseline.module.standalone.data.aws_vpc_endpoint_service.firewall",
            "module.baseline.module.standalone.module.vpc.aws_subnet.private",
            "module.baseline.module.standalone.module.vpc.aws_vpc.standalone",
            "module.baseline.module.standalone.module.vpc.aws_vpc_endpoint.aws",
            "module.baseline.module.standalone.module.vpc.data.aws_region.current"
          ]
        },
        {
          "index_key": "monitoring_eu-west-3a",
          "schema_version": 0,
          "attributes": {
            "id": "a-vpce-0a17fdcd2c03f18071320041823",
            "subnet_id": "subnet-063070b121a24d11d",
            "timeouts": null,
            "vpc_endpoint_id": "vpce-0a17fdcd2c03f1807"
          },
          "sensitive_attributes": [],
          "private": "eyJlMmJmYjczMC1lY2FhLTExZTYtOGY4OC0zNDM2M2JjN2M0YzAiOnsiY3JlYXRlIjo2MDAwMDAwMDAwMDAsImRlbGV0ZSI6NjAwMDAwMDAwMDAwfX0=",
          "dependencies": [
            "data.aws_caller_identity.current",
            "module.baseline.data.aws_availability_zones.all",
            "module.baseline.data.aws_ssm_parameters_by_path.app_vars",
            "module.baseline.data.aws_ssm_parameters_by_path.legacy_app_vars",
            "module.baseline.module.standalone.aws_vpc_endpoint_service_allowed_principal.firewall",
            "module.baseline.module.standalone.data.aws_caller_identity.app",
            "module.baseline.module.standalone.data.aws_vpc_endpoint_service.firewall",
            "module.baseline.module.standalone.module.vpc.aws_subnet.private",
            "module.baseline.module.standalone.module.vpc.aws_vpc.standalone",
            "module.baseline.module.standalone.module.vpc.aws_vpc_endpoint.aws",
            "module.baseline.module.standalone.module.vpc.data.aws_region.current"
          ]
        },
        {
          "index_key": "monitoring_eu-west-3b",
          "schema_version": 0,
          "attributes": {
            "id": "a-vpce-0a17fdcd2c03f1807217566159",
            "subnet_id": "subnet-0cc02ba705e5928c3",
            "timeouts": null,
            "vpc_endpoint_id": "vpce-0a17fdcd2c03f1807"
          },
          "sensitive_attributes": [],
          "private": "eyJlMmJmYjczMC1lY2FhLTExZTYtOGY4OC0zNDM2M2JjN2M0YzAiOnsiY3JlYXRlIjo2MDAwMDAwMDAwMDAsImRlbGV0ZSI6NjAwMDAwMDAwMDAwfX0=",
          "dependencies": [
            "data.aws_caller_identity.current",
            "module.baseline.data.aws_availability_zones.all",
            "module.baseline.data.aws_ssm_parameters_by_path.app_vars",
            "module.baseline.data.aws_ssm_parameters_by_path.legacy_app_vars",
            "module.baseline.module.standalone.aws_vpc_endpoint_service_allowed_principal.firewall",
            "module.baseline.module.standalone.data.aws_caller_identity.app",
            "module.baseline.module.standalone.data.aws_vpc_endpoint_service.firewall",
            "module.baseline.module.standalone.module.vpc.aws_subnet.private",
            "module.baseline.module.standalone.module.vpc.aws_vpc.standalone",
            "module.baseline.module.standalone.module.vpc.aws_vpc_endpoint.aws",
            "module.baseline.module.standalone.module.vpc.data.aws_region.current"
          ]
        }
      ]
    }
  ]
}
